
Microsoft Visual Studio Solution File, Format Version 12.00
# Visual Studio 15
VisualStudioVersion = 15.0.26124.0
MinimumVisualStudioVersion = 15.0.26124.0
Project("{FAE04EC0-301F-11D3-BF4B-00C04F79EFBC}") = "Penguin.Cms.Modules.Security.Local", "Penguin.Cms.Modules.Security.Local.csproj", "{5765321E-92DC-4733-B34A-A4B66FD02502}"
EndProject
Project("{FAE04EC0-301F-11D3-BF4B-00C04F79EFBC}") = "Penguin.Authentication.OWA.Local", "..\Penguin.Authentication.OWA\Penguin.Authentication.OWA.Local.csproj", "{480FD172-690F-4B9C-BD62-3BE175C69DAA}"
EndProject
Project("{FAE04EC0-301F-11D3-BF4B-00C04F79EFBC}") = "Penguin.Security.Local", "..\Penguin.Security\Penguin.Security.Local.csproj", "{9D0456B9-8BAB-40E0-A856-567FB6544C2F}"
EndProject
Project("{FAE04EC0-301F-11D3-BF4B-00C04F79EFBC}") = "Penguin.Web.Configuration.Local", "..\Penguin.Web.Configuration\Penguin.Web.Configuration.Local.csproj", "{7C942118-FC08-44BD-8A11-3F9E190B89AB}"
EndProject
Project("{FAE04EC0-301F-11D3-BF4B-00C04F79EFBC}") = "Penguin.Configuration.Abstractions.Local", "..\Penguin.Configuration.Abstractions\Penguin.Configuration.Abstractions.Local.csproj", "{AA834C6C-FD18-4543-A673-61EF01066155}"
EndProject
Project("{FAE04EC0-301F-11D3-BF4B-00C04F79EFBC}") = "Penguin.Extensions.String.Local", "..\Penguin.Extensions.String\Penguin.Extensions.String.Local.csproj", "{AC651CB2-81A6-4EEE-BDA4-1BAA68D4C851}"
EndProject
Project("{FAE04EC0-301F-11D3-BF4B-00C04F79EFBC}") = "Penguin.Cms.Web.Security.Local", "..\Penguin.Cms.Web.Security\Penguin.Cms.Web.Security.Local.csproj", "{9163627B-FC0C-4A92-A9B7-C38F6A77AF39}"
EndProject
Project("{FAE04EC0-301F-11D3-BF4B-00C04F79EFBC}") = "Penguin.Messaging.Persistence.Local", "..\Penguin.Messaging.Persistence\Penguin.Messaging.Persistence.Local.csproj", "{28531C40-5E3E-4DCF-8DE8-EB3A0E7C1694}"
EndProject
Project("{FAE04EC0-301F-11D3-BF4B-00C04F79EFBC}") = "Penguin.Messaging.Abstractions.Local", "..\Penguin.Messaging.Abstractions\Penguin.Messaging.Abstractions.Local.csproj", "{90A31645-A022-412F-AC6B-F70AED5F9B01}"
EndProject
Project("{FAE04EC0-301F-11D3-BF4B-00C04F79EFBC}") = "Penguin.Web.Extensions.Local", "..\Penguin.Web.Extensions\Penguin.Web.Extensions.Local.csproj", "{C5BBBB13-2379-4485-97FB-5203E37CFC0D}"
EndProject
Project("{FAE04EC0-301F-11D3-BF4B-00C04F79EFBC}") = "Penguin.Extensions.Collections.Local", "..\Penguin.Extensions.Collections\Penguin.Extensions.Collections.Local.csproj", "{DA1EC67C-9DF7-4CD1-A28B-DE6083E3DF39}"
EndProject
Project("{FAE04EC0-301F-11D3-BF4B-00C04F79EFBC}") = "Penguin.Reflection.Extensions.Local", "..\Penguin.Reflection.Extensions\Penguin.Reflection.Extensions.Local.csproj", "{DA1F8868-CEA0-4EB3-8C76-862D1B0461D5}"
EndProject
Project("{FAE04EC0-301F-11D3-BF4B-00C04F79EFBC}") = "Penguin.Reflection.Abstractions.Local", "..\Penguin.Reflection.Abstractions\Penguin.Reflection.Abstractions.Local.csproj", "{ADF210BD-16EA-4C6E-AD2D-0D5B45A68EF7}"
EndProject
Project("{FAE04EC0-301F-11D3-BF4B-00C04F79EFBC}") = "Penguin.Cms.Security.Local", "..\Penguin.Cms.Security\Penguin.Cms.Security.Local.csproj", "{472BF341-1A88-4A42-88EA-64C2DCDB7165}"
EndProject
Project("{FAE04EC0-301F-11D3-BF4B-00C04F79EFBC}") = "Penguin.Auditing.Abstractions.Local", "..\Penguin.Auditing.Abstractions\Penguin.Auditing.Abstractions.Local.csproj", "{216481BF-0001-49FB-8917-011BFE7CBF5B}"
EndProject
Project("{FAE04EC0-301F-11D3-BF4B-00C04F79EFBC}") = "Penguin.Cms.Email.Abstractions.Local", "..\Penguin.Cms.Email.Abstractions\Penguin.Cms.Email.Abstractions.Local.csproj", "{63815ADE-D356-44D2-9EA2-B00B9694B246}"
EndProject
Project("{FAE04EC0-301F-11D3-BF4B-00C04F79EFBC}") = "Penguin.Email.Abstractions.Local", "..\Penguin.Email.Abstractions\Penguin.Email.Abstractions.Local.csproj", "{93F0415F-7C25-40F7-B3C1-1B4F593F4BD0}"
EndProject
Project("{FAE04EC0-301F-11D3-BF4B-00C04F79EFBC}") = "Penguin.Files.Abstractions.Local", "..\Penguin.Files.Abstractions\Penguin.Files.Abstractions.Local.csproj", "{9D4A8EC0-C5B8-45BF-8463-BEC0C2E72CC7}"
EndProject
Project("{FAE04EC0-301F-11D3-BF4B-00C04F79EFBC}") = "Penguin.Email.Templating.Abstractions.Local", "..\Penguin.Email.Templating.Abstractions\Penguin.Email.Templating.Abstractions.Local.csproj", "{574868DA-F4BD-4948-9DB6-9A72F806A0C0}"
EndProject
Project("{FAE04EC0-301F-11D3-BF4B-00C04F79EFBC}") = "Penguin.Templating.Abstractions.Local", "..\Penguin.Templating.Abstractions\Penguin.Templating.Abstractions.Local.csproj", "{76D06C3D-5819-4A0F-9936-1DD80884FEDD}"
EndProject
Project("{FAE04EC0-301F-11D3-BF4B-00C04F79EFBC}") = "Penguin.Security.Abstractions.Local", "..\Penguin.Security.Abstractions\Penguin.Security.Abstractions.Local.csproj", "{42322282-F12B-49FD-83EF-5BC0B2445E17}"
EndProject
Project("{FAE04EC0-301F-11D3-BF4B-00C04F79EFBC}") = "Penguin.Cms.Abstractions.Local", "..\Penguin.Cms.Abstractions\Penguin.Cms.Abstractions.Local.csproj", "{06C5790D-3E9D-4845-AB5A-D02CA46B9148}"
EndProject
Project("{FAE04EC0-301F-11D3-BF4B-00C04F79EFBC}") = "Penguin.DependencyInjection.Abstractions.Local", "..\Penguin.DependencyInjection.Abstractions\Penguin.DependencyInjection.Abstractions.Local.csproj", "{5473E7C8-B8E3-414E-A383-F6D20A6212C9}"
EndProject
Project("{FAE04EC0-301F-11D3-BF4B-00C04F79EFBC}") = "Penguin.Persistence.Abstractions.Local", "..\Penguin.Persistence.Abstractions\Penguin.Persistence.Abstractions.Local.csproj", "{FE580F8C-3085-4554-8664-EDBE8D703D33}"
EndProject
Project("{FAE04EC0-301F-11D3-BF4B-00C04F79EFBC}") = "Penguin.Entities.Abstractions.Local", "..\Penguin.Entities.Abstractions\Penguin.Entities.Abstractions.Local.csproj", "{71FD19AF-1503-4FBA-93ED-2FD04139B9CC}"
EndProject
Project("{FAE04EC0-301F-11D3-BF4B-00C04F79EFBC}") = "Penguin.Cms.Entities.Local", "..\Penguin.Cms.Entities\Penguin.Cms.Entities.Local.csproj", "{D91A6A57-D637-44B5-89B3-91ACDFE12216}"
EndProject
Project("{FAE04EC0-301F-11D3-BF4B-00C04F79EFBC}") = "Penguin.Cms.Security.Repositories.Local", "..\Penguin.Cms.Security.Repositories\Penguin.Cms.Security.Repositories.Local.csproj", "{A6EABC46-B5FC-4D34-AAB3-34D492856ED8}"
EndProject
Project("{FAE04EC0-301F-11D3-BF4B-00C04F79EFBC}") = "Penguin.Cms.Repositories.Local", "..\Penguin.Cms.Repositories\Penguin.Cms.Repositories.Local.csproj", "{A2F1E0ED-9758-423B-B0A1-DF72455AE244}"
EndProject
Project("{FAE04EC0-301F-11D3-BF4B-00C04F79EFBC}") = "Penguin.Persistence.Repositories.Local", "..\Penguin.Persistence.Repositories\Penguin.Persistence.Repositories.Local.csproj", "{B3D704B2-7552-47C2-87B1-20B1DF83A8D0}"
EndProject
Project("{FAE04EC0-301F-11D3-BF4B-00C04F79EFBC}") = "Penguin.Messaging.Core.Local", "..\Penguin.Messaging.Core\Penguin.Messaging.Core.Local.csproj", "{8EADE4B4-87D5-4F7B-A384-D079EC3574C6}"
EndProject
Project("{FAE04EC0-301F-11D3-BF4B-00C04F79EFBC}") = "Penguin.Debugging.Local", "..\Penguin.Debugging\Penguin.Debugging.Local.csproj", "{A243948B-0F16-40E9-82BB-BC2B61B84F44}"
EndProject
Project("{FAE04EC0-301F-11D3-BF4B-00C04F79EFBC}") = "Penguin.Extensions.Exceptions.Local", "..\Penguin.Extensions.Exceptions\Penguin.Extensions.Exceptions.Local.csproj", "{577ADDD9-05DF-4EBE-AC12-A5D73D1B76B7}"
EndProject
Project("{FAE04EC0-301F-11D3-BF4B-00C04F79EFBC}") = "Penguin.Reflection.Local", "..\Penguin.Reflection\Penguin.Reflection.Local.csproj", "{6991ABDF-2B93-427F-A7F3-3D14B25B76CA}"
EndProject
Project("{FAE04EC0-301F-11D3-BF4B-00C04F79EFBC}") = "Penguin.Cms.Modules.Dynamic.Local", "..\Penguin.Cms.Modules.Dynamic\Penguin.Cms.Modules.Dynamic.Local.csproj", "{3F8B0BC1-73CC-49C0-BA03-75B12D68450D}"
EndProject
Project("{FAE04EC0-301F-11D3-BF4B-00C04F79EFBC}") = "Penguin.Json.Local", "..\Penguin.Json\Penguin.Json.Local.csproj", "{06F8CFC9-5027-4C1C-AE1A-DA25AA3F9EA1}"
EndProject
Project("{FAE04EC0-301F-11D3-BF4B-00C04F79EFBC}") = "Penguin.Json.Abstractions.Local", "..\Penguin.Json.Abstractions\Penguin.Json.Abstractions.Local.csproj", "{400C3606-BBF1-498E-9B39-A823EEED3F89}"
EndProject
Project("{FAE04EC0-301F-11D3-BF4B-00C04F79EFBC}") = "Penguin.SystemExtensions.Abstractions.Local", "..\Penguin.SystemExtensions.Abstractions\Penguin.SystemExtensions.Abstractions.Local.csproj", "{B87B767D-19A8-40A8-BB75-F7FDA91FF091}"
EndProject
Project("{FAE04EC0-301F-11D3-BF4B-00C04F79EFBC}") = "Penguin.Shared.Objects.Local", "..\Penguin.Shared.Objects\Penguin.Shared.Objects.Local.csproj", "{F30784F0-4D3F-4D91-823A-66F42BFECF0A}"
EndProject
Project("{FAE04EC0-301F-11D3-BF4B-00C04F79EFBC}") = "Penguin.Cms.Errors.Local", "..\Penguin.Cms.Errors\Penguin.Cms.Errors.Local.csproj", "{55435AE2-2610-44A8-A3D4-BFD28AB6DB00}"
EndProject
Project("{FAE04EC0-301F-11D3-BF4B-00C04F79EFBC}") = "Penguin.Web.Dynamic.Local", "..\Penguin.Web.Dynamic\Penguin.Web.Dynamic.Local.csproj", "{4EE91406-D3E3-43AA-9487-A41EDB5BE3E4}"
EndProject
Project("{FAE04EC0-301F-11D3-BF4B-00C04F79EFBC}") = "Penguin.Reflection.Serialization.Local", "..\Penguin.Reflection.Serialization\Penguin.Reflection.Serialization.Local.csproj", "{96E63929-73E5-4A90-BF5D-D9161801813D}"
EndProject
Project("{FAE04EC0-301F-11D3-BF4B-00C04F79EFBC}") = "Penguin.Reflection.Serialization.Abstractions.Local", "..\Penguin.Reflection.Serialization.Abstractions\Penguin.Reflection.Serialization.Abstractions.Local.csproj", "{1310A3AA-6E88-4336-B14B-079020F9C2B8}"
EndProject
Project("{FAE04EC0-301F-11D3-BF4B-00C04F79EFBC}") = "Penguin.Cms.Modules.Admin.Local", "..\Penguin.Cms.Modules.Admin\Penguin.Cms.Modules.Admin.Local.csproj", "{F1A73D7D-1A18-4F58-9975-C5E60FA6746D}"
EndProject
Project("{FAE04EC0-301F-11D3-BF4B-00C04F79EFBC}") = "Penguin.Web.Security.Local", "..\Penguin.Web.Security\Penguin.Web.Security.Local.csproj", "{6033808D-6284-4987-ABBF-6AFAA308B78D}"
EndProject
Project("{FAE04EC0-301F-11D3-BF4B-00C04F79EFBC}") = "Penguin.Cms.Modules.Core.Local", "..\Penguin.Cms.Modules.Core\Penguin.Cms.Modules.Core.Local.csproj", "{524322B0-BB3F-4545-9183-AD2218283D7E}"
EndProject
Project("{FAE04EC0-301F-11D3-BF4B-00C04F79EFBC}") = "Penguin.Navigation.Abstractions.Local", "..\Penguin.Navigation.Abstractions\Penguin.Navigation.Abstractions.Local.csproj", "{787EF0F3-A8BC-4B83-AA0B-2D41C3C85EBC}"
EndProject
Project("{FAE04EC0-301F-11D3-BF4B-00C04F79EFBC}") = "Penguin.Cms.Core.Local", "..\Penguin.Cms.Core\Penguin.Cms.Core.Local.csproj", "{ABA095C3-7D99-4E3D-838D-22D5B2AFAEDB}"
EndProject
Project("{FAE04EC0-301F-11D3-BF4B-00C04F79EFBC}") = "Penguin.Cms.Web.Local", "..\Penguin.Cms.Web\Penguin.Cms.Web.Local.csproj", "{10AB9817-3898-4AC4-96D7-302C71AB9191}"
EndProject
Project("{FAE04EC0-301F-11D3-BF4B-00C04F79EFBC}") = "Penguin.Messaging.Application.Local", "..\Penguin.Messaging.Application\Penguin.Messaging.Application.Local.csproj", "{C0E1BCB8-A39A-425D-AAF2-913C0D98B494}"
EndProject
Project("{FAE04EC0-301F-11D3-BF4B-00C04F79EFBC}") = "Penguin.Web.Mvc.Local", "..\Penguin.Web.Mvc\Penguin.Web.Mvc.Local.csproj", "{8B8C6316-B97C-4680-B764-35E64E86A387}"
EndProject
Project("{FAE04EC0-301F-11D3-BF4B-00C04F79EFBC}") = "Penguin.Web.Mvc.Abstractions.Local", "..\Penguin.Web.Mvc.Abstractions\Penguin.Web.Mvc.Abstractions.Local.csproj", "{F8424584-ACDE-403D-ADB3-9F5275346051}"
EndProject
Project("{FAE04EC0-301F-11D3-BF4B-00C04F79EFBC}") = "Penguin.Testing.Local", "..\Penguin.Testing\Penguin.Testing.Local.csproj", "{F769DF33-EB52-4D43-BF68-7628AA82A251}"
EndProject
Project("{FAE04EC0-301F-11D3-BF4B-00C04F79EFBC}") = "Penguin.Web.Errors.Local", "..\Penguin.Web.Errors\Penguin.Web.Errors.Local.csproj", "{37BD73DA-AE82-4DBD-A59F-001C680B09C9}"
EndProject
Project("{FAE04EC0-301F-11D3-BF4B-00C04F79EFBC}") = "Penguin.Web.Abstractions.Local", "..\Penguin.Web.Abstractions\Penguin.Web.Abstractions.Local.csproj", "{C6D3C6CF-3525-424B-A49B-55005AF4C89B}"
EndProject
Project("{FAE04EC0-301F-11D3-BF4B-00C04F79EFBC}") = "Penguin.Web.DependencyInjection.Local", "..\Penguin.Web.DependencyInjection\Penguin.Web.DependencyInjection.Local.csproj", "{1015BD5B-ADB3-4E68-B5A8-DEBB09F64A47}"
EndProject
Project("{FAE04EC0-301F-11D3-BF4B-00C04F79EFBC}") = "Penguin.Web.Testing.Local", "..\Penguin.Web.Testing\Penguin.Web.Testing.Local.csproj", "{0D230BDA-4E85-407B-9EC5-24BE6751BA35}"
EndProject
Project("{FAE04EC0-301F-11D3-BF4B-00C04F79EFBC}") = "Penguin.DependencyInjection.Local", "..\Penguin.DependencyInjection\Penguin.DependencyInjection.Local.csproj", "{C25DCF94-F046-402D-A674-A5DDA01F2A58}"
EndProject
Project("{FAE04EC0-301F-11D3-BF4B-00C04F79EFBC}") = "Penguin.Configuration.Local", "..\Penguin.Configuration\Penguin.Configuration.Local.csproj", "{69C1DCD4-2C55-45E0-B1A2-1D8194529A77}"
EndProject
Project("{FAE04EC0-301F-11D3-BF4B-00C04F79EFBC}") = "Penguin.Persistence.Database.Local", "..\Penguin.Persistence.Database\Penguin.Persistence.Database.Local.csproj", "{E81B61F4-232E-40D2-826A-46E268A7D583}"
EndProject
Project("{FAE04EC0-301F-11D3-BF4B-00C04F79EFBC}") = "Penguin.Threading.BackgroundWorker.Local", "..\Penguin.Threading.BackgroundWorker\Penguin.Threading.BackgroundWorker.Local.csproj", "{296EED85-701D-45DC-884E-56F96D3EA9C5}"
EndProject
Project("{FAE04EC0-301F-11D3-BF4B-00C04F79EFBC}") = "Penguin.Files.Local", "..\Penguin.Files\Penguin.Files.Local.csproj", "{C4BD8791-61B8-4D1B-8BBA-025D43E8D541}"
EndProject
Project("{FAE04EC0-301F-11D3-BF4B-00C04F79EFBC}") = "Penguin.Reflection.Serialization.Extensions.Local", "..\Penguin.Reflection.Serialization.Extensions\Penguin.Reflection.Serialization.Extensions.Local.csproj", "{E219E4B0-BA59-4192-9D5B-CC05A2561AFE}"
EndProject
Global
	GlobalSection(SolutionConfigurationPlatforms) = preSolution
		Debug|Any CPU = Debug|Any CPU
		Debug|x64 = Debug|x64
		Debug|x86 = Debug|x86
		Release|Any CPU = Release|Any CPU
		Release|x64 = Release|x64
		Release|x86 = Release|x86
	EndGlobalSection
	GlobalSection(SolutionProperties) = preSolution
		HideSolutionNode = FALSE
	EndGlobalSection
	GlobalSection(ProjectConfigurationPlatforms) = postSolution
		{5765321E-92DC-4733-B34A-A4B66FD02502}.Debug|Any CPU.ActiveCfg = Debug|Any CPU
		{5765321E-92DC-4733-B34A-A4B66FD02502}.Debug|Any CPU.Build.0 = Debug|Any CPU
		{5765321E-92DC-4733-B34A-A4B66FD02502}.Debug|x64.ActiveCfg = Debug|Any CPU
		{5765321E-92DC-4733-B34A-A4B66FD02502}.Debug|x64.Build.0 = Debug|Any CPU
		{5765321E-92DC-4733-B34A-A4B66FD02502}.Debug|x86.ActiveCfg = Debug|Any CPU
		{5765321E-92DC-4733-B34A-A4B66FD02502}.Debug|x86.Build.0 = Debug|Any CPU
		{5765321E-92DC-4733-B34A-A4B66FD02502}.Release|Any CPU.ActiveCfg = Release|Any CPU
		{5765321E-92DC-4733-B34A-A4B66FD02502}.Release|Any CPU.Build.0 = Release|Any CPU
		{5765321E-92DC-4733-B34A-A4B66FD02502}.Release|x64.ActiveCfg = Release|Any CPU
		{5765321E-92DC-4733-B34A-A4B66FD02502}.Release|x64.Build.0 = Release|Any CPU
		{5765321E-92DC-4733-B34A-A4B66FD02502}.Release|x86.ActiveCfg = Release|Any CPU
		{5765321E-92DC-4733-B34A-A4B66FD02502}.Release|x86.Build.0 = Release|Any CPU
		{480FD172-690F-4B9C-BD62-3BE175C69DAA}.Debug|Any CPU.ActiveCfg = Debug|Any CPU
		{480FD172-690F-4B9C-BD62-3BE175C69DAA}.Debug|Any CPU.Build.0 = Debug|Any CPU
		{480FD172-690F-4B9C-BD62-3BE175C69DAA}.Debug|x64.ActiveCfg = Debug|Any CPU
		{480FD172-690F-4B9C-BD62-3BE175C69DAA}.Debug|x64.Build.0 = Debug|Any CPU
		{480FD172-690F-4B9C-BD62-3BE175C69DAA}.Debug|x86.ActiveCfg = Debug|Any CPU
		{480FD172-690F-4B9C-BD62-3BE175C69DAA}.Debug|x86.Build.0 = Debug|Any CPU
		{480FD172-690F-4B9C-BD62-3BE175C69DAA}.Release|Any CPU.ActiveCfg = Release|Any CPU
		{480FD172-690F-4B9C-BD62-3BE175C69DAA}.Release|Any CPU.Build.0 = Release|Any CPU
		{480FD172-690F-4B9C-BD62-3BE175C69DAA}.Release|x64.ActiveCfg = Release|Any CPU
		{480FD172-690F-4B9C-BD62-3BE175C69DAA}.Release|x64.Build.0 = Release|Any CPU
		{480FD172-690F-4B9C-BD62-3BE175C69DAA}.Release|x86.ActiveCfg = Release|Any CPU
		{480FD172-690F-4B9C-BD62-3BE175C69DAA}.Release|x86.Build.0 = Release|Any CPU
		{9D0456B9-8BAB-40E0-A856-567FB6544C2F}.Debug|Any CPU.ActiveCfg = Debug|Any CPU
		{9D0456B9-8BAB-40E0-A856-567FB6544C2F}.Debug|Any CPU.Build.0 = Debug|Any CPU
		{9D0456B9-8BAB-40E0-A856-567FB6544C2F}.Debug|x64.ActiveCfg = Debug|Any CPU
		{9D0456B9-8BAB-40E0-A856-567FB6544C2F}.Debug|x64.Build.0 = Debug|Any CPU
		{9D0456B9-8BAB-40E0-A856-567FB6544C2F}.Debug|x86.ActiveCfg = Debug|Any CPU
		{9D0456B9-8BAB-40E0-A856-567FB6544C2F}.Debug|x86.Build.0 = Debug|Any CPU
		{9D0456B9-8BAB-40E0-A856-567FB6544C2F}.Release|Any CPU.ActiveCfg = Release|Any CPU
		{9D0456B9-8BAB-40E0-A856-567FB6544C2F}.Release|Any CPU.Build.0 = Release|Any CPU
		{9D0456B9-8BAB-40E0-A856-567FB6544C2F}.Release|x64.ActiveCfg = Release|Any CPU
		{9D0456B9-8BAB-40E0-A856-567FB6544C2F}.Release|x64.Build.0 = Release|Any CPU
		{9D0456B9-8BAB-40E0-A856-567FB6544C2F}.Release|x86.ActiveCfg = Release|Any CPU
		{9D0456B9-8BAB-40E0-A856-567FB6544C2F}.Release|x86.Build.0 = Release|Any CPU
		{7C942118-FC08-44BD-8A11-3F9E190B89AB}.Debug|Any CPU.ActiveCfg = Debug|Any CPU
		{7C942118-FC08-44BD-8A11-3F9E190B89AB}.Debug|Any CPU.Build.0 = Debug|Any CPU
		{7C942118-FC08-44BD-8A11-3F9E190B89AB}.Debug|x64.ActiveCfg = Debug|Any CPU
		{7C942118-FC08-44BD-8A11-3F9E190B89AB}.Debug|x64.Build.0 = Debug|Any CPU
		{7C942118-FC08-44BD-8A11-3F9E190B89AB}.Debug|x86.ActiveCfg = Debug|Any CPU
		{7C942118-FC08-44BD-8A11-3F9E190B89AB}.Debug|x86.Build.0 = Debug|Any CPU
		{7C942118-FC08-44BD-8A11-3F9E190B89AB}.Release|Any CPU.ActiveCfg = Release|Any CPU
		{7C942118-FC08-44BD-8A11-3F9E190B89AB}.Release|Any CPU.Build.0 = Release|Any CPU
		{7C942118-FC08-44BD-8A11-3F9E190B89AB}.Release|x64.ActiveCfg = Release|Any CPU
		{7C942118-FC08-44BD-8A11-3F9E190B89AB}.Release|x64.Build.0 = Release|Any CPU
		{7C942118-FC08-44BD-8A11-3F9E190B89AB}.Release|x86.ActiveCfg = Release|Any CPU
		{7C942118-FC08-44BD-8A11-3F9E190B89AB}.Release|x86.Build.0 = Release|Any CPU
		{AA834C6C-FD18-4543-A673-61EF01066155}.Debug|Any CPU.ActiveCfg = Debug|Any CPU
		{AA834C6C-FD18-4543-A673-61EF01066155}.Debug|Any CPU.Build.0 = Debug|Any CPU
		{AA834C6C-FD18-4543-A673-61EF01066155}.Debug|x64.ActiveCfg = Debug|Any CPU
		{AA834C6C-FD18-4543-A673-61EF01066155}.Debug|x64.Build.0 = Debug|Any CPU
		{AA834C6C-FD18-4543-A673-61EF01066155}.Debug|x86.ActiveCfg = Debug|Any CPU
		{AA834C6C-FD18-4543-A673-61EF01066155}.Debug|x86.Build.0 = Debug|Any CPU
		{AA834C6C-FD18-4543-A673-61EF01066155}.Release|Any CPU.ActiveCfg = Release|Any CPU
		{AA834C6C-FD18-4543-A673-61EF01066155}.Release|Any CPU.Build.0 = Release|Any CPU
		{AA834C6C-FD18-4543-A673-61EF01066155}.Release|x64.ActiveCfg = Release|Any CPU
		{AA834C6C-FD18-4543-A673-61EF01066155}.Release|x64.Build.0 = Release|Any CPU
		{AA834C6C-FD18-4543-A673-61EF01066155}.Release|x86.ActiveCfg = Release|Any CPU
		{AA834C6C-FD18-4543-A673-61EF01066155}.Release|x86.Build.0 = Release|Any CPU
		{AC651CB2-81A6-4EEE-BDA4-1BAA68D4C851}.Debug|Any CPU.ActiveCfg = Debug|Any CPU
		{AC651CB2-81A6-4EEE-BDA4-1BAA68D4C851}.Debug|Any CPU.Build.0 = Debug|Any CPU
		{AC651CB2-81A6-4EEE-BDA4-1BAA68D4C851}.Debug|x64.ActiveCfg = Debug|Any CPU
		{AC651CB2-81A6-4EEE-BDA4-1BAA68D4C851}.Debug|x64.Build.0 = Debug|Any CPU
		{AC651CB2-81A6-4EEE-BDA4-1BAA68D4C851}.Debug|x86.ActiveCfg = Debug|Any CPU
		{AC651CB2-81A6-4EEE-BDA4-1BAA68D4C851}.Debug|x86.Build.0 = Debug|Any CPU
		{AC651CB2-81A6-4EEE-BDA4-1BAA68D4C851}.Release|Any CPU.ActiveCfg = Release|Any CPU
		{AC651CB2-81A6-4EEE-BDA4-1BAA68D4C851}.Release|Any CPU.Build.0 = Release|Any CPU
		{AC651CB2-81A6-4EEE-BDA4-1BAA68D4C851}.Release|x64.ActiveCfg = Release|Any CPU
		{AC651CB2-81A6-4EEE-BDA4-1BAA68D4C851}.Release|x64.Build.0 = Release|Any CPU
		{AC651CB2-81A6-4EEE-BDA4-1BAA68D4C851}.Release|x86.ActiveCfg = Release|Any CPU
		{AC651CB2-81A6-4EEE-BDA4-1BAA68D4C851}.Release|x86.Build.0 = Release|Any CPU
		{9163627B-FC0C-4A92-A9B7-C38F6A77AF39}.Debug|Any CPU.ActiveCfg = Debug|Any CPU
		{9163627B-FC0C-4A92-A9B7-C38F6A77AF39}.Debug|Any CPU.Build.0 = Debug|Any CPU
		{9163627B-FC0C-4A92-A9B7-C38F6A77AF39}.Debug|x64.ActiveCfg = Debug|Any CPU
		{9163627B-FC0C-4A92-A9B7-C38F6A77AF39}.Debug|x64.Build.0 = Debug|Any CPU
		{9163627B-FC0C-4A92-A9B7-C38F6A77AF39}.Debug|x86.ActiveCfg = Debug|Any CPU
		{9163627B-FC0C-4A92-A9B7-C38F6A77AF39}.Debug|x86.Build.0 = Debug|Any CPU
		{9163627B-FC0C-4A92-A9B7-C38F6A77AF39}.Release|Any CPU.ActiveCfg = Release|Any CPU
		{9163627B-FC0C-4A92-A9B7-C38F6A77AF39}.Release|Any CPU.Build.0 = Release|Any CPU
		{9163627B-FC0C-4A92-A9B7-C38F6A77AF39}.Release|x64.ActiveCfg = Release|Any CPU
		{9163627B-FC0C-4A92-A9B7-C38F6A77AF39}.Release|x64.Build.0 = Release|Any CPU
		{9163627B-FC0C-4A92-A9B7-C38F6A77AF39}.Release|x86.ActiveCfg = Release|Any CPU
		{9163627B-FC0C-4A92-A9B7-C38F6A77AF39}.Release|x86.Build.0 = Release|Any CPU
		{28531C40-5E3E-4DCF-8DE8-EB3A0E7C1694}.Debug|Any CPU.ActiveCfg = Debug|Any CPU
		{28531C40-5E3E-4DCF-8DE8-EB3A0E7C1694}.Debug|Any CPU.Build.0 = Debug|Any CPU
		{28531C40-5E3E-4DCF-8DE8-EB3A0E7C1694}.Debug|x64.ActiveCfg = Debug|Any CPU
		{28531C40-5E3E-4DCF-8DE8-EB3A0E7C1694}.Debug|x64.Build.0 = Debug|Any CPU
		{28531C40-5E3E-4DCF-8DE8-EB3A0E7C1694}.Debug|x86.ActiveCfg = Debug|Any CPU
		{28531C40-5E3E-4DCF-8DE8-EB3A0E7C1694}.Debug|x86.Build.0 = Debug|Any CPU
		{28531C40-5E3E-4DCF-8DE8-EB3A0E7C1694}.Release|Any CPU.ActiveCfg = Release|Any CPU
		{28531C40-5E3E-4DCF-8DE8-EB3A0E7C1694}.Release|Any CPU.Build.0 = Release|Any CPU
		{28531C40-5E3E-4DCF-8DE8-EB3A0E7C1694}.Release|x64.ActiveCfg = Release|Any CPU
		{28531C40-5E3E-4DCF-8DE8-EB3A0E7C1694}.Release|x64.Build.0 = Release|Any CPU
		{28531C40-5E3E-4DCF-8DE8-EB3A0E7C1694}.Release|x86.ActiveCfg = Release|Any CPU
		{28531C40-5E3E-4DCF-8DE8-EB3A0E7C1694}.Release|x86.Build.0 = Release|Any CPU
		{90A31645-A022-412F-AC6B-F70AED5F9B01}.Debug|Any CPU.ActiveCfg = Debug|Any CPU
		{90A31645-A022-412F-AC6B-F70AED5F9B01}.Debug|Any CPU.Build.0 = Debug|Any CPU
		{90A31645-A022-412F-AC6B-F70AED5F9B01}.Debug|x64.ActiveCfg = Debug|Any CPU
		{90A31645-A022-412F-AC6B-F70AED5F9B01}.Debug|x64.Build.0 = Debug|Any CPU
		{90A31645-A022-412F-AC6B-F70AED5F9B01}.Debug|x86.ActiveCfg = Debug|Any CPU
		{90A31645-A022-412F-AC6B-F70AED5F9B01}.Debug|x86.Build.0 = Debug|Any CPU
		{90A31645-A022-412F-AC6B-F70AED5F9B01}.Release|Any CPU.ActiveCfg = Release|Any CPU
		{90A31645-A022-412F-AC6B-F70AED5F9B01}.Release|Any CPU.Build.0 = Release|Any CPU
		{90A31645-A022-412F-AC6B-F70AED5F9B01}.Release|x64.ActiveCfg = Release|Any CPU
		{90A31645-A022-412F-AC6B-F70AED5F9B01}.Release|x64.Build.0 = Release|Any CPU
		{90A31645-A022-412F-AC6B-F70AED5F9B01}.Release|x86.ActiveCfg = Release|Any CPU
		{90A31645-A022-412F-AC6B-F70AED5F9B01}.Release|x86.Build.0 = Release|Any CPU
		{C5BBBB13-2379-4485-97FB-5203E37CFC0D}.Debug|Any CPU.ActiveCfg = Debug|Any CPU
		{C5BBBB13-2379-4485-97FB-5203E37CFC0D}.Debug|Any CPU.Build.0 = Debug|Any CPU
		{C5BBBB13-2379-4485-97FB-5203E37CFC0D}.Debug|x64.ActiveCfg = Debug|Any CPU
		{C5BBBB13-2379-4485-97FB-5203E37CFC0D}.Debug|x64.Build.0 = Debug|Any CPU
		{C5BBBB13-2379-4485-97FB-5203E37CFC0D}.Debug|x86.ActiveCfg = Debug|Any CPU
		{C5BBBB13-2379-4485-97FB-5203E37CFC0D}.Debug|x86.Build.0 = Debug|Any CPU
		{C5BBBB13-2379-4485-97FB-5203E37CFC0D}.Release|Any CPU.ActiveCfg = Release|Any CPU
		{C5BBBB13-2379-4485-97FB-5203E37CFC0D}.Release|Any CPU.Build.0 = Release|Any CPU
		{C5BBBB13-2379-4485-97FB-5203E37CFC0D}.Release|x64.ActiveCfg = Release|Any CPU
		{C5BBBB13-2379-4485-97FB-5203E37CFC0D}.Release|x64.Build.0 = Release|Any CPU
		{C5BBBB13-2379-4485-97FB-5203E37CFC0D}.Release|x86.ActiveCfg = Release|Any CPU
		{C5BBBB13-2379-4485-97FB-5203E37CFC0D}.Release|x86.Build.0 = Release|Any CPU
		{DA1EC67C-9DF7-4CD1-A28B-DE6083E3DF39}.Debug|Any CPU.ActiveCfg = Debug|Any CPU
		{DA1EC67C-9DF7-4CD1-A28B-DE6083E3DF39}.Debug|Any CPU.Build.0 = Debug|Any CPU
		{DA1EC67C-9DF7-4CD1-A28B-DE6083E3DF39}.Debug|x64.ActiveCfg = Debug|Any CPU
		{DA1EC67C-9DF7-4CD1-A28B-DE6083E3DF39}.Debug|x64.Build.0 = Debug|Any CPU
		{DA1EC67C-9DF7-4CD1-A28B-DE6083E3DF39}.Debug|x86.ActiveCfg = Debug|Any CPU
		{DA1EC67C-9DF7-4CD1-A28B-DE6083E3DF39}.Debug|x86.Build.0 = Debug|Any CPU
		{DA1EC67C-9DF7-4CD1-A28B-DE6083E3DF39}.Release|Any CPU.ActiveCfg = Release|Any CPU
		{DA1EC67C-9DF7-4CD1-A28B-DE6083E3DF39}.Release|Any CPU.Build.0 = Release|Any CPU
		{DA1EC67C-9DF7-4CD1-A28B-DE6083E3DF39}.Release|x64.ActiveCfg = Release|Any CPU
		{DA1EC67C-9DF7-4CD1-A28B-DE6083E3DF39}.Release|x64.Build.0 = Release|Any CPU
		{DA1EC67C-9DF7-4CD1-A28B-DE6083E3DF39}.Release|x86.ActiveCfg = Release|Any CPU
		{DA1EC67C-9DF7-4CD1-A28B-DE6083E3DF39}.Release|x86.Build.0 = Release|Any CPU
		{DA1F8868-CEA0-4EB3-8C76-862D1B0461D5}.Debug|Any CPU.ActiveCfg = Debug|Any CPU
		{DA1F8868-CEA0-4EB3-8C76-862D1B0461D5}.Debug|Any CPU.Build.0 = Debug|Any CPU
		{DA1F8868-CEA0-4EB3-8C76-862D1B0461D5}.Debug|x64.ActiveCfg = Debug|Any CPU
		{DA1F8868-CEA0-4EB3-8C76-862D1B0461D5}.Debug|x64.Build.0 = Debug|Any CPU
		{DA1F8868-CEA0-4EB3-8C76-862D1B0461D5}.Debug|x86.ActiveCfg = Debug|Any CPU
		{DA1F8868-CEA0-4EB3-8C76-862D1B0461D5}.Debug|x86.Build.0 = Debug|Any CPU
		{DA1F8868-CEA0-4EB3-8C76-862D1B0461D5}.Release|Any CPU.ActiveCfg = Release|Any CPU
		{DA1F8868-CEA0-4EB3-8C76-862D1B0461D5}.Release|Any CPU.Build.0 = Release|Any CPU
		{DA1F8868-CEA0-4EB3-8C76-862D1B0461D5}.Release|x64.ActiveCfg = Release|Any CPU
		{DA1F8868-CEA0-4EB3-8C76-862D1B0461D5}.Release|x64.Build.0 = Release|Any CPU
		{DA1F8868-CEA0-4EB3-8C76-862D1B0461D5}.Release|x86.ActiveCfg = Release|Any CPU
		{DA1F8868-CEA0-4EB3-8C76-862D1B0461D5}.Release|x86.Build.0 = Release|Any CPU
		{ADF210BD-16EA-4C6E-AD2D-0D5B45A68EF7}.Debug|Any CPU.ActiveCfg = Debug|Any CPU
		{ADF210BD-16EA-4C6E-AD2D-0D5B45A68EF7}.Debug|Any CPU.Build.0 = Debug|Any CPU
		{ADF210BD-16EA-4C6E-AD2D-0D5B45A68EF7}.Debug|x64.ActiveCfg = Debug|Any CPU
		{ADF210BD-16EA-4C6E-AD2D-0D5B45A68EF7}.Debug|x64.Build.0 = Debug|Any CPU
		{ADF210BD-16EA-4C6E-AD2D-0D5B45A68EF7}.Debug|x86.ActiveCfg = Debug|Any CPU
		{ADF210BD-16EA-4C6E-AD2D-0D5B45A68EF7}.Debug|x86.Build.0 = Debug|Any CPU
		{ADF210BD-16EA-4C6E-AD2D-0D5B45A68EF7}.Release|Any CPU.ActiveCfg = Release|Any CPU
		{ADF210BD-16EA-4C6E-AD2D-0D5B45A68EF7}.Release|Any CPU.Build.0 = Release|Any CPU
		{ADF210BD-16EA-4C6E-AD2D-0D5B45A68EF7}.Release|x64.ActiveCfg = Release|Any CPU
		{ADF210BD-16EA-4C6E-AD2D-0D5B45A68EF7}.Release|x64.Build.0 = Release|Any CPU
		{ADF210BD-16EA-4C6E-AD2D-0D5B45A68EF7}.Release|x86.ActiveCfg = Release|Any CPU
		{ADF210BD-16EA-4C6E-AD2D-0D5B45A68EF7}.Release|x86.Build.0 = Release|Any CPU
		{472BF341-1A88-4A42-88EA-64C2DCDB7165}.Debug|Any CPU.ActiveCfg = Debug|Any CPU
		{472BF341-1A88-4A42-88EA-64C2DCDB7165}.Debug|Any CPU.Build.0 = Debug|Any CPU
		{472BF341-1A88-4A42-88EA-64C2DCDB7165}.Debug|x64.ActiveCfg = Debug|Any CPU
		{472BF341-1A88-4A42-88EA-64C2DCDB7165}.Debug|x64.Build.0 = Debug|Any CPU
		{472BF341-1A88-4A42-88EA-64C2DCDB7165}.Debug|x86.ActiveCfg = Debug|Any CPU
		{472BF341-1A88-4A42-88EA-64C2DCDB7165}.Debug|x86.Build.0 = Debug|Any CPU
		{472BF341-1A88-4A42-88EA-64C2DCDB7165}.Release|Any CPU.ActiveCfg = Release|Any CPU
		{472BF341-1A88-4A42-88EA-64C2DCDB7165}.Release|Any CPU.Build.0 = Release|Any CPU
		{472BF341-1A88-4A42-88EA-64C2DCDB7165}.Release|x64.ActiveCfg = Release|Any CPU
		{472BF341-1A88-4A42-88EA-64C2DCDB7165}.Release|x64.Build.0 = Release|Any CPU
		{472BF341-1A88-4A42-88EA-64C2DCDB7165}.Release|x86.ActiveCfg = Release|Any CPU
		{472BF341-1A88-4A42-88EA-64C2DCDB7165}.Release|x86.Build.0 = Release|Any CPU
		{216481BF-0001-49FB-8917-011BFE7CBF5B}.Debug|Any CPU.ActiveCfg = Debug|Any CPU
		{216481BF-0001-49FB-8917-011BFE7CBF5B}.Debug|Any CPU.Build.0 = Debug|Any CPU
		{216481BF-0001-49FB-8917-011BFE7CBF5B}.Debug|x64.ActiveCfg = Debug|Any CPU
		{216481BF-0001-49FB-8917-011BFE7CBF5B}.Debug|x64.Build.0 = Debug|Any CPU
		{216481BF-0001-49FB-8917-011BFE7CBF5B}.Debug|x86.ActiveCfg = Debug|Any CPU
		{216481BF-0001-49FB-8917-011BFE7CBF5B}.Debug|x86.Build.0 = Debug|Any CPU
		{216481BF-0001-49FB-8917-011BFE7CBF5B}.Release|Any CPU.ActiveCfg = Release|Any CPU
		{216481BF-0001-49FB-8917-011BFE7CBF5B}.Release|Any CPU.Build.0 = Release|Any CPU
		{216481BF-0001-49FB-8917-011BFE7CBF5B}.Release|x64.ActiveCfg = Release|Any CPU
		{216481BF-0001-49FB-8917-011BFE7CBF5B}.Release|x64.Build.0 = Release|Any CPU
		{216481BF-0001-49FB-8917-011BFE7CBF5B}.Release|x86.ActiveCfg = Release|Any CPU
		{216481BF-0001-49FB-8917-011BFE7CBF5B}.Release|x86.Build.0 = Release|Any CPU
		{63815ADE-D356-44D2-9EA2-B00B9694B246}.Debug|Any CPU.ActiveCfg = Debug|Any CPU
		{63815ADE-D356-44D2-9EA2-B00B9694B246}.Debug|Any CPU.Build.0 = Debug|Any CPU
		{63815ADE-D356-44D2-9EA2-B00B9694B246}.Debug|x64.ActiveCfg = Debug|Any CPU
		{63815ADE-D356-44D2-9EA2-B00B9694B246}.Debug|x64.Build.0 = Debug|Any CPU
		{63815ADE-D356-44D2-9EA2-B00B9694B246}.Debug|x86.ActiveCfg = Debug|Any CPU
		{63815ADE-D356-44D2-9EA2-B00B9694B246}.Debug|x86.Build.0 = Debug|Any CPU
		{63815ADE-D356-44D2-9EA2-B00B9694B246}.Release|Any CPU.ActiveCfg = Release|Any CPU
		{63815ADE-D356-44D2-9EA2-B00B9694B246}.Release|Any CPU.Build.0 = Release|Any CPU
		{63815ADE-D356-44D2-9EA2-B00B9694B246}.Release|x64.ActiveCfg = Release|Any CPU
		{63815ADE-D356-44D2-9EA2-B00B9694B246}.Release|x64.Build.0 = Release|Any CPU
		{63815ADE-D356-44D2-9EA2-B00B9694B246}.Release|x86.ActiveCfg = Release|Any CPU
		{63815ADE-D356-44D2-9EA2-B00B9694B246}.Release|x86.Build.0 = Release|Any CPU
		{93F0415F-7C25-40F7-B3C1-1B4F593F4BD0}.Debug|Any CPU.ActiveCfg = Debug|Any CPU
		{93F0415F-7C25-40F7-B3C1-1B4F593F4BD0}.Debug|Any CPU.Build.0 = Debug|Any CPU
		{93F0415F-7C25-40F7-B3C1-1B4F593F4BD0}.Debug|x64.ActiveCfg = Debug|Any CPU
		{93F0415F-7C25-40F7-B3C1-1B4F593F4BD0}.Debug|x64.Build.0 = Debug|Any CPU
		{93F0415F-7C25-40F7-B3C1-1B4F593F4BD0}.Debug|x86.ActiveCfg = Debug|Any CPU
		{93F0415F-7C25-40F7-B3C1-1B4F593F4BD0}.Debug|x86.Build.0 = Debug|Any CPU
		{93F0415F-7C25-40F7-B3C1-1B4F593F4BD0}.Release|Any CPU.ActiveCfg = Release|Any CPU
		{93F0415F-7C25-40F7-B3C1-1B4F593F4BD0}.Release|Any CPU.Build.0 = Release|Any CPU
		{93F0415F-7C25-40F7-B3C1-1B4F593F4BD0}.Release|x64.ActiveCfg = Release|Any CPU
		{93F0415F-7C25-40F7-B3C1-1B4F593F4BD0}.Release|x64.Build.0 = Release|Any CPU
		{93F0415F-7C25-40F7-B3C1-1B4F593F4BD0}.Release|x86.ActiveCfg = Release|Any CPU
		{93F0415F-7C25-40F7-B3C1-1B4F593F4BD0}.Release|x86.Build.0 = Release|Any CPU
		{9D4A8EC0-C5B8-45BF-8463-BEC0C2E72CC7}.Debug|Any CPU.ActiveCfg = Debug|Any CPU
		{9D4A8EC0-C5B8-45BF-8463-BEC0C2E72CC7}.Debug|Any CPU.Build.0 = Debug|Any CPU
		{9D4A8EC0-C5B8-45BF-8463-BEC0C2E72CC7}.Debug|x64.ActiveCfg = Debug|Any CPU
		{9D4A8EC0-C5B8-45BF-8463-BEC0C2E72CC7}.Debug|x64.Build.0 = Debug|Any CPU
		{9D4A8EC0-C5B8-45BF-8463-BEC0C2E72CC7}.Debug|x86.ActiveCfg = Debug|Any CPU
		{9D4A8EC0-C5B8-45BF-8463-BEC0C2E72CC7}.Debug|x86.Build.0 = Debug|Any CPU
		{9D4A8EC0-C5B8-45BF-8463-BEC0C2E72CC7}.Release|Any CPU.ActiveCfg = Release|Any CPU
		{9D4A8EC0-C5B8-45BF-8463-BEC0C2E72CC7}.Release|Any CPU.Build.0 = Release|Any CPU
		{9D4A8EC0-C5B8-45BF-8463-BEC0C2E72CC7}.Release|x64.ActiveCfg = Release|Any CPU
		{9D4A8EC0-C5B8-45BF-8463-BEC0C2E72CC7}.Release|x64.Build.0 = Release|Any CPU
		{9D4A8EC0-C5B8-45BF-8463-BEC0C2E72CC7}.Release|x86.ActiveCfg = Release|Any CPU
		{9D4A8EC0-C5B8-45BF-8463-BEC0C2E72CC7}.Release|x86.Build.0 = Release|Any CPU
		{574868DA-F4BD-4948-9DB6-9A72F806A0C0}.Debug|Any CPU.ActiveCfg = Debug|Any CPU
		{574868DA-F4BD-4948-9DB6-9A72F806A0C0}.Debug|Any CPU.Build.0 = Debug|Any CPU
		{574868DA-F4BD-4948-9DB6-9A72F806A0C0}.Debug|x64.ActiveCfg = Debug|Any CPU
		{574868DA-F4BD-4948-9DB6-9A72F806A0C0}.Debug|x64.Build.0 = Debug|Any CPU
		{574868DA-F4BD-4948-9DB6-9A72F806A0C0}.Debug|x86.ActiveCfg = Debug|Any CPU
		{574868DA-F4BD-4948-9DB6-9A72F806A0C0}.Debug|x86.Build.0 = Debug|Any CPU
		{574868DA-F4BD-4948-9DB6-9A72F806A0C0}.Release|Any CPU.ActiveCfg = Release|Any CPU
		{574868DA-F4BD-4948-9DB6-9A72F806A0C0}.Release|Any CPU.Build.0 = Release|Any CPU
		{574868DA-F4BD-4948-9DB6-9A72F806A0C0}.Release|x64.ActiveCfg = Release|Any CPU
		{574868DA-F4BD-4948-9DB6-9A72F806A0C0}.Release|x64.Build.0 = Release|Any CPU
		{574868DA-F4BD-4948-9DB6-9A72F806A0C0}.Release|x86.ActiveCfg = Release|Any CPU
		{574868DA-F4BD-4948-9DB6-9A72F806A0C0}.Release|x86.Build.0 = Release|Any CPU
		{76D06C3D-5819-4A0F-9936-1DD80884FEDD}.Debug|Any CPU.ActiveCfg = Debug|Any CPU
		{76D06C3D-5819-4A0F-9936-1DD80884FEDD}.Debug|Any CPU.Build.0 = Debug|Any CPU
		{76D06C3D-5819-4A0F-9936-1DD80884FEDD}.Debug|x64.ActiveCfg = Debug|Any CPU
		{76D06C3D-5819-4A0F-9936-1DD80884FEDD}.Debug|x64.Build.0 = Debug|Any CPU
		{76D06C3D-5819-4A0F-9936-1DD80884FEDD}.Debug|x86.ActiveCfg = Debug|Any CPU
		{76D06C3D-5819-4A0F-9936-1DD80884FEDD}.Debug|x86.Build.0 = Debug|Any CPU
		{76D06C3D-5819-4A0F-9936-1DD80884FEDD}.Release|Any CPU.ActiveCfg = Release|Any CPU
		{76D06C3D-5819-4A0F-9936-1DD80884FEDD}.Release|Any CPU.Build.0 = Release|Any CPU
		{76D06C3D-5819-4A0F-9936-1DD80884FEDD}.Release|x64.ActiveCfg = Release|Any CPU
		{76D06C3D-5819-4A0F-9936-1DD80884FEDD}.Release|x64.Build.0 = Release|Any CPU
		{76D06C3D-5819-4A0F-9936-1DD80884FEDD}.Release|x86.ActiveCfg = Release|Any CPU
		{76D06C3D-5819-4A0F-9936-1DD80884FEDD}.Release|x86.Build.0 = Release|Any CPU
		{42322282-F12B-49FD-83EF-5BC0B2445E17}.Debug|Any CPU.ActiveCfg = Debug|Any CPU
		{42322282-F12B-49FD-83EF-5BC0B2445E17}.Debug|Any CPU.Build.0 = Debug|Any CPU
		{42322282-F12B-49FD-83EF-5BC0B2445E17}.Debug|x64.ActiveCfg = Debug|Any CPU
		{42322282-F12B-49FD-83EF-5BC0B2445E17}.Debug|x64.Build.0 = Debug|Any CPU
		{42322282-F12B-49FD-83EF-5BC0B2445E17}.Debug|x86.ActiveCfg = Debug|Any CPU
		{42322282-F12B-49FD-83EF-5BC0B2445E17}.Debug|x86.Build.0 = Debug|Any CPU
		{42322282-F12B-49FD-83EF-5BC0B2445E17}.Release|Any CPU.ActiveCfg = Release|Any CPU
		{42322282-F12B-49FD-83EF-5BC0B2445E17}.Release|Any CPU.Build.0 = Release|Any CPU
		{42322282-F12B-49FD-83EF-5BC0B2445E17}.Release|x64.ActiveCfg = Release|Any CPU
		{42322282-F12B-49FD-83EF-5BC0B2445E17}.Release|x64.Build.0 = Release|Any CPU
		{42322282-F12B-49FD-83EF-5BC0B2445E17}.Release|x86.ActiveCfg = Release|Any CPU
		{42322282-F12B-49FD-83EF-5BC0B2445E17}.Release|x86.Build.0 = Release|Any CPU
		{06C5790D-3E9D-4845-AB5A-D02CA46B9148}.Debug|Any CPU.ActiveCfg = Debug|Any CPU
		{06C5790D-3E9D-4845-AB5A-D02CA46B9148}.Debug|Any CPU.Build.0 = Debug|Any CPU
		{06C5790D-3E9D-4845-AB5A-D02CA46B9148}.Debug|x64.ActiveCfg = Debug|Any CPU
		{06C5790D-3E9D-4845-AB5A-D02CA46B9148}.Debug|x64.Build.0 = Debug|Any CPU
		{06C5790D-3E9D-4845-AB5A-D02CA46B9148}.Debug|x86.ActiveCfg = Debug|Any CPU
		{06C5790D-3E9D-4845-AB5A-D02CA46B9148}.Debug|x86.Build.0 = Debug|Any CPU
		{06C5790D-3E9D-4845-AB5A-D02CA46B9148}.Release|Any CPU.ActiveCfg = Release|Any CPU
		{06C5790D-3E9D-4845-AB5A-D02CA46B9148}.Release|Any CPU.Build.0 = Release|Any CPU
		{06C5790D-3E9D-4845-AB5A-D02CA46B9148}.Release|x64.ActiveCfg = Release|Any CPU
		{06C5790D-3E9D-4845-AB5A-D02CA46B9148}.Release|x64.Build.0 = Release|Any CPU
		{06C5790D-3E9D-4845-AB5A-D02CA46B9148}.Release|x86.ActiveCfg = Release|Any CPU
		{06C5790D-3E9D-4845-AB5A-D02CA46B9148}.Release|x86.Build.0 = Release|Any CPU
		{5473E7C8-B8E3-414E-A383-F6D20A6212C9}.Debug|Any CPU.ActiveCfg = Debug|Any CPU
		{5473E7C8-B8E3-414E-A383-F6D20A6212C9}.Debug|Any CPU.Build.0 = Debug|Any CPU
		{5473E7C8-B8E3-414E-A383-F6D20A6212C9}.Debug|x64.ActiveCfg = Debug|Any CPU
		{5473E7C8-B8E3-414E-A383-F6D20A6212C9}.Debug|x64.Build.0 = Debug|Any CPU
		{5473E7C8-B8E3-414E-A383-F6D20A6212C9}.Debug|x86.ActiveCfg = Debug|Any CPU
		{5473E7C8-B8E3-414E-A383-F6D20A6212C9}.Debug|x86.Build.0 = Debug|Any CPU
		{5473E7C8-B8E3-414E-A383-F6D20A6212C9}.Release|Any CPU.ActiveCfg = Release|Any CPU
		{5473E7C8-B8E3-414E-A383-F6D20A6212C9}.Release|Any CPU.Build.0 = Release|Any CPU
		{5473E7C8-B8E3-414E-A383-F6D20A6212C9}.Release|x64.ActiveCfg = Release|Any CPU
		{5473E7C8-B8E3-414E-A383-F6D20A6212C9}.Release|x64.Build.0 = Release|Any CPU
		{5473E7C8-B8E3-414E-A383-F6D20A6212C9}.Release|x86.ActiveCfg = Release|Any CPU
		{5473E7C8-B8E3-414E-A383-F6D20A6212C9}.Release|x86.Build.0 = Release|Any CPU
		{FE580F8C-3085-4554-8664-EDBE8D703D33}.Debug|Any CPU.ActiveCfg = Debug|Any CPU
		{FE580F8C-3085-4554-8664-EDBE8D703D33}.Debug|Any CPU.Build.0 = Debug|Any CPU
		{FE580F8C-3085-4554-8664-EDBE8D703D33}.Debug|x64.ActiveCfg = Debug|Any CPU
		{FE580F8C-3085-4554-8664-EDBE8D703D33}.Debug|x64.Build.0 = Debug|Any CPU
		{FE580F8C-3085-4554-8664-EDBE8D703D33}.Debug|x86.ActiveCfg = Debug|Any CPU
		{FE580F8C-3085-4554-8664-EDBE8D703D33}.Debug|x86.Build.0 = Debug|Any CPU
		{FE580F8C-3085-4554-8664-EDBE8D703D33}.Release|Any CPU.ActiveCfg = Release|Any CPU
		{FE580F8C-3085-4554-8664-EDBE8D703D33}.Release|Any CPU.Build.0 = Release|Any CPU
		{FE580F8C-3085-4554-8664-EDBE8D703D33}.Release|x64.ActiveCfg = Release|Any CPU
		{FE580F8C-3085-4554-8664-EDBE8D703D33}.Release|x64.Build.0 = Release|Any CPU
		{FE580F8C-3085-4554-8664-EDBE8D703D33}.Release|x86.ActiveCfg = Release|Any CPU
		{FE580F8C-3085-4554-8664-EDBE8D703D33}.Release|x86.Build.0 = Release|Any CPU
		{71FD19AF-1503-4FBA-93ED-2FD04139B9CC}.Debug|Any CPU.ActiveCfg = Debug|Any CPU
		{71FD19AF-1503-4FBA-93ED-2FD04139B9CC}.Debug|Any CPU.Build.0 = Debug|Any CPU
		{71FD19AF-1503-4FBA-93ED-2FD04139B9CC}.Debug|x64.ActiveCfg = Debug|Any CPU
		{71FD19AF-1503-4FBA-93ED-2FD04139B9CC}.Debug|x64.Build.0 = Debug|Any CPU
		{71FD19AF-1503-4FBA-93ED-2FD04139B9CC}.Debug|x86.ActiveCfg = Debug|Any CPU
		{71FD19AF-1503-4FBA-93ED-2FD04139B9CC}.Debug|x86.Build.0 = Debug|Any CPU
		{71FD19AF-1503-4FBA-93ED-2FD04139B9CC}.Release|Any CPU.ActiveCfg = Release|Any CPU
		{71FD19AF-1503-4FBA-93ED-2FD04139B9CC}.Release|Any CPU.Build.0 = Release|Any CPU
		{71FD19AF-1503-4FBA-93ED-2FD04139B9CC}.Release|x64.ActiveCfg = Release|Any CPU
		{71FD19AF-1503-4FBA-93ED-2FD04139B9CC}.Release|x64.Build.0 = Release|Any CPU
		{71FD19AF-1503-4FBA-93ED-2FD04139B9CC}.Release|x86.ActiveCfg = Release|Any CPU
		{71FD19AF-1503-4FBA-93ED-2FD04139B9CC}.Release|x86.Build.0 = Release|Any CPU
		{D91A6A57-D637-44B5-89B3-91ACDFE12216}.Debug|Any CPU.ActiveCfg = Debug|Any CPU
		{D91A6A57-D637-44B5-89B3-91ACDFE12216}.Debug|Any CPU.Build.0 = Debug|Any CPU
		{D91A6A57-D637-44B5-89B3-91ACDFE12216}.Debug|x64.ActiveCfg = Debug|Any CPU
		{D91A6A57-D637-44B5-89B3-91ACDFE12216}.Debug|x64.Build.0 = Debug|Any CPU
		{D91A6A57-D637-44B5-89B3-91ACDFE12216}.Debug|x86.ActiveCfg = Debug|Any CPU
		{D91A6A57-D637-44B5-89B3-91ACDFE12216}.Debug|x86.Build.0 = Debug|Any CPU
		{D91A6A57-D637-44B5-89B3-91ACDFE12216}.Release|Any CPU.ActiveCfg = Release|Any CPU
		{D91A6A57-D637-44B5-89B3-91ACDFE12216}.Release|Any CPU.Build.0 = Release|Any CPU
		{D91A6A57-D637-44B5-89B3-91ACDFE12216}.Release|x64.ActiveCfg = Release|Any CPU
		{D91A6A57-D637-44B5-89B3-91ACDFE12216}.Release|x64.Build.0 = Release|Any CPU
		{D91A6A57-D637-44B5-89B3-91ACDFE12216}.Release|x86.ActiveCfg = Release|Any CPU
		{D91A6A57-D637-44B5-89B3-91ACDFE12216}.Release|x86.Build.0 = Release|Any CPU
		{A6EABC46-B5FC-4D34-AAB3-34D492856ED8}.Debug|Any CPU.ActiveCfg = Debug|Any CPU
		{A6EABC46-B5FC-4D34-AAB3-34D492856ED8}.Debug|Any CPU.Build.0 = Debug|Any CPU
		{A6EABC46-B5FC-4D34-AAB3-34D492856ED8}.Debug|x64.ActiveCfg = Debug|Any CPU
		{A6EABC46-B5FC-4D34-AAB3-34D492856ED8}.Debug|x64.Build.0 = Debug|Any CPU
		{A6EABC46-B5FC-4D34-AAB3-34D492856ED8}.Debug|x86.ActiveCfg = Debug|Any CPU
		{A6EABC46-B5FC-4D34-AAB3-34D492856ED8}.Debug|x86.Build.0 = Debug|Any CPU
		{A6EABC46-B5FC-4D34-AAB3-34D492856ED8}.Release|Any CPU.ActiveCfg = Release|Any CPU
		{A6EABC46-B5FC-4D34-AAB3-34D492856ED8}.Release|Any CPU.Build.0 = Release|Any CPU
		{A6EABC46-B5FC-4D34-AAB3-34D492856ED8}.Release|x64.ActiveCfg = Release|Any CPU
		{A6EABC46-B5FC-4D34-AAB3-34D492856ED8}.Release|x64.Build.0 = Release|Any CPU
		{A6EABC46-B5FC-4D34-AAB3-34D492856ED8}.Release|x86.ActiveCfg = Release|Any CPU
		{A6EABC46-B5FC-4D34-AAB3-34D492856ED8}.Release|x86.Build.0 = Release|Any CPU
		{A2F1E0ED-9758-423B-B0A1-DF72455AE244}.Debug|Any CPU.ActiveCfg = Debug|Any CPU
		{A2F1E0ED-9758-423B-B0A1-DF72455AE244}.Debug|Any CPU.Build.0 = Debug|Any CPU
		{A2F1E0ED-9758-423B-B0A1-DF72455AE244}.Debug|x64.ActiveCfg = Debug|Any CPU
		{A2F1E0ED-9758-423B-B0A1-DF72455AE244}.Debug|x64.Build.0 = Debug|Any CPU
		{A2F1E0ED-9758-423B-B0A1-DF72455AE244}.Debug|x86.ActiveCfg = Debug|Any CPU
		{A2F1E0ED-9758-423B-B0A1-DF72455AE244}.Debug|x86.Build.0 = Debug|Any CPU
		{A2F1E0ED-9758-423B-B0A1-DF72455AE244}.Release|Any CPU.ActiveCfg = Release|Any CPU
		{A2F1E0ED-9758-423B-B0A1-DF72455AE244}.Release|Any CPU.Build.0 = Release|Any CPU
		{A2F1E0ED-9758-423B-B0A1-DF72455AE244}.Release|x64.ActiveCfg = Release|Any CPU
		{A2F1E0ED-9758-423B-B0A1-DF72455AE244}.Release|x64.Build.0 = Release|Any CPU
		{A2F1E0ED-9758-423B-B0A1-DF72455AE244}.Release|x86.ActiveCfg = Release|Any CPU
		{A2F1E0ED-9758-423B-B0A1-DF72455AE244}.Release|x86.Build.0 = Release|Any CPU
		{B3D704B2-7552-47C2-87B1-20B1DF83A8D0}.Debug|Any CPU.ActiveCfg = Debug|Any CPU
		{B3D704B2-7552-47C2-87B1-20B1DF83A8D0}.Debug|Any CPU.Build.0 = Debug|Any CPU
		{B3D704B2-7552-47C2-87B1-20B1DF83A8D0}.Debug|x64.ActiveCfg = Debug|Any CPU
		{B3D704B2-7552-47C2-87B1-20B1DF83A8D0}.Debug|x64.Build.0 = Debug|Any CPU
		{B3D704B2-7552-47C2-87B1-20B1DF83A8D0}.Debug|x86.ActiveCfg = Debug|Any CPU
		{B3D704B2-7552-47C2-87B1-20B1DF83A8D0}.Debug|x86.Build.0 = Debug|Any CPU
		{B3D704B2-7552-47C2-87B1-20B1DF83A8D0}.Release|Any CPU.ActiveCfg = Release|Any CPU
		{B3D704B2-7552-47C2-87B1-20B1DF83A8D0}.Release|Any CPU.Build.0 = Release|Any CPU
		{B3D704B2-7552-47C2-87B1-20B1DF83A8D0}.Release|x64.ActiveCfg = Release|Any CPU
		{B3D704B2-7552-47C2-87B1-20B1DF83A8D0}.Release|x64.Build.0 = Release|Any CPU
		{B3D704B2-7552-47C2-87B1-20B1DF83A8D0}.Release|x86.ActiveCfg = Release|Any CPU
		{B3D704B2-7552-47C2-87B1-20B1DF83A8D0}.Release|x86.Build.0 = Release|Any CPU
		{8EADE4B4-87D5-4F7B-A384-D079EC3574C6}.Debug|Any CPU.ActiveCfg = Debug|Any CPU
		{8EADE4B4-87D5-4F7B-A384-D079EC3574C6}.Debug|Any CPU.Build.0 = Debug|Any CPU
		{8EADE4B4-87D5-4F7B-A384-D079EC3574C6}.Debug|x64.ActiveCfg = Debug|Any CPU
		{8EADE4B4-87D5-4F7B-A384-D079EC3574C6}.Debug|x64.Build.0 = Debug|Any CPU
		{8EADE4B4-87D5-4F7B-A384-D079EC3574C6}.Debug|x86.ActiveCfg = Debug|Any CPU
		{8EADE4B4-87D5-4F7B-A384-D079EC3574C6}.Debug|x86.Build.0 = Debug|Any CPU
		{8EADE4B4-87D5-4F7B-A384-D079EC3574C6}.Release|Any CPU.ActiveCfg = Release|Any CPU
		{8EADE4B4-87D5-4F7B-A384-D079EC3574C6}.Release|Any CPU.Build.0 = Release|Any CPU
		{8EADE4B4-87D5-4F7B-A384-D079EC3574C6}.Release|x64.ActiveCfg = Release|Any CPU
		{8EADE4B4-87D5-4F7B-A384-D079EC3574C6}.Release|x64.Build.0 = Release|Any CPU
		{8EADE4B4-87D5-4F7B-A384-D079EC3574C6}.Release|x86.ActiveCfg = Release|Any CPU
		{8EADE4B4-87D5-4F7B-A384-D079EC3574C6}.Release|x86.Build.0 = Release|Any CPU
		{A243948B-0F16-40E9-82BB-BC2B61B84F44}.Debug|Any CPU.ActiveCfg = Debug|Any CPU
		{A243948B-0F16-40E9-82BB-BC2B61B84F44}.Debug|Any CPU.Build.0 = Debug|Any CPU
		{A243948B-0F16-40E9-82BB-BC2B61B84F44}.Debug|x64.ActiveCfg = Debug|Any CPU
		{A243948B-0F16-40E9-82BB-BC2B61B84F44}.Debug|x64.Build.0 = Debug|Any CPU
		{A243948B-0F16-40E9-82BB-BC2B61B84F44}.Debug|x86.ActiveCfg = Debug|Any CPU
		{A243948B-0F16-40E9-82BB-BC2B61B84F44}.Debug|x86.Build.0 = Debug|Any CPU
		{A243948B-0F16-40E9-82BB-BC2B61B84F44}.Release|Any CPU.ActiveCfg = Release|Any CPU
		{A243948B-0F16-40E9-82BB-BC2B61B84F44}.Release|Any CPU.Build.0 = Release|Any CPU
		{A243948B-0F16-40E9-82BB-BC2B61B84F44}.Release|x64.ActiveCfg = Release|Any CPU
		{A243948B-0F16-40E9-82BB-BC2B61B84F44}.Release|x64.Build.0 = Release|Any CPU
		{A243948B-0F16-40E9-82BB-BC2B61B84F44}.Release|x86.ActiveCfg = Release|Any CPU
		{A243948B-0F16-40E9-82BB-BC2B61B84F44}.Release|x86.Build.0 = Release|Any CPU
		{577ADDD9-05DF-4EBE-AC12-A5D73D1B76B7}.Debug|Any CPU.ActiveCfg = Debug|Any CPU
		{577ADDD9-05DF-4EBE-AC12-A5D73D1B76B7}.Debug|Any CPU.Build.0 = Debug|Any CPU
		{577ADDD9-05DF-4EBE-AC12-A5D73D1B76B7}.Debug|x64.ActiveCfg = Debug|Any CPU
		{577ADDD9-05DF-4EBE-AC12-A5D73D1B76B7}.Debug|x64.Build.0 = Debug|Any CPU
		{577ADDD9-05DF-4EBE-AC12-A5D73D1B76B7}.Debug|x86.ActiveCfg = Debug|Any CPU
		{577ADDD9-05DF-4EBE-AC12-A5D73D1B76B7}.Debug|x86.Build.0 = Debug|Any CPU
		{577ADDD9-05DF-4EBE-AC12-A5D73D1B76B7}.Release|Any CPU.ActiveCfg = Release|Any CPU
		{577ADDD9-05DF-4EBE-AC12-A5D73D1B76B7}.Release|Any CPU.Build.0 = Release|Any CPU
		{577ADDD9-05DF-4EBE-AC12-A5D73D1B76B7}.Release|x64.ActiveCfg = Release|Any CPU
		{577ADDD9-05DF-4EBE-AC12-A5D73D1B76B7}.Release|x64.Build.0 = Release|Any CPU
		{577ADDD9-05DF-4EBE-AC12-A5D73D1B76B7}.Release|x86.ActiveCfg = Release|Any CPU
		{577ADDD9-05DF-4EBE-AC12-A5D73D1B76B7}.Release|x86.Build.0 = Release|Any CPU
		{6991ABDF-2B93-427F-A7F3-3D14B25B76CA}.Debug|Any CPU.ActiveCfg = Debug|Any CPU
		{6991ABDF-2B93-427F-A7F3-3D14B25B76CA}.Debug|Any CPU.Build.0 = Debug|Any CPU
		{6991ABDF-2B93-427F-A7F3-3D14B25B76CA}.Debug|x64.ActiveCfg = Debug|Any CPU
		{6991ABDF-2B93-427F-A7F3-3D14B25B76CA}.Debug|x64.Build.0 = Debug|Any CPU
		{6991ABDF-2B93-427F-A7F3-3D14B25B76CA}.Debug|x86.ActiveCfg = Debug|Any CPU
		{6991ABDF-2B93-427F-A7F3-3D14B25B76CA}.Debug|x86.Build.0 = Debug|Any CPU
		{6991ABDF-2B93-427F-A7F3-3D14B25B76CA}.Release|Any CPU.ActiveCfg = Release|Any CPU
		{6991ABDF-2B93-427F-A7F3-3D14B25B76CA}.Release|Any CPU.Build.0 = Release|Any CPU
		{6991ABDF-2B93-427F-A7F3-3D14B25B76CA}.Release|x64.ActiveCfg = Release|Any CPU
		{6991ABDF-2B93-427F-A7F3-3D14B25B76CA}.Release|x64.Build.0 = Release|Any CPU
		{6991ABDF-2B93-427F-A7F3-3D14B25B76CA}.Release|x86.ActiveCfg = Release|Any CPU
		{6991ABDF-2B93-427F-A7F3-3D14B25B76CA}.Release|x86.Build.0 = Release|Any CPU
		{3F8B0BC1-73CC-49C0-BA03-75B12D68450D}.Debug|Any CPU.ActiveCfg = Debug|Any CPU
		{3F8B0BC1-73CC-49C0-BA03-75B12D68450D}.Debug|Any CPU.Build.0 = Debug|Any CPU
		{3F8B0BC1-73CC-49C0-BA03-75B12D68450D}.Debug|x64.ActiveCfg = Debug|Any CPU
		{3F8B0BC1-73CC-49C0-BA03-75B12D68450D}.Debug|x64.Build.0 = Debug|Any CPU
		{3F8B0BC1-73CC-49C0-BA03-75B12D68450D}.Debug|x86.ActiveCfg = Debug|Any CPU
		{3F8B0BC1-73CC-49C0-BA03-75B12D68450D}.Debug|x86.Build.0 = Debug|Any CPU
		{3F8B0BC1-73CC-49C0-BA03-75B12D68450D}.Release|Any CPU.ActiveCfg = Release|Any CPU
		{3F8B0BC1-73CC-49C0-BA03-75B12D68450D}.Release|Any CPU.Build.0 = Release|Any CPU
		{3F8B0BC1-73CC-49C0-BA03-75B12D68450D}.Release|x64.ActiveCfg = Release|Any CPU
		{3F8B0BC1-73CC-49C0-BA03-75B12D68450D}.Release|x64.Build.0 = Release|Any CPU
		{3F8B0BC1-73CC-49C0-BA03-75B12D68450D}.Release|x86.ActiveCfg = Release|Any CPU
		{3F8B0BC1-73CC-49C0-BA03-75B12D68450D}.Release|x86.Build.0 = Release|Any CPU
		{06F8CFC9-5027-4C1C-AE1A-DA25AA3F9EA1}.Debug|Any CPU.ActiveCfg = Debug|Any CPU
		{06F8CFC9-5027-4C1C-AE1A-DA25AA3F9EA1}.Debug|Any CPU.Build.0 = Debug|Any CPU
		{06F8CFC9-5027-4C1C-AE1A-DA25AA3F9EA1}.Debug|x64.ActiveCfg = Debug|Any CPU
		{06F8CFC9-5027-4C1C-AE1A-DA25AA3F9EA1}.Debug|x64.Build.0 = Debug|Any CPU
		{06F8CFC9-5027-4C1C-AE1A-DA25AA3F9EA1}.Debug|x86.ActiveCfg = Debug|Any CPU
		{06F8CFC9-5027-4C1C-AE1A-DA25AA3F9EA1}.Debug|x86.Build.0 = Debug|Any CPU
		{06F8CFC9-5027-4C1C-AE1A-DA25AA3F9EA1}.Release|Any CPU.ActiveCfg = Release|Any CPU
		{06F8CFC9-5027-4C1C-AE1A-DA25AA3F9EA1}.Release|Any CPU.Build.0 = Release|Any CPU
		{06F8CFC9-5027-4C1C-AE1A-DA25AA3F9EA1}.Release|x64.ActiveCfg = Release|Any CPU
		{06F8CFC9-5027-4C1C-AE1A-DA25AA3F9EA1}.Release|x64.Build.0 = Release|Any CPU
		{06F8CFC9-5027-4C1C-AE1A-DA25AA3F9EA1}.Release|x86.ActiveCfg = Release|Any CPU
		{06F8CFC9-5027-4C1C-AE1A-DA25AA3F9EA1}.Release|x86.Build.0 = Release|Any CPU
		{400C3606-BBF1-498E-9B39-A823EEED3F89}.Debug|Any CPU.ActiveCfg = Debug|Any CPU
		{400C3606-BBF1-498E-9B39-A823EEED3F89}.Debug|Any CPU.Build.0 = Debug|Any CPU
		{400C3606-BBF1-498E-9B39-A823EEED3F89}.Debug|x64.ActiveCfg = Debug|Any CPU
		{400C3606-BBF1-498E-9B39-A823EEED3F89}.Debug|x64.Build.0 = Debug|Any CPU
		{400C3606-BBF1-498E-9B39-A823EEED3F89}.Debug|x86.ActiveCfg = Debug|Any CPU
		{400C3606-BBF1-498E-9B39-A823EEED3F89}.Debug|x86.Build.0 = Debug|Any CPU
		{400C3606-BBF1-498E-9B39-A823EEED3F89}.Release|Any CPU.ActiveCfg = Release|Any CPU
		{400C3606-BBF1-498E-9B39-A823EEED3F89}.Release|Any CPU.Build.0 = Release|Any CPU
		{400C3606-BBF1-498E-9B39-A823EEED3F89}.Release|x64.ActiveCfg = Release|Any CPU
		{400C3606-BBF1-498E-9B39-A823EEED3F89}.Release|x64.Build.0 = Release|Any CPU
		{400C3606-BBF1-498E-9B39-A823EEED3F89}.Release|x86.ActiveCfg = Release|Any CPU
		{400C3606-BBF1-498E-9B39-A823EEED3F89}.Release|x86.Build.0 = Release|Any CPU
		{B87B767D-19A8-40A8-BB75-F7FDA91FF091}.Debug|Any CPU.ActiveCfg = Debug|Any CPU
		{B87B767D-19A8-40A8-BB75-F7FDA91FF091}.Debug|Any CPU.Build.0 = Debug|Any CPU
		{B87B767D-19A8-40A8-BB75-F7FDA91FF091}.Debug|x64.ActiveCfg = Debug|Any CPU
		{B87B767D-19A8-40A8-BB75-F7FDA91FF091}.Debug|x64.Build.0 = Debug|Any CPU
		{B87B767D-19A8-40A8-BB75-F7FDA91FF091}.Debug|x86.ActiveCfg = Debug|Any CPU
		{B87B767D-19A8-40A8-BB75-F7FDA91FF091}.Debug|x86.Build.0 = Debug|Any CPU
		{B87B767D-19A8-40A8-BB75-F7FDA91FF091}.Release|Any CPU.ActiveCfg = Release|Any CPU
		{B87B767D-19A8-40A8-BB75-F7FDA91FF091}.Release|Any CPU.Build.0 = Release|Any CPU
		{B87B767D-19A8-40A8-BB75-F7FDA91FF091}.Release|x64.ActiveCfg = Release|Any CPU
		{B87B767D-19A8-40A8-BB75-F7FDA91FF091}.Release|x64.Build.0 = Release|Any CPU
		{B87B767D-19A8-40A8-BB75-F7FDA91FF091}.Release|x86.ActiveCfg = Release|Any CPU
		{B87B767D-19A8-40A8-BB75-F7FDA91FF091}.Release|x86.Build.0 = Release|Any CPU
		{F30784F0-4D3F-4D91-823A-66F42BFECF0A}.Debug|Any CPU.ActiveCfg = Debug|Any CPU
		{F30784F0-4D3F-4D91-823A-66F42BFECF0A}.Debug|Any CPU.Build.0 = Debug|Any CPU
		{F30784F0-4D3F-4D91-823A-66F42BFECF0A}.Debug|x64.ActiveCfg = Debug|Any CPU
		{F30784F0-4D3F-4D91-823A-66F42BFECF0A}.Debug|x64.Build.0 = Debug|Any CPU
		{F30784F0-4D3F-4D91-823A-66F42BFECF0A}.Debug|x86.ActiveCfg = Debug|Any CPU
		{F30784F0-4D3F-4D91-823A-66F42BFECF0A}.Debug|x86.Build.0 = Debug|Any CPU
		{F30784F0-4D3F-4D91-823A-66F42BFECF0A}.Release|Any CPU.ActiveCfg = Release|Any CPU
		{F30784F0-4D3F-4D91-823A-66F42BFECF0A}.Release|Any CPU.Build.0 = Release|Any CPU
		{F30784F0-4D3F-4D91-823A-66F42BFECF0A}.Release|x64.ActiveCfg = Release|Any CPU
		{F30784F0-4D3F-4D91-823A-66F42BFECF0A}.Release|x64.Build.0 = Release|Any CPU
		{F30784F0-4D3F-4D91-823A-66F42BFECF0A}.Release|x86.ActiveCfg = Release|Any CPU
		{F30784F0-4D3F-4D91-823A-66F42BFECF0A}.Release|x86.Build.0 = Release|Any CPU
		{55435AE2-2610-44A8-A3D4-BFD28AB6DB00}.Debug|Any CPU.ActiveCfg = Debug|Any CPU
		{55435AE2-2610-44A8-A3D4-BFD28AB6DB00}.Debug|Any CPU.Build.0 = Debug|Any CPU
		{55435AE2-2610-44A8-A3D4-BFD28AB6DB00}.Debug|x64.ActiveCfg = Debug|Any CPU
		{55435AE2-2610-44A8-A3D4-BFD28AB6DB00}.Debug|x64.Build.0 = Debug|Any CPU
		{55435AE2-2610-44A8-A3D4-BFD28AB6DB00}.Debug|x86.ActiveCfg = Debug|Any CPU
		{55435AE2-2610-44A8-A3D4-BFD28AB6DB00}.Debug|x86.Build.0 = Debug|Any CPU
		{55435AE2-2610-44A8-A3D4-BFD28AB6DB00}.Release|Any CPU.ActiveCfg = Release|Any CPU
		{55435AE2-2610-44A8-A3D4-BFD28AB6DB00}.Release|Any CPU.Build.0 = Release|Any CPU
		{55435AE2-2610-44A8-A3D4-BFD28AB6DB00}.Release|x64.ActiveCfg = Release|Any CPU
		{55435AE2-2610-44A8-A3D4-BFD28AB6DB00}.Release|x64.Build.0 = Release|Any CPU
		{55435AE2-2610-44A8-A3D4-BFD28AB6DB00}.Release|x86.ActiveCfg = Release|Any CPU
		{55435AE2-2610-44A8-A3D4-BFD28AB6DB00}.Release|x86.Build.0 = Release|Any CPU
		{4EE91406-D3E3-43AA-9487-A41EDB5BE3E4}.Debug|Any CPU.ActiveCfg = Debug|Any CPU
		{4EE91406-D3E3-43AA-9487-A41EDB5BE3E4}.Debug|Any CPU.Build.0 = Debug|Any CPU
		{4EE91406-D3E3-43AA-9487-A41EDB5BE3E4}.Debug|x64.ActiveCfg = Debug|Any CPU
		{4EE91406-D3E3-43AA-9487-A41EDB5BE3E4}.Debug|x64.Build.0 = Debug|Any CPU
		{4EE91406-D3E3-43AA-9487-A41EDB5BE3E4}.Debug|x86.ActiveCfg = Debug|Any CPU
		{4EE91406-D3E3-43AA-9487-A41EDB5BE3E4}.Debug|x86.Build.0 = Debug|Any CPU
		{4EE91406-D3E3-43AA-9487-A41EDB5BE3E4}.Release|Any CPU.ActiveCfg = Release|Any CPU
		{4EE91406-D3E3-43AA-9487-A41EDB5BE3E4}.Release|Any CPU.Build.0 = Release|Any CPU
		{4EE91406-D3E3-43AA-9487-A41EDB5BE3E4}.Release|x64.ActiveCfg = Release|Any CPU
		{4EE91406-D3E3-43AA-9487-A41EDB5BE3E4}.Release|x64.Build.0 = Release|Any CPU
		{4EE91406-D3E3-43AA-9487-A41EDB5BE3E4}.Release|x86.ActiveCfg = Release|Any CPU
		{4EE91406-D3E3-43AA-9487-A41EDB5BE3E4}.Release|x86.Build.0 = Release|Any CPU
		{96E63929-73E5-4A90-BF5D-D9161801813D}.Debug|Any CPU.ActiveCfg = Debug|Any CPU
		{96E63929-73E5-4A90-BF5D-D9161801813D}.Debug|Any CPU.Build.0 = Debug|Any CPU
		{96E63929-73E5-4A90-BF5D-D9161801813D}.Debug|x64.ActiveCfg = Debug|Any CPU
		{96E63929-73E5-4A90-BF5D-D9161801813D}.Debug|x64.Build.0 = Debug|Any CPU
		{96E63929-73E5-4A90-BF5D-D9161801813D}.Debug|x86.ActiveCfg = Debug|Any CPU
		{96E63929-73E5-4A90-BF5D-D9161801813D}.Debug|x86.Build.0 = Debug|Any CPU
		{96E63929-73E5-4A90-BF5D-D9161801813D}.Release|Any CPU.ActiveCfg = Release|Any CPU
		{96E63929-73E5-4A90-BF5D-D9161801813D}.Release|Any CPU.Build.0 = Release|Any CPU
		{96E63929-73E5-4A90-BF5D-D9161801813D}.Release|x64.ActiveCfg = Release|Any CPU
		{96E63929-73E5-4A90-BF5D-D9161801813D}.Release|x64.Build.0 = Release|Any CPU
		{96E63929-73E5-4A90-BF5D-D9161801813D}.Release|x86.ActiveCfg = Release|Any CPU
		{96E63929-73E5-4A90-BF5D-D9161801813D}.Release|x86.Build.0 = Release|Any CPU
		{1310A3AA-6E88-4336-B14B-079020F9C2B8}.Debug|Any CPU.ActiveCfg = Debug|Any CPU
		{1310A3AA-6E88-4336-B14B-079020F9C2B8}.Debug|Any CPU.Build.0 = Debug|Any CPU
		{1310A3AA-6E88-4336-B14B-079020F9C2B8}.Debug|x64.ActiveCfg = Debug|Any CPU
		{1310A3AA-6E88-4336-B14B-079020F9C2B8}.Debug|x64.Build.0 = Debug|Any CPU
		{1310A3AA-6E88-4336-B14B-079020F9C2B8}.Debug|x86.ActiveCfg = Debug|Any CPU
		{1310A3AA-6E88-4336-B14B-079020F9C2B8}.Debug|x86.Build.0 = Debug|Any CPU
		{1310A3AA-6E88-4336-B14B-079020F9C2B8}.Release|Any CPU.ActiveCfg = Release|Any CPU
		{1310A3AA-6E88-4336-B14B-079020F9C2B8}.Release|Any CPU.Build.0 = Release|Any CPU
		{1310A3AA-6E88-4336-B14B-079020F9C2B8}.Release|x64.ActiveCfg = Release|Any CPU
		{1310A3AA-6E88-4336-B14B-079020F9C2B8}.Release|x64.Build.0 = Release|Any CPU
		{1310A3AA-6E88-4336-B14B-079020F9C2B8}.Release|x86.ActiveCfg = Release|Any CPU
		{1310A3AA-6E88-4336-B14B-079020F9C2B8}.Release|x86.Build.0 = Release|Any CPU
		{F1A73D7D-1A18-4F58-9975-C5E60FA6746D}.Debug|Any CPU.ActiveCfg = Debug|Any CPU
		{F1A73D7D-1A18-4F58-9975-C5E60FA6746D}.Debug|Any CPU.Build.0 = Debug|Any CPU
		{F1A73D7D-1A18-4F58-9975-C5E60FA6746D}.Debug|x64.ActiveCfg = Debug|Any CPU
		{F1A73D7D-1A18-4F58-9975-C5E60FA6746D}.Debug|x64.Build.0 = Debug|Any CPU
		{F1A73D7D-1A18-4F58-9975-C5E60FA6746D}.Debug|x86.ActiveCfg = Debug|Any CPU
		{F1A73D7D-1A18-4F58-9975-C5E60FA6746D}.Debug|x86.Build.0 = Debug|Any CPU
		{F1A73D7D-1A18-4F58-9975-C5E60FA6746D}.Release|Any CPU.ActiveCfg = Release|Any CPU
		{F1A73D7D-1A18-4F58-9975-C5E60FA6746D}.Release|Any CPU.Build.0 = Release|Any CPU
		{F1A73D7D-1A18-4F58-9975-C5E60FA6746D}.Release|x64.ActiveCfg = Release|Any CPU
		{F1A73D7D-1A18-4F58-9975-C5E60FA6746D}.Release|x64.Build.0 = Release|Any CPU
		{F1A73D7D-1A18-4F58-9975-C5E60FA6746D}.Release|x86.ActiveCfg = Release|Any CPU
		{F1A73D7D-1A18-4F58-9975-C5E60FA6746D}.Release|x86.Build.0 = Release|Any CPU
		{6033808D-6284-4987-ABBF-6AFAA308B78D}.Debug|Any CPU.ActiveCfg = Debug|Any CPU
		{6033808D-6284-4987-ABBF-6AFAA308B78D}.Debug|Any CPU.Build.0 = Debug|Any CPU
		{6033808D-6284-4987-ABBF-6AFAA308B78D}.Debug|x64.ActiveCfg = Debug|Any CPU
		{6033808D-6284-4987-ABBF-6AFAA308B78D}.Debug|x64.Build.0 = Debug|Any CPU
		{6033808D-6284-4987-ABBF-6AFAA308B78D}.Debug|x86.ActiveCfg = Debug|Any CPU
		{6033808D-6284-4987-ABBF-6AFAA308B78D}.Debug|x86.Build.0 = Debug|Any CPU
		{6033808D-6284-4987-ABBF-6AFAA308B78D}.Release|Any CPU.ActiveCfg = Release|Any CPU
		{6033808D-6284-4987-ABBF-6AFAA308B78D}.Release|Any CPU.Build.0 = Release|Any CPU
		{6033808D-6284-4987-ABBF-6AFAA308B78D}.Release|x64.ActiveCfg = Release|Any CPU
		{6033808D-6284-4987-ABBF-6AFAA308B78D}.Release|x64.Build.0 = Release|Any CPU
		{6033808D-6284-4987-ABBF-6AFAA308B78D}.Release|x86.ActiveCfg = Release|Any CPU
		{6033808D-6284-4987-ABBF-6AFAA308B78D}.Release|x86.Build.0 = Release|Any CPU
		{524322B0-BB3F-4545-9183-AD2218283D7E}.Debug|Any CPU.ActiveCfg = Debug|Any CPU
		{524322B0-BB3F-4545-9183-AD2218283D7E}.Debug|Any CPU.Build.0 = Debug|Any CPU
		{524322B0-BB3F-4545-9183-AD2218283D7E}.Debug|x64.ActiveCfg = Debug|Any CPU
		{524322B0-BB3F-4545-9183-AD2218283D7E}.Debug|x64.Build.0 = Debug|Any CPU
		{524322B0-BB3F-4545-9183-AD2218283D7E}.Debug|x86.ActiveCfg = Debug|Any CPU
		{524322B0-BB3F-4545-9183-AD2218283D7E}.Debug|x86.Build.0 = Debug|Any CPU
		{524322B0-BB3F-4545-9183-AD2218283D7E}.Release|Any CPU.ActiveCfg = Release|Any CPU
		{524322B0-BB3F-4545-9183-AD2218283D7E}.Release|Any CPU.Build.0 = Release|Any CPU
		{524322B0-BB3F-4545-9183-AD2218283D7E}.Release|x64.ActiveCfg = Release|Any CPU
		{524322B0-BB3F-4545-9183-AD2218283D7E}.Release|x64.Build.0 = Release|Any CPU
		{524322B0-BB3F-4545-9183-AD2218283D7E}.Release|x86.ActiveCfg = Release|Any CPU
		{524322B0-BB3F-4545-9183-AD2218283D7E}.Release|x86.Build.0 = Release|Any CPU
		{787EF0F3-A8BC-4B83-AA0B-2D41C3C85EBC}.Debug|Any CPU.ActiveCfg = Debug|Any CPU
		{787EF0F3-A8BC-4B83-AA0B-2D41C3C85EBC}.Debug|Any CPU.Build.0 = Debug|Any CPU
		{787EF0F3-A8BC-4B83-AA0B-2D41C3C85EBC}.Debug|x64.ActiveCfg = Debug|Any CPU
		{787EF0F3-A8BC-4B83-AA0B-2D41C3C85EBC}.Debug|x64.Build.0 = Debug|Any CPU
		{787EF0F3-A8BC-4B83-AA0B-2D41C3C85EBC}.Debug|x86.ActiveCfg = Debug|Any CPU
		{787EF0F3-A8BC-4B83-AA0B-2D41C3C85EBC}.Debug|x86.Build.0 = Debug|Any CPU
		{787EF0F3-A8BC-4B83-AA0B-2D41C3C85EBC}.Release|Any CPU.ActiveCfg = Release|Any CPU
		{787EF0F3-A8BC-4B83-AA0B-2D41C3C85EBC}.Release|Any CPU.Build.0 = Release|Any CPU
		{787EF0F3-A8BC-4B83-AA0B-2D41C3C85EBC}.Release|x64.ActiveCfg = Release|Any CPU
		{787EF0F3-A8BC-4B83-AA0B-2D41C3C85EBC}.Release|x64.Build.0 = Release|Any CPU
		{787EF0F3-A8BC-4B83-AA0B-2D41C3C85EBC}.Release|x86.ActiveCfg = Release|Any CPU
		{787EF0F3-A8BC-4B83-AA0B-2D41C3C85EBC}.Release|x86.Build.0 = Release|Any CPU
		{ABA095C3-7D99-4E3D-838D-22D5B2AFAEDB}.Debug|Any CPU.ActiveCfg = Debug|Any CPU
		{ABA095C3-7D99-4E3D-838D-22D5B2AFAEDB}.Debug|Any CPU.Build.0 = Debug|Any CPU
		{ABA095C3-7D99-4E3D-838D-22D5B2AFAEDB}.Debug|x64.ActiveCfg = Debug|Any CPU
		{ABA095C3-7D99-4E3D-838D-22D5B2AFAEDB}.Debug|x64.Build.0 = Debug|Any CPU
		{ABA095C3-7D99-4E3D-838D-22D5B2AFAEDB}.Debug|x86.ActiveCfg = Debug|Any CPU
		{ABA095C3-7D99-4E3D-838D-22D5B2AFAEDB}.Debug|x86.Build.0 = Debug|Any CPU
		{ABA095C3-7D99-4E3D-838D-22D5B2AFAEDB}.Release|Any CPU.ActiveCfg = Release|Any CPU
		{ABA095C3-7D99-4E3D-838D-22D5B2AFAEDB}.Release|Any CPU.Build.0 = Release|Any CPU
		{ABA095C3-7D99-4E3D-838D-22D5B2AFAEDB}.Release|x64.ActiveCfg = Release|Any CPU
		{ABA095C3-7D99-4E3D-838D-22D5B2AFAEDB}.Release|x64.Build.0 = Release|Any CPU
		{ABA095C3-7D99-4E3D-838D-22D5B2AFAEDB}.Release|x86.ActiveCfg = Release|Any CPU
		{ABA095C3-7D99-4E3D-838D-22D5B2AFAEDB}.Release|x86.Build.0 = Release|Any CPU
		{10AB9817-3898-4AC4-96D7-302C71AB9191}.Debug|Any CPU.ActiveCfg = Debug|Any CPU
		{10AB9817-3898-4AC4-96D7-302C71AB9191}.Debug|Any CPU.Build.0 = Debug|Any CPU
		{10AB9817-3898-4AC4-96D7-302C71AB9191}.Debug|x64.ActiveCfg = Debug|Any CPU
		{10AB9817-3898-4AC4-96D7-302C71AB9191}.Debug|x64.Build.0 = Debug|Any CPU
		{10AB9817-3898-4AC4-96D7-302C71AB9191}.Debug|x86.ActiveCfg = Debug|Any CPU
		{10AB9817-3898-4AC4-96D7-302C71AB9191}.Debug|x86.Build.0 = Debug|Any CPU
		{10AB9817-3898-4AC4-96D7-302C71AB9191}.Release|Any CPU.ActiveCfg = Release|Any CPU
		{10AB9817-3898-4AC4-96D7-302C71AB9191}.Release|Any CPU.Build.0 = Release|Any CPU
		{10AB9817-3898-4AC4-96D7-302C71AB9191}.Release|x64.ActiveCfg = Release|Any CPU
		{10AB9817-3898-4AC4-96D7-302C71AB9191}.Release|x64.Build.0 = Release|Any CPU
		{10AB9817-3898-4AC4-96D7-302C71AB9191}.Release|x86.ActiveCfg = Release|Any CPU
		{10AB9817-3898-4AC4-96D7-302C71AB9191}.Release|x86.Build.0 = Release|Any CPU
		{C0E1BCB8-A39A-425D-AAF2-913C0D98B494}.Debug|Any CPU.ActiveCfg = Debug|Any CPU
		{C0E1BCB8-A39A-425D-AAF2-913C0D98B494}.Debug|Any CPU.Build.0 = Debug|Any CPU
		{C0E1BCB8-A39A-425D-AAF2-913C0D98B494}.Debug|x64.ActiveCfg = Debug|Any CPU
		{C0E1BCB8-A39A-425D-AAF2-913C0D98B494}.Debug|x64.Build.0 = Debug|Any CPU
		{C0E1BCB8-A39A-425D-AAF2-913C0D98B494}.Debug|x86.ActiveCfg = Debug|Any CPU
		{C0E1BCB8-A39A-425D-AAF2-913C0D98B494}.Debug|x86.Build.0 = Debug|Any CPU
		{C0E1BCB8-A39A-425D-AAF2-913C0D98B494}.Release|Any CPU.ActiveCfg = Release|Any CPU
		{C0E1BCB8-A39A-425D-AAF2-913C0D98B494}.Release|Any CPU.Build.0 = Release|Any CPU
		{C0E1BCB8-A39A-425D-AAF2-913C0D98B494}.Release|x64.ActiveCfg = Release|Any CPU
		{C0E1BCB8-A39A-425D-AAF2-913C0D98B494}.Release|x64.Build.0 = Release|Any CPU
		{C0E1BCB8-A39A-425D-AAF2-913C0D98B494}.Release|x86.ActiveCfg = Release|Any CPU
		{C0E1BCB8-A39A-425D-AAF2-913C0D98B494}.Release|x86.Build.0 = Release|Any CPU
		{8B8C6316-B97C-4680-B764-35E64E86A387}.Debug|Any CPU.ActiveCfg = Debug|Any CPU
		{8B8C6316-B97C-4680-B764-35E64E86A387}.Debug|Any CPU.Build.0 = Debug|Any CPU
		{8B8C6316-B97C-4680-B764-35E64E86A387}.Debug|x64.ActiveCfg = Debug|Any CPU
		{8B8C6316-B97C-4680-B764-35E64E86A387}.Debug|x64.Build.0 = Debug|Any CPU
		{8B8C6316-B97C-4680-B764-35E64E86A387}.Debug|x86.ActiveCfg = Debug|Any CPU
		{8B8C6316-B97C-4680-B764-35E64E86A387}.Debug|x86.Build.0 = Debug|Any CPU
		{8B8C6316-B97C-4680-B764-35E64E86A387}.Release|Any CPU.ActiveCfg = Release|Any CPU
		{8B8C6316-B97C-4680-B764-35E64E86A387}.Release|Any CPU.Build.0 = Release|Any CPU
		{8B8C6316-B97C-4680-B764-35E64E86A387}.Release|x64.ActiveCfg = Release|Any CPU
		{8B8C6316-B97C-4680-B764-35E64E86A387}.Release|x64.Build.0 = Release|Any CPU
		{8B8C6316-B97C-4680-B764-35E64E86A387}.Release|x86.ActiveCfg = Release|Any CPU
		{8B8C6316-B97C-4680-B764-35E64E86A387}.Release|x86.Build.0 = Release|Any CPU
		{F8424584-ACDE-403D-ADB3-9F5275346051}.Debug|Any CPU.ActiveCfg = Debug|Any CPU
		{F8424584-ACDE-403D-ADB3-9F5275346051}.Debug|Any CPU.Build.0 = Debug|Any CPU
		{F8424584-ACDE-403D-ADB3-9F5275346051}.Debug|x64.ActiveCfg = Debug|Any CPU
		{F8424584-ACDE-403D-ADB3-9F5275346051}.Debug|x64.Build.0 = Debug|Any CPU
		{F8424584-ACDE-403D-ADB3-9F5275346051}.Debug|x86.ActiveCfg = Debug|Any CPU
		{F8424584-ACDE-403D-ADB3-9F5275346051}.Debug|x86.Build.0 = Debug|Any CPU
		{F8424584-ACDE-403D-ADB3-9F5275346051}.Release|Any CPU.ActiveCfg = Release|Any CPU
		{F8424584-ACDE-403D-ADB3-9F5275346051}.Release|Any CPU.Build.0 = Release|Any CPU
		{F8424584-ACDE-403D-ADB3-9F5275346051}.Release|x64.ActiveCfg = Release|Any CPU
		{F8424584-ACDE-403D-ADB3-9F5275346051}.Release|x64.Build.0 = Release|Any CPU
		{F8424584-ACDE-403D-ADB3-9F5275346051}.Release|x86.ActiveCfg = Release|Any CPU
		{F8424584-ACDE-403D-ADB3-9F5275346051}.Release|x86.Build.0 = Release|Any CPU
		{F769DF33-EB52-4D43-BF68-7628AA82A251}.Debug|Any CPU.ActiveCfg = Debug|Any CPU
		{F769DF33-EB52-4D43-BF68-7628AA82A251}.Debug|Any CPU.Build.0 = Debug|Any CPU
		{F769DF33-EB52-4D43-BF68-7628AA82A251}.Debug|x64.ActiveCfg = Debug|Any CPU
		{F769DF33-EB52-4D43-BF68-7628AA82A251}.Debug|x64.Build.0 = Debug|Any CPU
		{F769DF33-EB52-4D43-BF68-7628AA82A251}.Debug|x86.ActiveCfg = Debug|Any CPU
		{F769DF33-EB52-4D43-BF68-7628AA82A251}.Debug|x86.Build.0 = Debug|Any CPU
		{F769DF33-EB52-4D43-BF68-7628AA82A251}.Release|Any CPU.ActiveCfg = Release|Any CPU
		{F769DF33-EB52-4D43-BF68-7628AA82A251}.Release|Any CPU.Build.0 = Release|Any CPU
		{F769DF33-EB52-4D43-BF68-7628AA82A251}.Release|x64.ActiveCfg = Release|Any CPU
		{F769DF33-EB52-4D43-BF68-7628AA82A251}.Release|x64.Build.0 = Release|Any CPU
		{F769DF33-EB52-4D43-BF68-7628AA82A251}.Release|x86.ActiveCfg = Release|Any CPU
		{F769DF33-EB52-4D43-BF68-7628AA82A251}.Release|x86.Build.0 = Release|Any CPU
		{37BD73DA-AE82-4DBD-A59F-001C680B09C9}.Debug|Any CPU.ActiveCfg = Debug|Any CPU
		{37BD73DA-AE82-4DBD-A59F-001C680B09C9}.Debug|Any CPU.Build.0 = Debug|Any CPU
		{37BD73DA-AE82-4DBD-A59F-001C680B09C9}.Debug|x64.ActiveCfg = Debug|Any CPU
		{37BD73DA-AE82-4DBD-A59F-001C680B09C9}.Debug|x64.Build.0 = Debug|Any CPU
		{37BD73DA-AE82-4DBD-A59F-001C680B09C9}.Debug|x86.ActiveCfg = Debug|Any CPU
		{37BD73DA-AE82-4DBD-A59F-001C680B09C9}.Debug|x86.Build.0 = Debug|Any CPU
		{37BD73DA-AE82-4DBD-A59F-001C680B09C9}.Release|Any CPU.ActiveCfg = Release|Any CPU
		{37BD73DA-AE82-4DBD-A59F-001C680B09C9}.Release|Any CPU.Build.0 = Release|Any CPU
		{37BD73DA-AE82-4DBD-A59F-001C680B09C9}.Release|x64.ActiveCfg = Release|Any CPU
		{37BD73DA-AE82-4DBD-A59F-001C680B09C9}.Release|x64.Build.0 = Release|Any CPU
		{37BD73DA-AE82-4DBD-A59F-001C680B09C9}.Release|x86.ActiveCfg = Release|Any CPU
		{37BD73DA-AE82-4DBD-A59F-001C680B09C9}.Release|x86.Build.0 = Release|Any CPU
		{C6D3C6CF-3525-424B-A49B-55005AF4C89B}.Debug|Any CPU.ActiveCfg = Debug|Any CPU
		{C6D3C6CF-3525-424B-A49B-55005AF4C89B}.Debug|Any CPU.Build.0 = Debug|Any CPU
		{C6D3C6CF-3525-424B-A49B-55005AF4C89B}.Debug|x64.ActiveCfg = Debug|Any CPU
		{C6D3C6CF-3525-424B-A49B-55005AF4C89B}.Debug|x64.Build.0 = Debug|Any CPU
		{C6D3C6CF-3525-424B-A49B-55005AF4C89B}.Debug|x86.ActiveCfg = Debug|Any CPU
		{C6D3C6CF-3525-424B-A49B-55005AF4C89B}.Debug|x86.Build.0 = Debug|Any CPU
		{C6D3C6CF-3525-424B-A49B-55005AF4C89B}.Release|Any CPU.ActiveCfg = Release|Any CPU
		{C6D3C6CF-3525-424B-A49B-55005AF4C89B}.Release|Any CPU.Build.0 = Release|Any CPU
		{C6D3C6CF-3525-424B-A49B-55005AF4C89B}.Release|x64.ActiveCfg = Release|Any CPU
		{C6D3C6CF-3525-424B-A49B-55005AF4C89B}.Release|x64.Build.0 = Release|Any CPU
		{C6D3C6CF-3525-424B-A49B-55005AF4C89B}.Release|x86.ActiveCfg = Release|Any CPU
		{C6D3C6CF-3525-424B-A49B-55005AF4C89B}.Release|x86.Build.0 = Release|Any CPU
		{1015BD5B-ADB3-4E68-B5A8-DEBB09F64A47}.Debug|Any CPU.ActiveCfg = Debug|Any CPU
		{1015BD5B-ADB3-4E68-B5A8-DEBB09F64A47}.Debug|Any CPU.Build.0 = Debug|Any CPU
		{1015BD5B-ADB3-4E68-B5A8-DEBB09F64A47}.Debug|x64.ActiveCfg = Debug|Any CPU
		{1015BD5B-ADB3-4E68-B5A8-DEBB09F64A47}.Debug|x64.Build.0 = Debug|Any CPU
		{1015BD5B-ADB3-4E68-B5A8-DEBB09F64A47}.Debug|x86.ActiveCfg = Debug|Any CPU
		{1015BD5B-ADB3-4E68-B5A8-DEBB09F64A47}.Debug|x86.Build.0 = Debug|Any CPU
		{1015BD5B-ADB3-4E68-B5A8-DEBB09F64A47}.Release|Any CPU.ActiveCfg = Release|Any CPU
		{1015BD5B-ADB3-4E68-B5A8-DEBB09F64A47}.Release|Any CPU.Build.0 = Release|Any CPU
		{1015BD5B-ADB3-4E68-B5A8-DEBB09F64A47}.Release|x64.ActiveCfg = Release|Any CPU
		{1015BD5B-ADB3-4E68-B5A8-DEBB09F64A47}.Release|x64.Build.0 = Release|Any CPU
		{1015BD5B-ADB3-4E68-B5A8-DEBB09F64A47}.Release|x86.ActiveCfg = Release|Any CPU
		{1015BD5B-ADB3-4E68-B5A8-DEBB09F64A47}.Release|x86.Build.0 = Release|Any CPU
		{0D230BDA-4E85-407B-9EC5-24BE6751BA35}.Debug|Any CPU.ActiveCfg = Debug|Any CPU
		{0D230BDA-4E85-407B-9EC5-24BE6751BA35}.Debug|Any CPU.Build.0 = Debug|Any CPU
		{0D230BDA-4E85-407B-9EC5-24BE6751BA35}.Debug|x64.ActiveCfg = Debug|Any CPU
		{0D230BDA-4E85-407B-9EC5-24BE6751BA35}.Debug|x64.Build.0 = Debug|Any CPU
		{0D230BDA-4E85-407B-9EC5-24BE6751BA35}.Debug|x86.ActiveCfg = Debug|Any CPU
		{0D230BDA-4E85-407B-9EC5-24BE6751BA35}.Debug|x86.Build.0 = Debug|Any CPU
		{0D230BDA-4E85-407B-9EC5-24BE6751BA35}.Release|Any CPU.ActiveCfg = Release|Any CPU
		{0D230BDA-4E85-407B-9EC5-24BE6751BA35}.Release|Any CPU.Build.0 = Release|Any CPU
		{0D230BDA-4E85-407B-9EC5-24BE6751BA35}.Release|x64.ActiveCfg = Release|Any CPU
		{0D230BDA-4E85-407B-9EC5-24BE6751BA35}.Release|x64.Build.0 = Release|Any CPU
		{0D230BDA-4E85-407B-9EC5-24BE6751BA35}.Release|x86.ActiveCfg = Release|Any CPU
		{0D230BDA-4E85-407B-9EC5-24BE6751BA35}.Release|x86.Build.0 = Release|Any CPU
		{C25DCF94-F046-402D-A674-A5DDA01F2A58}.Debug|Any CPU.ActiveCfg = Debug|Any CPU
		{C25DCF94-F046-402D-A674-A5DDA01F2A58}.Debug|Any CPU.Build.0 = Debug|Any CPU
		{C25DCF94-F046-402D-A674-A5DDA01F2A58}.Debug|x64.ActiveCfg = Debug|Any CPU
		{C25DCF94-F046-402D-A674-A5DDA01F2A58}.Debug|x64.Build.0 = Debug|Any CPU
		{C25DCF94-F046-402D-A674-A5DDA01F2A58}.Debug|x86.ActiveCfg = Debug|Any CPU
		{C25DCF94-F046-402D-A674-A5DDA01F2A58}.Debug|x86.Build.0 = Debug|Any CPU
		{C25DCF94-F046-402D-A674-A5DDA01F2A58}.Release|Any CPU.ActiveCfg = Release|Any CPU
		{C25DCF94-F046-402D-A674-A5DDA01F2A58}.Release|Any CPU.Build.0 = Release|Any CPU
		{C25DCF94-F046-402D-A674-A5DDA01F2A58}.Release|x64.ActiveCfg = Release|Any CPU
		{C25DCF94-F046-402D-A674-A5DDA01F2A58}.Release|x64.Build.0 = Release|Any CPU
		{C25DCF94-F046-402D-A674-A5DDA01F2A58}.Release|x86.ActiveCfg = Release|Any CPU
		{C25DCF94-F046-402D-A674-A5DDA01F2A58}.Release|x86.Build.0 = Release|Any CPU
		{69C1DCD4-2C55-45E0-B1A2-1D8194529A77}.Debug|Any CPU.ActiveCfg = Debug|Any CPU
		{69C1DCD4-2C55-45E0-B1A2-1D8194529A77}.Debug|Any CPU.Build.0 = Debug|Any CPU
		{69C1DCD4-2C55-45E0-B1A2-1D8194529A77}.Debug|x64.ActiveCfg = Debug|Any CPU
		{69C1DCD4-2C55-45E0-B1A2-1D8194529A77}.Debug|x64.Build.0 = Debug|Any CPU
		{69C1DCD4-2C55-45E0-B1A2-1D8194529A77}.Debug|x86.ActiveCfg = Debug|Any CPU
		{69C1DCD4-2C55-45E0-B1A2-1D8194529A77}.Debug|x86.Build.0 = Debug|Any CPU
		{69C1DCD4-2C55-45E0-B1A2-1D8194529A77}.Release|Any CPU.ActiveCfg = Release|Any CPU
		{69C1DCD4-2C55-45E0-B1A2-1D8194529A77}.Release|Any CPU.Build.0 = Release|Any CPU
		{69C1DCD4-2C55-45E0-B1A2-1D8194529A77}.Release|x64.ActiveCfg = Release|Any CPU
		{69C1DCD4-2C55-45E0-B1A2-1D8194529A77}.Release|x64.Build.0 = Release|Any CPU
		{69C1DCD4-2C55-45E0-B1A2-1D8194529A77}.Release|x86.ActiveCfg = Release|Any CPU
		{69C1DCD4-2C55-45E0-B1A2-1D8194529A77}.Release|x86.Build.0 = Release|Any CPU
		{E81B61F4-232E-40D2-826A-46E268A7D583}.Debug|Any CPU.ActiveCfg = Debug|Any CPU
		{E81B61F4-232E-40D2-826A-46E268A7D583}.Debug|Any CPU.Build.0 = Debug|Any CPU
		{E81B61F4-232E-40D2-826A-46E268A7D583}.Debug|x64.ActiveCfg = Debug|Any CPU
		{E81B61F4-232E-40D2-826A-46E268A7D583}.Debug|x64.Build.0 = Debug|Any CPU
		{E81B61F4-232E-40D2-826A-46E268A7D583}.Debug|x86.ActiveCfg = Debug|Any CPU
		{E81B61F4-232E-40D2-826A-46E268A7D583}.Debug|x86.Build.0 = Debug|Any CPU
		{E81B61F4-232E-40D2-826A-46E268A7D583}.Release|Any CPU.ActiveCfg = Release|Any CPU
		{E81B61F4-232E-40D2-826A-46E268A7D583}.Release|Any CPU.Build.0 = Release|Any CPU
		{E81B61F4-232E-40D2-826A-46E268A7D583}.Release|x64.ActiveCfg = Release|Any CPU
		{E81B61F4-232E-40D2-826A-46E268A7D583}.Release|x64.Build.0 = Release|Any CPU
		{E81B61F4-232E-40D2-826A-46E268A7D583}.Release|x86.ActiveCfg = Release|Any CPU
		{E81B61F4-232E-40D2-826A-46E268A7D583}.Release|x86.Build.0 = Release|Any CPU
		{296EED85-701D-45DC-884E-56F96D3EA9C5}.Debug|Any CPU.ActiveCfg = Debug|Any CPU
		{296EED85-701D-45DC-884E-56F96D3EA9C5}.Debug|Any CPU.Build.0 = Debug|Any CPU
		{296EED85-701D-45DC-884E-56F96D3EA9C5}.Debug|x64.ActiveCfg = Debug|Any CPU
		{296EED85-701D-45DC-884E-56F96D3EA9C5}.Debug|x64.Build.0 = Debug|Any CPU
		{296EED85-701D-45DC-884E-56F96D3EA9C5}.Debug|x86.ActiveCfg = Debug|Any CPU
		{296EED85-701D-45DC-884E-56F96D3EA9C5}.Debug|x86.Build.0 = Debug|Any CPU
		{296EED85-701D-45DC-884E-56F96D3EA9C5}.Release|Any CPU.ActiveCfg = Release|Any CPU
		{296EED85-701D-45DC-884E-56F96D3EA9C5}.Release|Any CPU.Build.0 = Release|Any CPU
		{296EED85-701D-45DC-884E-56F96D3EA9C5}.Release|x64.ActiveCfg = Release|Any CPU
		{296EED85-701D-45DC-884E-56F96D3EA9C5}.Release|x64.Build.0 = Release|Any CPU
		{296EED85-701D-45DC-884E-56F96D3EA9C5}.Release|x86.ActiveCfg = Release|Any CPU
		{296EED85-701D-45DC-884E-56F96D3EA9C5}.Release|x86.Build.0 = Release|Any CPU
		{C4BD8791-61B8-4D1B-8BBA-025D43E8D541}.Debug|Any CPU.ActiveCfg = Debug|Any CPU
		{C4BD8791-61B8-4D1B-8BBA-025D43E8D541}.Debug|Any CPU.Build.0 = Debug|Any CPU
		{C4BD8791-61B8-4D1B-8BBA-025D43E8D541}.Debug|x64.ActiveCfg = Debug|Any CPU
		{C4BD8791-61B8-4D1B-8BBA-025D43E8D541}.Debug|x64.Build.0 = Debug|Any CPU
		{C4BD8791-61B8-4D1B-8BBA-025D43E8D541}.Debug|x86.ActiveCfg = Debug|Any CPU
		{C4BD8791-61B8-4D1B-8BBA-025D43E8D541}.Debug|x86.Build.0 = Debug|Any CPU
		{C4BD8791-61B8-4D1B-8BBA-025D43E8D541}.Release|Any CPU.ActiveCfg = Release|Any CPU
		{C4BD8791-61B8-4D1B-8BBA-025D43E8D541}.Release|Any CPU.Build.0 = Release|Any CPU
		{C4BD8791-61B8-4D1B-8BBA-025D43E8D541}.Release|x64.ActiveCfg = Release|Any CPU
		{C4BD8791-61B8-4D1B-8BBA-025D43E8D541}.Release|x64.Build.0 = Release|Any CPU
		{C4BD8791-61B8-4D1B-8BBA-025D43E8D541}.Release|x86.ActiveCfg = Release|Any CPU
		{C4BD8791-61B8-4D1B-8BBA-025D43E8D541}.Release|x86.Build.0 = Release|Any CPU
		{E219E4B0-BA59-4192-9D5B-CC05A2561AFE}.Debug|Any CPU.ActiveCfg = Debug|Any CPU
		{E219E4B0-BA59-4192-9D5B-CC05A2561AFE}.Debug|Any CPU.Build.0 = Debug|Any CPU
		{E219E4B0-BA59-4192-9D5B-CC05A2561AFE}.Debug|x64.ActiveCfg = Debug|Any CPU
		{E219E4B0-BA59-4192-9D5B-CC05A2561AFE}.Debug|x64.Build.0 = Debug|Any CPU
		{E219E4B0-BA59-4192-9D5B-CC05A2561AFE}.Debug|x86.ActiveCfg = Debug|Any CPU
		{E219E4B0-BA59-4192-9D5B-CC05A2561AFE}.Debug|x86.Build.0 = Debug|Any CPU
		{E219E4B0-BA59-4192-9D5B-CC05A2561AFE}.Release|Any CPU.ActiveCfg = Release|Any CPU
		{E219E4B0-BA59-4192-9D5B-CC05A2561AFE}.Release|Any CPU.Build.0 = Release|Any CPU
		{E219E4B0-BA59-4192-9D5B-CC05A2561AFE}.Release|x64.ActiveCfg = Release|Any CPU
		{E219E4B0-BA59-4192-9D5B-CC05A2561AFE}.Release|x64.Build.0 = Release|Any CPU
		{E219E4B0-BA59-4192-9D5B-CC05A2561AFE}.Release|x86.ActiveCfg = Release|Any CPU
		{E219E4B0-BA59-4192-9D5B-CC05A2561AFE}.Release|x86.Build.0 = Release|Any CPU
	EndGlobalSection
EndGlobal
