
Microsoft Visual Studio Solution File, Format Version 12.00
# Visual Studio 15
VisualStudioVersion = 15.0.26124.0
MinimumVisualStudioVersion = 15.0.26124.0
Project("{FAE04EC0-301F-11D3-BF4B-00C04F79EFBC}") = "Penguin.Cms.Modules.Security.Local", "Penguin.Cms.Modules.Security.Local.csproj", "{CE7E7535-1126-4058-A9F1-0A55EC0B41C5}"
EndProject
Project("{FAE04EC0-301F-11D3-BF4B-00C04F79EFBC}") = "Penguin.Authentication.OWA.Local", "..\Penguin.Authentication.OWA\Penguin.Authentication.OWA.Local.csproj", "{8F71A92A-1B09-4A20-9BC6-225FA80EFC8D}"
EndProject
Project("{FAE04EC0-301F-11D3-BF4B-00C04F79EFBC}") = "Penguin.Cms.Modules.Dynamic.Local", "..\Penguin.Cms.Modules.Dynamic\Penguin.Cms.Modules.Dynamic.Local.csproj", "{0A7B3BB4-F458-4E49-972D-41EFEB190D77}"
EndProject
Project("{FAE04EC0-301F-11D3-BF4B-00C04F79EFBC}") = "Penguin.Cms.Entities.Local", "..\Penguin.Cms.Entities\Penguin.Cms.Entities.Local.csproj", "{C3A63EA2-1404-4CC8-9A71-608BA590A466}"
EndProject
Project("{FAE04EC0-301F-11D3-BF4B-00C04F79EFBC}") = "Penguin.Persistence.Abstractions.Local", "..\Penguin.Persistence.Abstractions\Penguin.Persistence.Abstractions.Local.csproj", "{191A5A64-9B57-4168-A531-AD5AEDEC9F59}"
EndProject
Project("{FAE04EC0-301F-11D3-BF4B-00C04F79EFBC}") = "Penguin.Entities.Abstractions.Local", "..\Penguin.Entities.Abstractions\Penguin.Entities.Abstractions.Local.csproj", "{BB447382-E145-4F0C-9A75-7E4F12461250}"
EndProject
Project("{FAE04EC0-301F-11D3-BF4B-00C04F79EFBC}") = "Penguin.Reflection.Extensions.Local", "..\Penguin.Reflection.Extensions\Penguin.Reflection.Extensions.Local.csproj", "{AE4E0F6F-5CB0-40F5-86D4-D29A3BDFE4F8}"
EndProject
Project("{FAE04EC0-301F-11D3-BF4B-00C04F79EFBC}") = "Penguin.Extensions.String.Local", "..\Penguin.Extensions.String\Penguin.Extensions.String.Local.csproj", "{AC45F910-F1A5-4A5D-B4DF-9CCD4DBC1A9A}"
EndProject
Project("{FAE04EC0-301F-11D3-BF4B-00C04F79EFBC}") = "Penguin.Reflection.Abstractions.Local", "..\Penguin.Reflection.Abstractions\Penguin.Reflection.Abstractions.Local.csproj", "{278FFF8B-FFA2-428D-ACAC-296C5728104F}"
EndProject
Project("{FAE04EC0-301F-11D3-BF4B-00C04F79EFBC}") = "Penguin.Cms.Errors.Local", "..\Penguin.Cms.Errors\Penguin.Cms.Errors.Local.csproj", "{D6BFFEC9-4808-4F33-A0C6-41533D157CB3}"
EndProject
Project("{FAE04EC0-301F-11D3-BF4B-00C04F79EFBC}") = "Penguin.Auditing.Abstractions.Local", "..\Penguin.Auditing.Abstractions\Penguin.Auditing.Abstractions.Local.csproj", "{67B3CDC3-17B2-43E4-B871-80734D48E3D5}"
EndProject
Project("{FAE04EC0-301F-11D3-BF4B-00C04F79EFBC}") = "Penguin.Extensions.Exceptions.Local", "..\Penguin.Extensions.Exceptions\Penguin.Extensions.Exceptions.Local.csproj", "{3D2E9B80-7B63-4A87-87EC-5210C45F92AD}"
EndProject
Project("{FAE04EC0-301F-11D3-BF4B-00C04F79EFBC}") = "Penguin.Cms.Modules.Admin.Local", "..\Penguin.Cms.Modules.Admin\Penguin.Cms.Modules.Admin.Local.csproj", "{48C73F8D-1432-4E4E-AEA1-8E29ECC39D7D}"
EndProject
Project("{FAE04EC0-301F-11D3-BF4B-00C04F79EFBC}") = "Penguin.Cms.Modules.Core.Local", "..\Penguin.Cms.Modules.Core\Penguin.Cms.Modules.Core.Local.csproj", "{1FEA36EA-2F58-462C-97C1-6B07E245AFA4}"
EndProject
Project("{FAE04EC0-301F-11D3-BF4B-00C04F79EFBC}") = "Penguin.Cms.Abstractions.Local", "..\Penguin.Cms.Abstractions\Penguin.Cms.Abstractions.Local.csproj", "{ECE67901-299C-4DFD-8134-35EE9CD3FC21}"
EndProject
Project("{FAE04EC0-301F-11D3-BF4B-00C04F79EFBC}") = "Penguin.DependencyInjection.Abstractions.Local", "..\Penguin.DependencyInjection.Abstractions\Penguin.DependencyInjection.Abstractions.Local.csproj", "{944A17B5-E783-4802-832F-E4D967DD8939}"
EndProject
Project("{FAE04EC0-301F-11D3-BF4B-00C04F79EFBC}") = "Penguin.Cms.Core.Local", "..\Penguin.Cms.Core\Penguin.Cms.Core.Local.csproj", "{987BFB60-A6DE-4DA4-B35B-05011DA0F650}"
EndProject
Project("{FAE04EC0-301F-11D3-BF4B-00C04F79EFBC}") = "Penguin.Reflection.Local", "..\Penguin.Reflection\Penguin.Reflection.Local.csproj", "{424459C1-7935-459B-81C0-38AC6A993858}"
EndProject
Project("{FAE04EC0-301F-11D3-BF4B-00C04F79EFBC}") = "Penguin.Debugging.Local", "..\Penguin.Debugging\Penguin.Debugging.Local.csproj", "{3AC90D50-FC4E-4230-BE36-89D82D46658C}"
EndProject
Project("{FAE04EC0-301F-11D3-BF4B-00C04F79EFBC}") = "Penguin.Cms.Web.Local", "..\Penguin.Cms.Web\Penguin.Cms.Web.Local.csproj", "{9A808735-82C8-46BC-9CC0-D109A4D0F914}"
EndProject
Project("{FAE04EC0-301F-11D3-BF4B-00C04F79EFBC}") = "Penguin.Configuration.Local", "..\Penguin.Configuration\Penguin.Configuration.Local.csproj", "{1711E56B-5AC5-43CB-81DB-834DEC1EF08F}"
EndProject
Project("{FAE04EC0-301F-11D3-BF4B-00C04F79EFBC}") = "Penguin.Configuration.Abstractions.Local", "..\Penguin.Configuration.Abstractions\Penguin.Configuration.Abstractions.Local.csproj", "{81342A63-3338-4E79-A292-9DDB6F213C8E}"
EndProject
Project("{FAE04EC0-301F-11D3-BF4B-00C04F79EFBC}") = "Penguin.DependencyInjection.Local", "..\Penguin.DependencyInjection\Penguin.DependencyInjection.Local.csproj", "{206FF35A-29DD-4C08-8F7B-A88254696132}"
EndProject
Project("{FAE04EC0-301F-11D3-BF4B-00C04F79EFBC}") = "Penguin.Extensions.Collections.Local", "..\Penguin.Extensions.Collections\Penguin.Extensions.Collections.Local.csproj", "{3C3647E7-DB6E-4A46-A728-D67BF658177E}"
EndProject
Project("{FAE04EC0-301F-11D3-BF4B-00C04F79EFBC}") = "Penguin.Files.Local", "..\Penguin.Files\Penguin.Files.Local.csproj", "{69719704-32C5-4789-AA01-25A4270FDAA9}"
EndProject
Project("{FAE04EC0-301F-11D3-BF4B-00C04F79EFBC}") = "Penguin.Files.Abstractions.Local", "..\Penguin.Files.Abstractions\Penguin.Files.Abstractions.Local.csproj", "{72766D2D-4933-4357-964C-F58A3636D78B}"
EndProject
Project("{FAE04EC0-301F-11D3-BF4B-00C04F79EFBC}") = "Penguin.Security.Abstractions.Local", "..\Penguin.Security.Abstractions\Penguin.Security.Abstractions.Local.csproj", "{F3E90FD9-700A-48CF-99EB-4FF467F1CB63}"
EndProject
Project("{FAE04EC0-301F-11D3-BF4B-00C04F79EFBC}") = "Penguin.Messaging.Application.Local", "..\Penguin.Messaging.Application\Penguin.Messaging.Application.Local.csproj", "{277FBC68-BDA9-4206-8CEB-5A75824E5093}"
EndProject
Project("{FAE04EC0-301F-11D3-BF4B-00C04F79EFBC}") = "Penguin.Messaging.Abstractions.Local", "..\Penguin.Messaging.Abstractions\Penguin.Messaging.Abstractions.Local.csproj", "{3BAA056F-FA41-469C-BBF1-83ECE0D51FFD}"
EndProject
Project("{FAE04EC0-301F-11D3-BF4B-00C04F79EFBC}") = "Penguin.Messaging.Core.Local", "..\Penguin.Messaging.Core\Penguin.Messaging.Core.Local.csproj", "{E83BB429-7146-4565-81C7-23E888867A58}"
EndProject
Project("{FAE04EC0-301F-11D3-BF4B-00C04F79EFBC}") = "Penguin.Persistence.Database.Local", "..\Penguin.Persistence.Database\Penguin.Persistence.Database.Local.csproj", "{2AAB7FCD-B683-4F5B-9938-B6BEBDD16CBF}"
EndProject
Project("{FAE04EC0-301F-11D3-BF4B-00C04F79EFBC}") = "Penguin.Threading.BackgroundWorker.Local", "..\Penguin.Threading.BackgroundWorker\Penguin.Threading.BackgroundWorker.Local.csproj", "{E2012EA3-3881-43C5-8EDA-8149074CBD98}"
EndProject
Project("{FAE04EC0-301F-11D3-BF4B-00C04F79EFBC}") = "Penguin.Persistence.Repositories.Local", "..\Penguin.Persistence.Repositories\Penguin.Persistence.Repositories.Local.csproj", "{07F96CC4-F3F5-4189-AC18-B67EF218D50F}"
EndProject
Project("{FAE04EC0-301F-11D3-BF4B-00C04F79EFBC}") = "Penguin.Messaging.Persistence.Local", "..\Penguin.Messaging.Persistence\Penguin.Messaging.Persistence.Local.csproj", "{2A3C85CE-5888-4030-8490-CD9F42F06B00}"
EndProject
Project("{FAE04EC0-301F-11D3-BF4B-00C04F79EFBC}") = "Penguin.Reflection.Serialization.Local", "..\Penguin.Reflection.Serialization\Penguin.Reflection.Serialization.Local.csproj", "{7A9C0EDD-6331-4A78-A1A9-74CC030A02B6}"
EndProject
Project("{FAE04EC0-301F-11D3-BF4B-00C04F79EFBC}") = "Penguin.Reflection.Serialization.Abstractions.Local", "..\Penguin.Reflection.Serialization.Abstractions\Penguin.Reflection.Serialization.Abstractions.Local.csproj", "{43B4D501-E71F-4704-8C86-CA3702D58EAC}"
EndProject
Project("{FAE04EC0-301F-11D3-BF4B-00C04F79EFBC}") = "Penguin.Reflection.Serialization.Extensions.Local", "..\Penguin.Reflection.Serialization.Extensions\Penguin.Reflection.Serialization.Extensions.Local.csproj", "{BFF96E35-665F-4EFA-BC43-41F4F6767079}"
EndProject
Project("{FAE04EC0-301F-11D3-BF4B-00C04F79EFBC}") = "Penguin.Templating.Abstractions.Local", "..\Penguin.Templating.Abstractions\Penguin.Templating.Abstractions.Local.csproj", "{ADAB8A84-7F09-45F0-B950-FFC2A4CF3299}"
EndProject
Project("{FAE04EC0-301F-11D3-BF4B-00C04F79EFBC}") = "Penguin.Testing.Local", "..\Penguin.Testing\Penguin.Testing.Local.csproj", "{ECFE3862-CC8E-41EF-8867-FDF388BD7698}"
EndProject
Project("{FAE04EC0-301F-11D3-BF4B-00C04F79EFBC}") = "Penguin.Web.Abstractions.Local", "..\Penguin.Web.Abstractions\Penguin.Web.Abstractions.Local.csproj", "{C82D7140-7091-4F37-A8A7-07E35EC1887D}"
EndProject
Project("{FAE04EC0-301F-11D3-BF4B-00C04F79EFBC}") = "Penguin.Web.DependencyInjection.Local", "..\Penguin.Web.DependencyInjection\Penguin.Web.DependencyInjection.Local.csproj", "{CC8CB892-ACB0-4582-BD63-64E9DE55B5D6}"
EndProject
Project("{FAE04EC0-301F-11D3-BF4B-00C04F79EFBC}") = "Penguin.Web.Testing.Local", "..\Penguin.Web.Testing\Penguin.Web.Testing.Local.csproj", "{75207625-35C0-44E8-B717-25C23A5F8894}"
EndProject
Project("{FAE04EC0-301F-11D3-BF4B-00C04F79EFBC}") = "Penguin.Web.Errors.Local", "..\Penguin.Web.Errors\Penguin.Web.Errors.Local.csproj", "{20626B4B-553D-4269-BF93-64DDFFA6CF35}"
EndProject
Project("{FAE04EC0-301F-11D3-BF4B-00C04F79EFBC}") = "Penguin.Web.Mvc.Local", "..\Penguin.Web.Mvc\Penguin.Web.Mvc.Local.csproj", "{03FFDCA6-270E-4F85-B638-F65E92177421}"
EndProject
Project("{FAE04EC0-301F-11D3-BF4B-00C04F79EFBC}") = "Penguin.Web.Mvc.Abstractions.Local", "..\Penguin.Web.Mvc.Abstractions\Penguin.Web.Mvc.Abstractions.Local.csproj", "{5663CDFB-28DE-40F9-A453-6383AA67E085}"
EndProject
Project("{FAE04EC0-301F-11D3-BF4B-00C04F79EFBC}") = "Penguin.Navigation.Abstractions.Local", "..\Penguin.Navigation.Abstractions\Penguin.Navigation.Abstractions.Local.csproj", "{5AFDC91C-D7BD-47E2-BE66-30612A150E12}"
EndProject
Project("{FAE04EC0-301F-11D3-BF4B-00C04F79EFBC}") = "Penguin.Web.Security.Local", "..\Penguin.Web.Security\Penguin.Web.Security.Local.csproj", "{85D82580-55F0-4CC9-8170-8989AAA86CD3}"
EndProject
Project("{FAE04EC0-301F-11D3-BF4B-00C04F79EFBC}") = "Penguin.Cms.Repositories.Local", "..\Penguin.Cms.Repositories\Penguin.Cms.Repositories.Local.csproj", "{F85CDB18-F56C-4539-9AF7-40232FFC68B2}"
EndProject
Project("{FAE04EC0-301F-11D3-BF4B-00C04F79EFBC}") = "Penguin.Shared.Objects.Local", "..\Penguin.Shared.Objects\Penguin.Shared.Objects.Local.csproj", "{D1CC86DC-4CEE-48E5-B870-F41683822C5B}"
EndProject
Project("{FAE04EC0-301F-11D3-BF4B-00C04F79EFBC}") = "Penguin.Web.Dynamic.Local", "..\Penguin.Web.Dynamic\Penguin.Web.Dynamic.Local.csproj", "{C6F79460-FF83-4392-962E-D00DC0B58CCE}"
EndProject
Project("{FAE04EC0-301F-11D3-BF4B-00C04F79EFBC}") = "Penguin.Cms.Security.Repositories.Local", "..\Penguin.Cms.Security.Repositories\Penguin.Cms.Security.Repositories.Local.csproj", "{32D347DE-63F8-4B0F-9D6A-211830A7FD66}"
EndProject
Project("{FAE04EC0-301F-11D3-BF4B-00C04F79EFBC}") = "Penguin.Cms.Security.Local", "..\Penguin.Cms.Security\Penguin.Cms.Security.Local.csproj", "{990EC156-7E81-42FE-8FE6-538B51C756C5}"
EndProject
Project("{FAE04EC0-301F-11D3-BF4B-00C04F79EFBC}") = "Penguin.Cms.Email.Abstractions.Local", "..\Penguin.Cms.Email.Abstractions\Penguin.Cms.Email.Abstractions.Local.csproj", "{1CCEBB6D-94E6-4C29-A9E0-8516F6A36A0F}"
EndProject
Project("{FAE04EC0-301F-11D3-BF4B-00C04F79EFBC}") = "Penguin.Email.Abstractions.Local", "..\Penguin.Email.Abstractions\Penguin.Email.Abstractions.Local.csproj", "{C9C4565F-845A-4121-8C2C-4476949FC607}"
EndProject
Project("{FAE04EC0-301F-11D3-BF4B-00C04F79EFBC}") = "Penguin.Email.Templating.Abstractions.Local", "..\Penguin.Email.Templating.Abstractions\Penguin.Email.Templating.Abstractions.Local.csproj", "{CB967C39-2EA9-4122-AD4C-9A7FEB466255}"
EndProject
Project("{FAE04EC0-301F-11D3-BF4B-00C04F79EFBC}") = "Penguin.Cms.Web.Security.Local", "..\Penguin.Cms.Web.Security\Penguin.Cms.Web.Security.Local.csproj", "{72EE3A45-1264-4EF8-B10A-2C79A3533DB0}"
EndProject
Project("{FAE04EC0-301F-11D3-BF4B-00C04F79EFBC}") = "Penguin.Web.Extensions.Local", "..\Penguin.Web.Extensions\Penguin.Web.Extensions.Local.csproj", "{8AD1AEDC-A86F-49AF-ACA7-E3157BED2B6E}"
EndProject
Project("{FAE04EC0-301F-11D3-BF4B-00C04F79EFBC}") = "Penguin.Security.Local", "..\Penguin.Security\Penguin.Security.Local.csproj", "{C83A006B-9219-4026-9B4E-CD2A63ED3788}"
EndProject
Project("{FAE04EC0-301F-11D3-BF4B-00C04F79EFBC}") = "Penguin.Web.Configuration.Local", "..\Penguin.Web.Configuration\Penguin.Web.Configuration.Local.csproj", "{42957832-34EC-4F9C-B83E-728BC38A6882}"
EndProject
Global
	GlobalSection(SolutionConfigurationPlatforms) = preSolution
		Debug|Any CPU = Debug|Any CPU
		Debug|x64 = Debug|x64
		Debug|x86 = Debug|x86
		Release|Any CPU = Release|Any CPU
		Release|x64 = Release|x64
		Release|x86 = Release|x86
	EndGlobalSection
	GlobalSection(SolutionProperties) = preSolution
		HideSolutionNode = FALSE
	EndGlobalSection
	GlobalSection(ProjectConfigurationPlatforms) = postSolution
		{CE7E7535-1126-4058-A9F1-0A55EC0B41C5}.Debug|Any CPU.ActiveCfg = Debug|Any CPU
		{CE7E7535-1126-4058-A9F1-0A55EC0B41C5}.Debug|Any CPU.Build.0 = Debug|Any CPU
		{CE7E7535-1126-4058-A9F1-0A55EC0B41C5}.Debug|x64.ActiveCfg = Debug|Any CPU
		{CE7E7535-1126-4058-A9F1-0A55EC0B41C5}.Debug|x64.Build.0 = Debug|Any CPU
		{CE7E7535-1126-4058-A9F1-0A55EC0B41C5}.Debug|x86.ActiveCfg = Debug|Any CPU
		{CE7E7535-1126-4058-A9F1-0A55EC0B41C5}.Debug|x86.Build.0 = Debug|Any CPU
		{CE7E7535-1126-4058-A9F1-0A55EC0B41C5}.Release|Any CPU.ActiveCfg = Release|Any CPU
		{CE7E7535-1126-4058-A9F1-0A55EC0B41C5}.Release|Any CPU.Build.0 = Release|Any CPU
		{CE7E7535-1126-4058-A9F1-0A55EC0B41C5}.Release|x64.ActiveCfg = Release|Any CPU
		{CE7E7535-1126-4058-A9F1-0A55EC0B41C5}.Release|x64.Build.0 = Release|Any CPU
		{CE7E7535-1126-4058-A9F1-0A55EC0B41C5}.Release|x86.ActiveCfg = Release|Any CPU
		{CE7E7535-1126-4058-A9F1-0A55EC0B41C5}.Release|x86.Build.0 = Release|Any CPU
		{8F71A92A-1B09-4A20-9BC6-225FA80EFC8D}.Debug|Any CPU.ActiveCfg = Debug|Any CPU
		{8F71A92A-1B09-4A20-9BC6-225FA80EFC8D}.Debug|Any CPU.Build.0 = Debug|Any CPU
		{8F71A92A-1B09-4A20-9BC6-225FA80EFC8D}.Debug|x64.ActiveCfg = Debug|Any CPU
		{8F71A92A-1B09-4A20-9BC6-225FA80EFC8D}.Debug|x64.Build.0 = Debug|Any CPU
		{8F71A92A-1B09-4A20-9BC6-225FA80EFC8D}.Debug|x86.ActiveCfg = Debug|Any CPU
		{8F71A92A-1B09-4A20-9BC6-225FA80EFC8D}.Debug|x86.Build.0 = Debug|Any CPU
		{8F71A92A-1B09-4A20-9BC6-225FA80EFC8D}.Release|Any CPU.ActiveCfg = Release|Any CPU
		{8F71A92A-1B09-4A20-9BC6-225FA80EFC8D}.Release|Any CPU.Build.0 = Release|Any CPU
		{8F71A92A-1B09-4A20-9BC6-225FA80EFC8D}.Release|x64.ActiveCfg = Release|Any CPU
		{8F71A92A-1B09-4A20-9BC6-225FA80EFC8D}.Release|x64.Build.0 = Release|Any CPU
		{8F71A92A-1B09-4A20-9BC6-225FA80EFC8D}.Release|x86.ActiveCfg = Release|Any CPU
		{8F71A92A-1B09-4A20-9BC6-225FA80EFC8D}.Release|x86.Build.0 = Release|Any CPU
		{0A7B3BB4-F458-4E49-972D-41EFEB190D77}.Debug|Any CPU.ActiveCfg = Debug|Any CPU
		{0A7B3BB4-F458-4E49-972D-41EFEB190D77}.Debug|Any CPU.Build.0 = Debug|Any CPU
		{0A7B3BB4-F458-4E49-972D-41EFEB190D77}.Debug|x64.ActiveCfg = Debug|Any CPU
		{0A7B3BB4-F458-4E49-972D-41EFEB190D77}.Debug|x64.Build.0 = Debug|Any CPU
		{0A7B3BB4-F458-4E49-972D-41EFEB190D77}.Debug|x86.ActiveCfg = Debug|Any CPU
		{0A7B3BB4-F458-4E49-972D-41EFEB190D77}.Debug|x86.Build.0 = Debug|Any CPU
		{0A7B3BB4-F458-4E49-972D-41EFEB190D77}.Release|Any CPU.ActiveCfg = Release|Any CPU
		{0A7B3BB4-F458-4E49-972D-41EFEB190D77}.Release|Any CPU.Build.0 = Release|Any CPU
		{0A7B3BB4-F458-4E49-972D-41EFEB190D77}.Release|x64.ActiveCfg = Release|Any CPU
		{0A7B3BB4-F458-4E49-972D-41EFEB190D77}.Release|x64.Build.0 = Release|Any CPU
		{0A7B3BB4-F458-4E49-972D-41EFEB190D77}.Release|x86.ActiveCfg = Release|Any CPU
		{0A7B3BB4-F458-4E49-972D-41EFEB190D77}.Release|x86.Build.0 = Release|Any CPU
		{C3A63EA2-1404-4CC8-9A71-608BA590A466}.Debug|Any CPU.ActiveCfg = Debug|Any CPU
		{C3A63EA2-1404-4CC8-9A71-608BA590A466}.Debug|Any CPU.Build.0 = Debug|Any CPU
		{C3A63EA2-1404-4CC8-9A71-608BA590A466}.Debug|x64.ActiveCfg = Debug|Any CPU
		{C3A63EA2-1404-4CC8-9A71-608BA590A466}.Debug|x64.Build.0 = Debug|Any CPU
		{C3A63EA2-1404-4CC8-9A71-608BA590A466}.Debug|x86.ActiveCfg = Debug|Any CPU
		{C3A63EA2-1404-4CC8-9A71-608BA590A466}.Debug|x86.Build.0 = Debug|Any CPU
		{C3A63EA2-1404-4CC8-9A71-608BA590A466}.Release|Any CPU.ActiveCfg = Release|Any CPU
		{C3A63EA2-1404-4CC8-9A71-608BA590A466}.Release|Any CPU.Build.0 = Release|Any CPU
		{C3A63EA2-1404-4CC8-9A71-608BA590A466}.Release|x64.ActiveCfg = Release|Any CPU
		{C3A63EA2-1404-4CC8-9A71-608BA590A466}.Release|x64.Build.0 = Release|Any CPU
		{C3A63EA2-1404-4CC8-9A71-608BA590A466}.Release|x86.ActiveCfg = Release|Any CPU
		{C3A63EA2-1404-4CC8-9A71-608BA590A466}.Release|x86.Build.0 = Release|Any CPU
		{191A5A64-9B57-4168-A531-AD5AEDEC9F59}.Debug|Any CPU.ActiveCfg = Debug|Any CPU
		{191A5A64-9B57-4168-A531-AD5AEDEC9F59}.Debug|Any CPU.Build.0 = Debug|Any CPU
		{191A5A64-9B57-4168-A531-AD5AEDEC9F59}.Debug|x64.ActiveCfg = Debug|Any CPU
		{191A5A64-9B57-4168-A531-AD5AEDEC9F59}.Debug|x64.Build.0 = Debug|Any CPU
		{191A5A64-9B57-4168-A531-AD5AEDEC9F59}.Debug|x86.ActiveCfg = Debug|Any CPU
		{191A5A64-9B57-4168-A531-AD5AEDEC9F59}.Debug|x86.Build.0 = Debug|Any CPU
		{191A5A64-9B57-4168-A531-AD5AEDEC9F59}.Release|Any CPU.ActiveCfg = Release|Any CPU
		{191A5A64-9B57-4168-A531-AD5AEDEC9F59}.Release|Any CPU.Build.0 = Release|Any CPU
		{191A5A64-9B57-4168-A531-AD5AEDEC9F59}.Release|x64.ActiveCfg = Release|Any CPU
		{191A5A64-9B57-4168-A531-AD5AEDEC9F59}.Release|x64.Build.0 = Release|Any CPU
		{191A5A64-9B57-4168-A531-AD5AEDEC9F59}.Release|x86.ActiveCfg = Release|Any CPU
		{191A5A64-9B57-4168-A531-AD5AEDEC9F59}.Release|x86.Build.0 = Release|Any CPU
		{BB447382-E145-4F0C-9A75-7E4F12461250}.Debug|Any CPU.ActiveCfg = Debug|Any CPU
		{BB447382-E145-4F0C-9A75-7E4F12461250}.Debug|Any CPU.Build.0 = Debug|Any CPU
		{BB447382-E145-4F0C-9A75-7E4F12461250}.Debug|x64.ActiveCfg = Debug|Any CPU
		{BB447382-E145-4F0C-9A75-7E4F12461250}.Debug|x64.Build.0 = Debug|Any CPU
		{BB447382-E145-4F0C-9A75-7E4F12461250}.Debug|x86.ActiveCfg = Debug|Any CPU
		{BB447382-E145-4F0C-9A75-7E4F12461250}.Debug|x86.Build.0 = Debug|Any CPU
		{BB447382-E145-4F0C-9A75-7E4F12461250}.Release|Any CPU.ActiveCfg = Release|Any CPU
		{BB447382-E145-4F0C-9A75-7E4F12461250}.Release|Any CPU.Build.0 = Release|Any CPU
		{BB447382-E145-4F0C-9A75-7E4F12461250}.Release|x64.ActiveCfg = Release|Any CPU
		{BB447382-E145-4F0C-9A75-7E4F12461250}.Release|x64.Build.0 = Release|Any CPU
		{BB447382-E145-4F0C-9A75-7E4F12461250}.Release|x86.ActiveCfg = Release|Any CPU
		{BB447382-E145-4F0C-9A75-7E4F12461250}.Release|x86.Build.0 = Release|Any CPU
		{AE4E0F6F-5CB0-40F5-86D4-D29A3BDFE4F8}.Debug|Any CPU.ActiveCfg = Debug|Any CPU
		{AE4E0F6F-5CB0-40F5-86D4-D29A3BDFE4F8}.Debug|Any CPU.Build.0 = Debug|Any CPU
		{AE4E0F6F-5CB0-40F5-86D4-D29A3BDFE4F8}.Debug|x64.ActiveCfg = Debug|Any CPU
		{AE4E0F6F-5CB0-40F5-86D4-D29A3BDFE4F8}.Debug|x64.Build.0 = Debug|Any CPU
		{AE4E0F6F-5CB0-40F5-86D4-D29A3BDFE4F8}.Debug|x86.ActiveCfg = Debug|Any CPU
		{AE4E0F6F-5CB0-40F5-86D4-D29A3BDFE4F8}.Debug|x86.Build.0 = Debug|Any CPU
		{AE4E0F6F-5CB0-40F5-86D4-D29A3BDFE4F8}.Release|Any CPU.ActiveCfg = Release|Any CPU
		{AE4E0F6F-5CB0-40F5-86D4-D29A3BDFE4F8}.Release|Any CPU.Build.0 = Release|Any CPU
		{AE4E0F6F-5CB0-40F5-86D4-D29A3BDFE4F8}.Release|x64.ActiveCfg = Release|Any CPU
		{AE4E0F6F-5CB0-40F5-86D4-D29A3BDFE4F8}.Release|x64.Build.0 = Release|Any CPU
		{AE4E0F6F-5CB0-40F5-86D4-D29A3BDFE4F8}.Release|x86.ActiveCfg = Release|Any CPU
		{AE4E0F6F-5CB0-40F5-86D4-D29A3BDFE4F8}.Release|x86.Build.0 = Release|Any CPU
		{AC45F910-F1A5-4A5D-B4DF-9CCD4DBC1A9A}.Debug|Any CPU.ActiveCfg = Debug|Any CPU
		{AC45F910-F1A5-4A5D-B4DF-9CCD4DBC1A9A}.Debug|Any CPU.Build.0 = Debug|Any CPU
		{AC45F910-F1A5-4A5D-B4DF-9CCD4DBC1A9A}.Debug|x64.ActiveCfg = Debug|Any CPU
		{AC45F910-F1A5-4A5D-B4DF-9CCD4DBC1A9A}.Debug|x64.Build.0 = Debug|Any CPU
		{AC45F910-F1A5-4A5D-B4DF-9CCD4DBC1A9A}.Debug|x86.ActiveCfg = Debug|Any CPU
		{AC45F910-F1A5-4A5D-B4DF-9CCD4DBC1A9A}.Debug|x86.Build.0 = Debug|Any CPU
		{AC45F910-F1A5-4A5D-B4DF-9CCD4DBC1A9A}.Release|Any CPU.ActiveCfg = Release|Any CPU
		{AC45F910-F1A5-4A5D-B4DF-9CCD4DBC1A9A}.Release|Any CPU.Build.0 = Release|Any CPU
		{AC45F910-F1A5-4A5D-B4DF-9CCD4DBC1A9A}.Release|x64.ActiveCfg = Release|Any CPU
		{AC45F910-F1A5-4A5D-B4DF-9CCD4DBC1A9A}.Release|x64.Build.0 = Release|Any CPU
		{AC45F910-F1A5-4A5D-B4DF-9CCD4DBC1A9A}.Release|x86.ActiveCfg = Release|Any CPU
		{AC45F910-F1A5-4A5D-B4DF-9CCD4DBC1A9A}.Release|x86.Build.0 = Release|Any CPU
		{278FFF8B-FFA2-428D-ACAC-296C5728104F}.Debug|Any CPU.ActiveCfg = Debug|Any CPU
		{278FFF8B-FFA2-428D-ACAC-296C5728104F}.Debug|Any CPU.Build.0 = Debug|Any CPU
		{278FFF8B-FFA2-428D-ACAC-296C5728104F}.Debug|x64.ActiveCfg = Debug|Any CPU
		{278FFF8B-FFA2-428D-ACAC-296C5728104F}.Debug|x64.Build.0 = Debug|Any CPU
		{278FFF8B-FFA2-428D-ACAC-296C5728104F}.Debug|x86.ActiveCfg = Debug|Any CPU
		{278FFF8B-FFA2-428D-ACAC-296C5728104F}.Debug|x86.Build.0 = Debug|Any CPU
		{278FFF8B-FFA2-428D-ACAC-296C5728104F}.Release|Any CPU.ActiveCfg = Release|Any CPU
		{278FFF8B-FFA2-428D-ACAC-296C5728104F}.Release|Any CPU.Build.0 = Release|Any CPU
		{278FFF8B-FFA2-428D-ACAC-296C5728104F}.Release|x64.ActiveCfg = Release|Any CPU
		{278FFF8B-FFA2-428D-ACAC-296C5728104F}.Release|x64.Build.0 = Release|Any CPU
		{278FFF8B-FFA2-428D-ACAC-296C5728104F}.Release|x86.ActiveCfg = Release|Any CPU
		{278FFF8B-FFA2-428D-ACAC-296C5728104F}.Release|x86.Build.0 = Release|Any CPU
		{D6BFFEC9-4808-4F33-A0C6-41533D157CB3}.Debug|Any CPU.ActiveCfg = Debug|Any CPU
		{D6BFFEC9-4808-4F33-A0C6-41533D157CB3}.Debug|Any CPU.Build.0 = Debug|Any CPU
		{D6BFFEC9-4808-4F33-A0C6-41533D157CB3}.Debug|x64.ActiveCfg = Debug|Any CPU
		{D6BFFEC9-4808-4F33-A0C6-41533D157CB3}.Debug|x64.Build.0 = Debug|Any CPU
		{D6BFFEC9-4808-4F33-A0C6-41533D157CB3}.Debug|x86.ActiveCfg = Debug|Any CPU
		{D6BFFEC9-4808-4F33-A0C6-41533D157CB3}.Debug|x86.Build.0 = Debug|Any CPU
		{D6BFFEC9-4808-4F33-A0C6-41533D157CB3}.Release|Any CPU.ActiveCfg = Release|Any CPU
		{D6BFFEC9-4808-4F33-A0C6-41533D157CB3}.Release|Any CPU.Build.0 = Release|Any CPU
		{D6BFFEC9-4808-4F33-A0C6-41533D157CB3}.Release|x64.ActiveCfg = Release|Any CPU
		{D6BFFEC9-4808-4F33-A0C6-41533D157CB3}.Release|x64.Build.0 = Release|Any CPU
		{D6BFFEC9-4808-4F33-A0C6-41533D157CB3}.Release|x86.ActiveCfg = Release|Any CPU
		{D6BFFEC9-4808-4F33-A0C6-41533D157CB3}.Release|x86.Build.0 = Release|Any CPU
		{67B3CDC3-17B2-43E4-B871-80734D48E3D5}.Debug|Any CPU.ActiveCfg = Debug|Any CPU
		{67B3CDC3-17B2-43E4-B871-80734D48E3D5}.Debug|Any CPU.Build.0 = Debug|Any CPU
		{67B3CDC3-17B2-43E4-B871-80734D48E3D5}.Debug|x64.ActiveCfg = Debug|Any CPU
		{67B3CDC3-17B2-43E4-B871-80734D48E3D5}.Debug|x64.Build.0 = Debug|Any CPU
		{67B3CDC3-17B2-43E4-B871-80734D48E3D5}.Debug|x86.ActiveCfg = Debug|Any CPU
		{67B3CDC3-17B2-43E4-B871-80734D48E3D5}.Debug|x86.Build.0 = Debug|Any CPU
		{67B3CDC3-17B2-43E4-B871-80734D48E3D5}.Release|Any CPU.ActiveCfg = Release|Any CPU
		{67B3CDC3-17B2-43E4-B871-80734D48E3D5}.Release|Any CPU.Build.0 = Release|Any CPU
		{67B3CDC3-17B2-43E4-B871-80734D48E3D5}.Release|x64.ActiveCfg = Release|Any CPU
		{67B3CDC3-17B2-43E4-B871-80734D48E3D5}.Release|x64.Build.0 = Release|Any CPU
		{67B3CDC3-17B2-43E4-B871-80734D48E3D5}.Release|x86.ActiveCfg = Release|Any CPU
		{67B3CDC3-17B2-43E4-B871-80734D48E3D5}.Release|x86.Build.0 = Release|Any CPU
		{3D2E9B80-7B63-4A87-87EC-5210C45F92AD}.Debug|Any CPU.ActiveCfg = Debug|Any CPU
		{3D2E9B80-7B63-4A87-87EC-5210C45F92AD}.Debug|Any CPU.Build.0 = Debug|Any CPU
		{3D2E9B80-7B63-4A87-87EC-5210C45F92AD}.Debug|x64.ActiveCfg = Debug|Any CPU
		{3D2E9B80-7B63-4A87-87EC-5210C45F92AD}.Debug|x64.Build.0 = Debug|Any CPU
		{3D2E9B80-7B63-4A87-87EC-5210C45F92AD}.Debug|x86.ActiveCfg = Debug|Any CPU
		{3D2E9B80-7B63-4A87-87EC-5210C45F92AD}.Debug|x86.Build.0 = Debug|Any CPU
		{3D2E9B80-7B63-4A87-87EC-5210C45F92AD}.Release|Any CPU.ActiveCfg = Release|Any CPU
		{3D2E9B80-7B63-4A87-87EC-5210C45F92AD}.Release|Any CPU.Build.0 = Release|Any CPU
		{3D2E9B80-7B63-4A87-87EC-5210C45F92AD}.Release|x64.ActiveCfg = Release|Any CPU
		{3D2E9B80-7B63-4A87-87EC-5210C45F92AD}.Release|x64.Build.0 = Release|Any CPU
		{3D2E9B80-7B63-4A87-87EC-5210C45F92AD}.Release|x86.ActiveCfg = Release|Any CPU
		{3D2E9B80-7B63-4A87-87EC-5210C45F92AD}.Release|x86.Build.0 = Release|Any CPU
		{48C73F8D-1432-4E4E-AEA1-8E29ECC39D7D}.Debug|Any CPU.ActiveCfg = Debug|Any CPU
		{48C73F8D-1432-4E4E-AEA1-8E29ECC39D7D}.Debug|Any CPU.Build.0 = Debug|Any CPU
		{48C73F8D-1432-4E4E-AEA1-8E29ECC39D7D}.Debug|x64.ActiveCfg = Debug|Any CPU
		{48C73F8D-1432-4E4E-AEA1-8E29ECC39D7D}.Debug|x64.Build.0 = Debug|Any CPU
		{48C73F8D-1432-4E4E-AEA1-8E29ECC39D7D}.Debug|x86.ActiveCfg = Debug|Any CPU
		{48C73F8D-1432-4E4E-AEA1-8E29ECC39D7D}.Debug|x86.Build.0 = Debug|Any CPU
		{48C73F8D-1432-4E4E-AEA1-8E29ECC39D7D}.Release|Any CPU.ActiveCfg = Release|Any CPU
		{48C73F8D-1432-4E4E-AEA1-8E29ECC39D7D}.Release|Any CPU.Build.0 = Release|Any CPU
		{48C73F8D-1432-4E4E-AEA1-8E29ECC39D7D}.Release|x64.ActiveCfg = Release|Any CPU
		{48C73F8D-1432-4E4E-AEA1-8E29ECC39D7D}.Release|x64.Build.0 = Release|Any CPU
		{48C73F8D-1432-4E4E-AEA1-8E29ECC39D7D}.Release|x86.ActiveCfg = Release|Any CPU
		{48C73F8D-1432-4E4E-AEA1-8E29ECC39D7D}.Release|x86.Build.0 = Release|Any CPU
		{1FEA36EA-2F58-462C-97C1-6B07E245AFA4}.Debug|Any CPU.ActiveCfg = Debug|Any CPU
		{1FEA36EA-2F58-462C-97C1-6B07E245AFA4}.Debug|Any CPU.Build.0 = Debug|Any CPU
		{1FEA36EA-2F58-462C-97C1-6B07E245AFA4}.Debug|x64.ActiveCfg = Debug|Any CPU
		{1FEA36EA-2F58-462C-97C1-6B07E245AFA4}.Debug|x64.Build.0 = Debug|Any CPU
		{1FEA36EA-2F58-462C-97C1-6B07E245AFA4}.Debug|x86.ActiveCfg = Debug|Any CPU
		{1FEA36EA-2F58-462C-97C1-6B07E245AFA4}.Debug|x86.Build.0 = Debug|Any CPU
		{1FEA36EA-2F58-462C-97C1-6B07E245AFA4}.Release|Any CPU.ActiveCfg = Release|Any CPU
		{1FEA36EA-2F58-462C-97C1-6B07E245AFA4}.Release|Any CPU.Build.0 = Release|Any CPU
		{1FEA36EA-2F58-462C-97C1-6B07E245AFA4}.Release|x64.ActiveCfg = Release|Any CPU
		{1FEA36EA-2F58-462C-97C1-6B07E245AFA4}.Release|x64.Build.0 = Release|Any CPU
		{1FEA36EA-2F58-462C-97C1-6B07E245AFA4}.Release|x86.ActiveCfg = Release|Any CPU
		{1FEA36EA-2F58-462C-97C1-6B07E245AFA4}.Release|x86.Build.0 = Release|Any CPU
		{ECE67901-299C-4DFD-8134-35EE9CD3FC21}.Debug|Any CPU.ActiveCfg = Debug|Any CPU
		{ECE67901-299C-4DFD-8134-35EE9CD3FC21}.Debug|Any CPU.Build.0 = Debug|Any CPU
		{ECE67901-299C-4DFD-8134-35EE9CD3FC21}.Debug|x64.ActiveCfg = Debug|Any CPU
		{ECE67901-299C-4DFD-8134-35EE9CD3FC21}.Debug|x64.Build.0 = Debug|Any CPU
		{ECE67901-299C-4DFD-8134-35EE9CD3FC21}.Debug|x86.ActiveCfg = Debug|Any CPU
		{ECE67901-299C-4DFD-8134-35EE9CD3FC21}.Debug|x86.Build.0 = Debug|Any CPU
		{ECE67901-299C-4DFD-8134-35EE9CD3FC21}.Release|Any CPU.ActiveCfg = Release|Any CPU
		{ECE67901-299C-4DFD-8134-35EE9CD3FC21}.Release|Any CPU.Build.0 = Release|Any CPU
		{ECE67901-299C-4DFD-8134-35EE9CD3FC21}.Release|x64.ActiveCfg = Release|Any CPU
		{ECE67901-299C-4DFD-8134-35EE9CD3FC21}.Release|x64.Build.0 = Release|Any CPU
		{ECE67901-299C-4DFD-8134-35EE9CD3FC21}.Release|x86.ActiveCfg = Release|Any CPU
		{ECE67901-299C-4DFD-8134-35EE9CD3FC21}.Release|x86.Build.0 = Release|Any CPU
		{944A17B5-E783-4802-832F-E4D967DD8939}.Debug|Any CPU.ActiveCfg = Debug|Any CPU
		{944A17B5-E783-4802-832F-E4D967DD8939}.Debug|Any CPU.Build.0 = Debug|Any CPU
		{944A17B5-E783-4802-832F-E4D967DD8939}.Debug|x64.ActiveCfg = Debug|Any CPU
		{944A17B5-E783-4802-832F-E4D967DD8939}.Debug|x64.Build.0 = Debug|Any CPU
		{944A17B5-E783-4802-832F-E4D967DD8939}.Debug|x86.ActiveCfg = Debug|Any CPU
		{944A17B5-E783-4802-832F-E4D967DD8939}.Debug|x86.Build.0 = Debug|Any CPU
		{944A17B5-E783-4802-832F-E4D967DD8939}.Release|Any CPU.ActiveCfg = Release|Any CPU
		{944A17B5-E783-4802-832F-E4D967DD8939}.Release|Any CPU.Build.0 = Release|Any CPU
		{944A17B5-E783-4802-832F-E4D967DD8939}.Release|x64.ActiveCfg = Release|Any CPU
		{944A17B5-E783-4802-832F-E4D967DD8939}.Release|x64.Build.0 = Release|Any CPU
		{944A17B5-E783-4802-832F-E4D967DD8939}.Release|x86.ActiveCfg = Release|Any CPU
		{944A17B5-E783-4802-832F-E4D967DD8939}.Release|x86.Build.0 = Release|Any CPU
		{987BFB60-A6DE-4DA4-B35B-05011DA0F650}.Debug|Any CPU.ActiveCfg = Debug|Any CPU
		{987BFB60-A6DE-4DA4-B35B-05011DA0F650}.Debug|Any CPU.Build.0 = Debug|Any CPU
		{987BFB60-A6DE-4DA4-B35B-05011DA0F650}.Debug|x64.ActiveCfg = Debug|Any CPU
		{987BFB60-A6DE-4DA4-B35B-05011DA0F650}.Debug|x64.Build.0 = Debug|Any CPU
		{987BFB60-A6DE-4DA4-B35B-05011DA0F650}.Debug|x86.ActiveCfg = Debug|Any CPU
		{987BFB60-A6DE-4DA4-B35B-05011DA0F650}.Debug|x86.Build.0 = Debug|Any CPU
		{987BFB60-A6DE-4DA4-B35B-05011DA0F650}.Release|Any CPU.ActiveCfg = Release|Any CPU
		{987BFB60-A6DE-4DA4-B35B-05011DA0F650}.Release|Any CPU.Build.0 = Release|Any CPU
		{987BFB60-A6DE-4DA4-B35B-05011DA0F650}.Release|x64.ActiveCfg = Release|Any CPU
		{987BFB60-A6DE-4DA4-B35B-05011DA0F650}.Release|x64.Build.0 = Release|Any CPU
		{987BFB60-A6DE-4DA4-B35B-05011DA0F650}.Release|x86.ActiveCfg = Release|Any CPU
		{987BFB60-A6DE-4DA4-B35B-05011DA0F650}.Release|x86.Build.0 = Release|Any CPU
		{424459C1-7935-459B-81C0-38AC6A993858}.Debug|Any CPU.ActiveCfg = Debug|Any CPU
		{424459C1-7935-459B-81C0-38AC6A993858}.Debug|Any CPU.Build.0 = Debug|Any CPU
		{424459C1-7935-459B-81C0-38AC6A993858}.Debug|x64.ActiveCfg = Debug|Any CPU
		{424459C1-7935-459B-81C0-38AC6A993858}.Debug|x64.Build.0 = Debug|Any CPU
		{424459C1-7935-459B-81C0-38AC6A993858}.Debug|x86.ActiveCfg = Debug|Any CPU
		{424459C1-7935-459B-81C0-38AC6A993858}.Debug|x86.Build.0 = Debug|Any CPU
		{424459C1-7935-459B-81C0-38AC6A993858}.Release|Any CPU.ActiveCfg = Release|Any CPU
		{424459C1-7935-459B-81C0-38AC6A993858}.Release|Any CPU.Build.0 = Release|Any CPU
		{424459C1-7935-459B-81C0-38AC6A993858}.Release|x64.ActiveCfg = Release|Any CPU
		{424459C1-7935-459B-81C0-38AC6A993858}.Release|x64.Build.0 = Release|Any CPU
		{424459C1-7935-459B-81C0-38AC6A993858}.Release|x86.ActiveCfg = Release|Any CPU
		{424459C1-7935-459B-81C0-38AC6A993858}.Release|x86.Build.0 = Release|Any CPU
		{3AC90D50-FC4E-4230-BE36-89D82D46658C}.Debug|Any CPU.ActiveCfg = Debug|Any CPU
		{3AC90D50-FC4E-4230-BE36-89D82D46658C}.Debug|Any CPU.Build.0 = Debug|Any CPU
		{3AC90D50-FC4E-4230-BE36-89D82D46658C}.Debug|x64.ActiveCfg = Debug|Any CPU
		{3AC90D50-FC4E-4230-BE36-89D82D46658C}.Debug|x64.Build.0 = Debug|Any CPU
		{3AC90D50-FC4E-4230-BE36-89D82D46658C}.Debug|x86.ActiveCfg = Debug|Any CPU
		{3AC90D50-FC4E-4230-BE36-89D82D46658C}.Debug|x86.Build.0 = Debug|Any CPU
		{3AC90D50-FC4E-4230-BE36-89D82D46658C}.Release|Any CPU.ActiveCfg = Release|Any CPU
		{3AC90D50-FC4E-4230-BE36-89D82D46658C}.Release|Any CPU.Build.0 = Release|Any CPU
		{3AC90D50-FC4E-4230-BE36-89D82D46658C}.Release|x64.ActiveCfg = Release|Any CPU
		{3AC90D50-FC4E-4230-BE36-89D82D46658C}.Release|x64.Build.0 = Release|Any CPU
		{3AC90D50-FC4E-4230-BE36-89D82D46658C}.Release|x86.ActiveCfg = Release|Any CPU
		{3AC90D50-FC4E-4230-BE36-89D82D46658C}.Release|x86.Build.0 = Release|Any CPU
		{9A808735-82C8-46BC-9CC0-D109A4D0F914}.Debug|Any CPU.ActiveCfg = Debug|Any CPU
		{9A808735-82C8-46BC-9CC0-D109A4D0F914}.Debug|Any CPU.Build.0 = Debug|Any CPU
		{9A808735-82C8-46BC-9CC0-D109A4D0F914}.Debug|x64.ActiveCfg = Debug|Any CPU
		{9A808735-82C8-46BC-9CC0-D109A4D0F914}.Debug|x64.Build.0 = Debug|Any CPU
		{9A808735-82C8-46BC-9CC0-D109A4D0F914}.Debug|x86.ActiveCfg = Debug|Any CPU
		{9A808735-82C8-46BC-9CC0-D109A4D0F914}.Debug|x86.Build.0 = Debug|Any CPU
		{9A808735-82C8-46BC-9CC0-D109A4D0F914}.Release|Any CPU.ActiveCfg = Release|Any CPU
		{9A808735-82C8-46BC-9CC0-D109A4D0F914}.Release|Any CPU.Build.0 = Release|Any CPU
		{9A808735-82C8-46BC-9CC0-D109A4D0F914}.Release|x64.ActiveCfg = Release|Any CPU
		{9A808735-82C8-46BC-9CC0-D109A4D0F914}.Release|x64.Build.0 = Release|Any CPU
		{9A808735-82C8-46BC-9CC0-D109A4D0F914}.Release|x86.ActiveCfg = Release|Any CPU
		{9A808735-82C8-46BC-9CC0-D109A4D0F914}.Release|x86.Build.0 = Release|Any CPU
		{1711E56B-5AC5-43CB-81DB-834DEC1EF08F}.Debug|Any CPU.ActiveCfg = Debug|Any CPU
		{1711E56B-5AC5-43CB-81DB-834DEC1EF08F}.Debug|Any CPU.Build.0 = Debug|Any CPU
		{1711E56B-5AC5-43CB-81DB-834DEC1EF08F}.Debug|x64.ActiveCfg = Debug|Any CPU
		{1711E56B-5AC5-43CB-81DB-834DEC1EF08F}.Debug|x64.Build.0 = Debug|Any CPU
		{1711E56B-5AC5-43CB-81DB-834DEC1EF08F}.Debug|x86.ActiveCfg = Debug|Any CPU
		{1711E56B-5AC5-43CB-81DB-834DEC1EF08F}.Debug|x86.Build.0 = Debug|Any CPU
		{1711E56B-5AC5-43CB-81DB-834DEC1EF08F}.Release|Any CPU.ActiveCfg = Release|Any CPU
		{1711E56B-5AC5-43CB-81DB-834DEC1EF08F}.Release|Any CPU.Build.0 = Release|Any CPU
		{1711E56B-5AC5-43CB-81DB-834DEC1EF08F}.Release|x64.ActiveCfg = Release|Any CPU
		{1711E56B-5AC5-43CB-81DB-834DEC1EF08F}.Release|x64.Build.0 = Release|Any CPU
		{1711E56B-5AC5-43CB-81DB-834DEC1EF08F}.Release|x86.ActiveCfg = Release|Any CPU
		{1711E56B-5AC5-43CB-81DB-834DEC1EF08F}.Release|x86.Build.0 = Release|Any CPU
		{81342A63-3338-4E79-A292-9DDB6F213C8E}.Debug|Any CPU.ActiveCfg = Debug|Any CPU
		{81342A63-3338-4E79-A292-9DDB6F213C8E}.Debug|Any CPU.Build.0 = Debug|Any CPU
		{81342A63-3338-4E79-A292-9DDB6F213C8E}.Debug|x64.ActiveCfg = Debug|Any CPU
		{81342A63-3338-4E79-A292-9DDB6F213C8E}.Debug|x64.Build.0 = Debug|Any CPU
		{81342A63-3338-4E79-A292-9DDB6F213C8E}.Debug|x86.ActiveCfg = Debug|Any CPU
		{81342A63-3338-4E79-A292-9DDB6F213C8E}.Debug|x86.Build.0 = Debug|Any CPU
		{81342A63-3338-4E79-A292-9DDB6F213C8E}.Release|Any CPU.ActiveCfg = Release|Any CPU
		{81342A63-3338-4E79-A292-9DDB6F213C8E}.Release|Any CPU.Build.0 = Release|Any CPU
		{81342A63-3338-4E79-A292-9DDB6F213C8E}.Release|x64.ActiveCfg = Release|Any CPU
		{81342A63-3338-4E79-A292-9DDB6F213C8E}.Release|x64.Build.0 = Release|Any CPU
		{81342A63-3338-4E79-A292-9DDB6F213C8E}.Release|x86.ActiveCfg = Release|Any CPU
		{81342A63-3338-4E79-A292-9DDB6F213C8E}.Release|x86.Build.0 = Release|Any CPU
		{206FF35A-29DD-4C08-8F7B-A88254696132}.Debug|Any CPU.ActiveCfg = Debug|Any CPU
		{206FF35A-29DD-4C08-8F7B-A88254696132}.Debug|Any CPU.Build.0 = Debug|Any CPU
		{206FF35A-29DD-4C08-8F7B-A88254696132}.Debug|x64.ActiveCfg = Debug|Any CPU
		{206FF35A-29DD-4C08-8F7B-A88254696132}.Debug|x64.Build.0 = Debug|Any CPU
		{206FF35A-29DD-4C08-8F7B-A88254696132}.Debug|x86.ActiveCfg = Debug|Any CPU
		{206FF35A-29DD-4C08-8F7B-A88254696132}.Debug|x86.Build.0 = Debug|Any CPU
		{206FF35A-29DD-4C08-8F7B-A88254696132}.Release|Any CPU.ActiveCfg = Release|Any CPU
		{206FF35A-29DD-4C08-8F7B-A88254696132}.Release|Any CPU.Build.0 = Release|Any CPU
		{206FF35A-29DD-4C08-8F7B-A88254696132}.Release|x64.ActiveCfg = Release|Any CPU
		{206FF35A-29DD-4C08-8F7B-A88254696132}.Release|x64.Build.0 = Release|Any CPU
		{206FF35A-29DD-4C08-8F7B-A88254696132}.Release|x86.ActiveCfg = Release|Any CPU
		{206FF35A-29DD-4C08-8F7B-A88254696132}.Release|x86.Build.0 = Release|Any CPU
		{3C3647E7-DB6E-4A46-A728-D67BF658177E}.Debug|Any CPU.ActiveCfg = Debug|Any CPU
		{3C3647E7-DB6E-4A46-A728-D67BF658177E}.Debug|Any CPU.Build.0 = Debug|Any CPU
		{3C3647E7-DB6E-4A46-A728-D67BF658177E}.Debug|x64.ActiveCfg = Debug|Any CPU
		{3C3647E7-DB6E-4A46-A728-D67BF658177E}.Debug|x64.Build.0 = Debug|Any CPU
		{3C3647E7-DB6E-4A46-A728-D67BF658177E}.Debug|x86.ActiveCfg = Debug|Any CPU
		{3C3647E7-DB6E-4A46-A728-D67BF658177E}.Debug|x86.Build.0 = Debug|Any CPU
		{3C3647E7-DB6E-4A46-A728-D67BF658177E}.Release|Any CPU.ActiveCfg = Release|Any CPU
		{3C3647E7-DB6E-4A46-A728-D67BF658177E}.Release|Any CPU.Build.0 = Release|Any CPU
		{3C3647E7-DB6E-4A46-A728-D67BF658177E}.Release|x64.ActiveCfg = Release|Any CPU
		{3C3647E7-DB6E-4A46-A728-D67BF658177E}.Release|x64.Build.0 = Release|Any CPU
		{3C3647E7-DB6E-4A46-A728-D67BF658177E}.Release|x86.ActiveCfg = Release|Any CPU
		{3C3647E7-DB6E-4A46-A728-D67BF658177E}.Release|x86.Build.0 = Release|Any CPU
		{69719704-32C5-4789-AA01-25A4270FDAA9}.Debug|Any CPU.ActiveCfg = Debug|Any CPU
		{69719704-32C5-4789-AA01-25A4270FDAA9}.Debug|Any CPU.Build.0 = Debug|Any CPU
		{69719704-32C5-4789-AA01-25A4270FDAA9}.Debug|x64.ActiveCfg = Debug|Any CPU
		{69719704-32C5-4789-AA01-25A4270FDAA9}.Debug|x64.Build.0 = Debug|Any CPU
		{69719704-32C5-4789-AA01-25A4270FDAA9}.Debug|x86.ActiveCfg = Debug|Any CPU
		{69719704-32C5-4789-AA01-25A4270FDAA9}.Debug|x86.Build.0 = Debug|Any CPU
		{69719704-32C5-4789-AA01-25A4270FDAA9}.Release|Any CPU.ActiveCfg = Release|Any CPU
		{69719704-32C5-4789-AA01-25A4270FDAA9}.Release|Any CPU.Build.0 = Release|Any CPU
		{69719704-32C5-4789-AA01-25A4270FDAA9}.Release|x64.ActiveCfg = Release|Any CPU
		{69719704-32C5-4789-AA01-25A4270FDAA9}.Release|x64.Build.0 = Release|Any CPU
		{69719704-32C5-4789-AA01-25A4270FDAA9}.Release|x86.ActiveCfg = Release|Any CPU
		{69719704-32C5-4789-AA01-25A4270FDAA9}.Release|x86.Build.0 = Release|Any CPU
		{72766D2D-4933-4357-964C-F58A3636D78B}.Debug|Any CPU.ActiveCfg = Debug|Any CPU
		{72766D2D-4933-4357-964C-F58A3636D78B}.Debug|Any CPU.Build.0 = Debug|Any CPU
		{72766D2D-4933-4357-964C-F58A3636D78B}.Debug|x64.ActiveCfg = Debug|Any CPU
		{72766D2D-4933-4357-964C-F58A3636D78B}.Debug|x64.Build.0 = Debug|Any CPU
		{72766D2D-4933-4357-964C-F58A3636D78B}.Debug|x86.ActiveCfg = Debug|Any CPU
		{72766D2D-4933-4357-964C-F58A3636D78B}.Debug|x86.Build.0 = Debug|Any CPU
		{72766D2D-4933-4357-964C-F58A3636D78B}.Release|Any CPU.ActiveCfg = Release|Any CPU
		{72766D2D-4933-4357-964C-F58A3636D78B}.Release|Any CPU.Build.0 = Release|Any CPU
		{72766D2D-4933-4357-964C-F58A3636D78B}.Release|x64.ActiveCfg = Release|Any CPU
		{72766D2D-4933-4357-964C-F58A3636D78B}.Release|x64.Build.0 = Release|Any CPU
		{72766D2D-4933-4357-964C-F58A3636D78B}.Release|x86.ActiveCfg = Release|Any CPU
		{72766D2D-4933-4357-964C-F58A3636D78B}.Release|x86.Build.0 = Release|Any CPU
		{F3E90FD9-700A-48CF-99EB-4FF467F1CB63}.Debug|Any CPU.ActiveCfg = Debug|Any CPU
		{F3E90FD9-700A-48CF-99EB-4FF467F1CB63}.Debug|Any CPU.Build.0 = Debug|Any CPU
		{F3E90FD9-700A-48CF-99EB-4FF467F1CB63}.Debug|x64.ActiveCfg = Debug|Any CPU
		{F3E90FD9-700A-48CF-99EB-4FF467F1CB63}.Debug|x64.Build.0 = Debug|Any CPU
		{F3E90FD9-700A-48CF-99EB-4FF467F1CB63}.Debug|x86.ActiveCfg = Debug|Any CPU
		{F3E90FD9-700A-48CF-99EB-4FF467F1CB63}.Debug|x86.Build.0 = Debug|Any CPU
		{F3E90FD9-700A-48CF-99EB-4FF467F1CB63}.Release|Any CPU.ActiveCfg = Release|Any CPU
		{F3E90FD9-700A-48CF-99EB-4FF467F1CB63}.Release|Any CPU.Build.0 = Release|Any CPU
		{F3E90FD9-700A-48CF-99EB-4FF467F1CB63}.Release|x64.ActiveCfg = Release|Any CPU
		{F3E90FD9-700A-48CF-99EB-4FF467F1CB63}.Release|x64.Build.0 = Release|Any CPU
		{F3E90FD9-700A-48CF-99EB-4FF467F1CB63}.Release|x86.ActiveCfg = Release|Any CPU
		{F3E90FD9-700A-48CF-99EB-4FF467F1CB63}.Release|x86.Build.0 = Release|Any CPU
		{277FBC68-BDA9-4206-8CEB-5A75824E5093}.Debug|Any CPU.ActiveCfg = Debug|Any CPU
		{277FBC68-BDA9-4206-8CEB-5A75824E5093}.Debug|Any CPU.Build.0 = Debug|Any CPU
		{277FBC68-BDA9-4206-8CEB-5A75824E5093}.Debug|x64.ActiveCfg = Debug|Any CPU
		{277FBC68-BDA9-4206-8CEB-5A75824E5093}.Debug|x64.Build.0 = Debug|Any CPU
		{277FBC68-BDA9-4206-8CEB-5A75824E5093}.Debug|x86.ActiveCfg = Debug|Any CPU
		{277FBC68-BDA9-4206-8CEB-5A75824E5093}.Debug|x86.Build.0 = Debug|Any CPU
		{277FBC68-BDA9-4206-8CEB-5A75824E5093}.Release|Any CPU.ActiveCfg = Release|Any CPU
		{277FBC68-BDA9-4206-8CEB-5A75824E5093}.Release|Any CPU.Build.0 = Release|Any CPU
		{277FBC68-BDA9-4206-8CEB-5A75824E5093}.Release|x64.ActiveCfg = Release|Any CPU
		{277FBC68-BDA9-4206-8CEB-5A75824E5093}.Release|x64.Build.0 = Release|Any CPU
		{277FBC68-BDA9-4206-8CEB-5A75824E5093}.Release|x86.ActiveCfg = Release|Any CPU
		{277FBC68-BDA9-4206-8CEB-5A75824E5093}.Release|x86.Build.0 = Release|Any CPU
		{3BAA056F-FA41-469C-BBF1-83ECE0D51FFD}.Debug|Any CPU.ActiveCfg = Debug|Any CPU
		{3BAA056F-FA41-469C-BBF1-83ECE0D51FFD}.Debug|Any CPU.Build.0 = Debug|Any CPU
		{3BAA056F-FA41-469C-BBF1-83ECE0D51FFD}.Debug|x64.ActiveCfg = Debug|Any CPU
		{3BAA056F-FA41-469C-BBF1-83ECE0D51FFD}.Debug|x64.Build.0 = Debug|Any CPU
		{3BAA056F-FA41-469C-BBF1-83ECE0D51FFD}.Debug|x86.ActiveCfg = Debug|Any CPU
		{3BAA056F-FA41-469C-BBF1-83ECE0D51FFD}.Debug|x86.Build.0 = Debug|Any CPU
		{3BAA056F-FA41-469C-BBF1-83ECE0D51FFD}.Release|Any CPU.ActiveCfg = Release|Any CPU
		{3BAA056F-FA41-469C-BBF1-83ECE0D51FFD}.Release|Any CPU.Build.0 = Release|Any CPU
		{3BAA056F-FA41-469C-BBF1-83ECE0D51FFD}.Release|x64.ActiveCfg = Release|Any CPU
		{3BAA056F-FA41-469C-BBF1-83ECE0D51FFD}.Release|x64.Build.0 = Release|Any CPU
		{3BAA056F-FA41-469C-BBF1-83ECE0D51FFD}.Release|x86.ActiveCfg = Release|Any CPU
		{3BAA056F-FA41-469C-BBF1-83ECE0D51FFD}.Release|x86.Build.0 = Release|Any CPU
		{E83BB429-7146-4565-81C7-23E888867A58}.Debug|Any CPU.ActiveCfg = Debug|Any CPU
		{E83BB429-7146-4565-81C7-23E888867A58}.Debug|Any CPU.Build.0 = Debug|Any CPU
		{E83BB429-7146-4565-81C7-23E888867A58}.Debug|x64.ActiveCfg = Debug|Any CPU
		{E83BB429-7146-4565-81C7-23E888867A58}.Debug|x64.Build.0 = Debug|Any CPU
		{E83BB429-7146-4565-81C7-23E888867A58}.Debug|x86.ActiveCfg = Debug|Any CPU
		{E83BB429-7146-4565-81C7-23E888867A58}.Debug|x86.Build.0 = Debug|Any CPU
		{E83BB429-7146-4565-81C7-23E888867A58}.Release|Any CPU.ActiveCfg = Release|Any CPU
		{E83BB429-7146-4565-81C7-23E888867A58}.Release|Any CPU.Build.0 = Release|Any CPU
		{E83BB429-7146-4565-81C7-23E888867A58}.Release|x64.ActiveCfg = Release|Any CPU
		{E83BB429-7146-4565-81C7-23E888867A58}.Release|x64.Build.0 = Release|Any CPU
		{E83BB429-7146-4565-81C7-23E888867A58}.Release|x86.ActiveCfg = Release|Any CPU
		{E83BB429-7146-4565-81C7-23E888867A58}.Release|x86.Build.0 = Release|Any CPU
		{2AAB7FCD-B683-4F5B-9938-B6BEBDD16CBF}.Debug|Any CPU.ActiveCfg = Debug|Any CPU
		{2AAB7FCD-B683-4F5B-9938-B6BEBDD16CBF}.Debug|Any CPU.Build.0 = Debug|Any CPU
		{2AAB7FCD-B683-4F5B-9938-B6BEBDD16CBF}.Debug|x64.ActiveCfg = Debug|Any CPU
		{2AAB7FCD-B683-4F5B-9938-B6BEBDD16CBF}.Debug|x64.Build.0 = Debug|Any CPU
		{2AAB7FCD-B683-4F5B-9938-B6BEBDD16CBF}.Debug|x86.ActiveCfg = Debug|Any CPU
		{2AAB7FCD-B683-4F5B-9938-B6BEBDD16CBF}.Debug|x86.Build.0 = Debug|Any CPU
		{2AAB7FCD-B683-4F5B-9938-B6BEBDD16CBF}.Release|Any CPU.ActiveCfg = Release|Any CPU
		{2AAB7FCD-B683-4F5B-9938-B6BEBDD16CBF}.Release|Any CPU.Build.0 = Release|Any CPU
		{2AAB7FCD-B683-4F5B-9938-B6BEBDD16CBF}.Release|x64.ActiveCfg = Release|Any CPU
		{2AAB7FCD-B683-4F5B-9938-B6BEBDD16CBF}.Release|x64.Build.0 = Release|Any CPU
		{2AAB7FCD-B683-4F5B-9938-B6BEBDD16CBF}.Release|x86.ActiveCfg = Release|Any CPU
		{2AAB7FCD-B683-4F5B-9938-B6BEBDD16CBF}.Release|x86.Build.0 = Release|Any CPU
		{E2012EA3-3881-43C5-8EDA-8149074CBD98}.Debug|Any CPU.ActiveCfg = Debug|Any CPU
		{E2012EA3-3881-43C5-8EDA-8149074CBD98}.Debug|Any CPU.Build.0 = Debug|Any CPU
		{E2012EA3-3881-43C5-8EDA-8149074CBD98}.Debug|x64.ActiveCfg = Debug|Any CPU
		{E2012EA3-3881-43C5-8EDA-8149074CBD98}.Debug|x64.Build.0 = Debug|Any CPU
		{E2012EA3-3881-43C5-8EDA-8149074CBD98}.Debug|x86.ActiveCfg = Debug|Any CPU
		{E2012EA3-3881-43C5-8EDA-8149074CBD98}.Debug|x86.Build.0 = Debug|Any CPU
		{E2012EA3-3881-43C5-8EDA-8149074CBD98}.Release|Any CPU.ActiveCfg = Release|Any CPU
		{E2012EA3-3881-43C5-8EDA-8149074CBD98}.Release|Any CPU.Build.0 = Release|Any CPU
		{E2012EA3-3881-43C5-8EDA-8149074CBD98}.Release|x64.ActiveCfg = Release|Any CPU
		{E2012EA3-3881-43C5-8EDA-8149074CBD98}.Release|x64.Build.0 = Release|Any CPU
		{E2012EA3-3881-43C5-8EDA-8149074CBD98}.Release|x86.ActiveCfg = Release|Any CPU
		{E2012EA3-3881-43C5-8EDA-8149074CBD98}.Release|x86.Build.0 = Release|Any CPU
		{07F96CC4-F3F5-4189-AC18-B67EF218D50F}.Debug|Any CPU.ActiveCfg = Debug|Any CPU
		{07F96CC4-F3F5-4189-AC18-B67EF218D50F}.Debug|Any CPU.Build.0 = Debug|Any CPU
		{07F96CC4-F3F5-4189-AC18-B67EF218D50F}.Debug|x64.ActiveCfg = Debug|Any CPU
		{07F96CC4-F3F5-4189-AC18-B67EF218D50F}.Debug|x64.Build.0 = Debug|Any CPU
		{07F96CC4-F3F5-4189-AC18-B67EF218D50F}.Debug|x86.ActiveCfg = Debug|Any CPU
		{07F96CC4-F3F5-4189-AC18-B67EF218D50F}.Debug|x86.Build.0 = Debug|Any CPU
		{07F96CC4-F3F5-4189-AC18-B67EF218D50F}.Release|Any CPU.ActiveCfg = Release|Any CPU
		{07F96CC4-F3F5-4189-AC18-B67EF218D50F}.Release|Any CPU.Build.0 = Release|Any CPU
		{07F96CC4-F3F5-4189-AC18-B67EF218D50F}.Release|x64.ActiveCfg = Release|Any CPU
		{07F96CC4-F3F5-4189-AC18-B67EF218D50F}.Release|x64.Build.0 = Release|Any CPU
		{07F96CC4-F3F5-4189-AC18-B67EF218D50F}.Release|x86.ActiveCfg = Release|Any CPU
		{07F96CC4-F3F5-4189-AC18-B67EF218D50F}.Release|x86.Build.0 = Release|Any CPU
		{2A3C85CE-5888-4030-8490-CD9F42F06B00}.Debug|Any CPU.ActiveCfg = Debug|Any CPU
		{2A3C85CE-5888-4030-8490-CD9F42F06B00}.Debug|Any CPU.Build.0 = Debug|Any CPU
		{2A3C85CE-5888-4030-8490-CD9F42F06B00}.Debug|x64.ActiveCfg = Debug|Any CPU
		{2A3C85CE-5888-4030-8490-CD9F42F06B00}.Debug|x64.Build.0 = Debug|Any CPU
		{2A3C85CE-5888-4030-8490-CD9F42F06B00}.Debug|x86.ActiveCfg = Debug|Any CPU
		{2A3C85CE-5888-4030-8490-CD9F42F06B00}.Debug|x86.Build.0 = Debug|Any CPU
		{2A3C85CE-5888-4030-8490-CD9F42F06B00}.Release|Any CPU.ActiveCfg = Release|Any CPU
		{2A3C85CE-5888-4030-8490-CD9F42F06B00}.Release|Any CPU.Build.0 = Release|Any CPU
		{2A3C85CE-5888-4030-8490-CD9F42F06B00}.Release|x64.ActiveCfg = Release|Any CPU
		{2A3C85CE-5888-4030-8490-CD9F42F06B00}.Release|x64.Build.0 = Release|Any CPU
		{2A3C85CE-5888-4030-8490-CD9F42F06B00}.Release|x86.ActiveCfg = Release|Any CPU
		{2A3C85CE-5888-4030-8490-CD9F42F06B00}.Release|x86.Build.0 = Release|Any CPU
		{7A9C0EDD-6331-4A78-A1A9-74CC030A02B6}.Debug|Any CPU.ActiveCfg = Debug|Any CPU
		{7A9C0EDD-6331-4A78-A1A9-74CC030A02B6}.Debug|Any CPU.Build.0 = Debug|Any CPU
		{7A9C0EDD-6331-4A78-A1A9-74CC030A02B6}.Debug|x64.ActiveCfg = Debug|Any CPU
		{7A9C0EDD-6331-4A78-A1A9-74CC030A02B6}.Debug|x64.Build.0 = Debug|Any CPU
		{7A9C0EDD-6331-4A78-A1A9-74CC030A02B6}.Debug|x86.ActiveCfg = Debug|Any CPU
		{7A9C0EDD-6331-4A78-A1A9-74CC030A02B6}.Debug|x86.Build.0 = Debug|Any CPU
		{7A9C0EDD-6331-4A78-A1A9-74CC030A02B6}.Release|Any CPU.ActiveCfg = Release|Any CPU
		{7A9C0EDD-6331-4A78-A1A9-74CC030A02B6}.Release|Any CPU.Build.0 = Release|Any CPU
		{7A9C0EDD-6331-4A78-A1A9-74CC030A02B6}.Release|x64.ActiveCfg = Release|Any CPU
		{7A9C0EDD-6331-4A78-A1A9-74CC030A02B6}.Release|x64.Build.0 = Release|Any CPU
		{7A9C0EDD-6331-4A78-A1A9-74CC030A02B6}.Release|x86.ActiveCfg = Release|Any CPU
		{7A9C0EDD-6331-4A78-A1A9-74CC030A02B6}.Release|x86.Build.0 = Release|Any CPU
		{43B4D501-E71F-4704-8C86-CA3702D58EAC}.Debug|Any CPU.ActiveCfg = Debug|Any CPU
		{43B4D501-E71F-4704-8C86-CA3702D58EAC}.Debug|Any CPU.Build.0 = Debug|Any CPU
		{43B4D501-E71F-4704-8C86-CA3702D58EAC}.Debug|x64.ActiveCfg = Debug|Any CPU
		{43B4D501-E71F-4704-8C86-CA3702D58EAC}.Debug|x64.Build.0 = Debug|Any CPU
		{43B4D501-E71F-4704-8C86-CA3702D58EAC}.Debug|x86.ActiveCfg = Debug|Any CPU
		{43B4D501-E71F-4704-8C86-CA3702D58EAC}.Debug|x86.Build.0 = Debug|Any CPU
		{43B4D501-E71F-4704-8C86-CA3702D58EAC}.Release|Any CPU.ActiveCfg = Release|Any CPU
		{43B4D501-E71F-4704-8C86-CA3702D58EAC}.Release|Any CPU.Build.0 = Release|Any CPU
		{43B4D501-E71F-4704-8C86-CA3702D58EAC}.Release|x64.ActiveCfg = Release|Any CPU
		{43B4D501-E71F-4704-8C86-CA3702D58EAC}.Release|x64.Build.0 = Release|Any CPU
		{43B4D501-E71F-4704-8C86-CA3702D58EAC}.Release|x86.ActiveCfg = Release|Any CPU
		{43B4D501-E71F-4704-8C86-CA3702D58EAC}.Release|x86.Build.0 = Release|Any CPU
		{BFF96E35-665F-4EFA-BC43-41F4F6767079}.Debug|Any CPU.ActiveCfg = Debug|Any CPU
		{BFF96E35-665F-4EFA-BC43-41F4F6767079}.Debug|Any CPU.Build.0 = Debug|Any CPU
		{BFF96E35-665F-4EFA-BC43-41F4F6767079}.Debug|x64.ActiveCfg = Debug|Any CPU
		{BFF96E35-665F-4EFA-BC43-41F4F6767079}.Debug|x64.Build.0 = Debug|Any CPU
		{BFF96E35-665F-4EFA-BC43-41F4F6767079}.Debug|x86.ActiveCfg = Debug|Any CPU
		{BFF96E35-665F-4EFA-BC43-41F4F6767079}.Debug|x86.Build.0 = Debug|Any CPU
		{BFF96E35-665F-4EFA-BC43-41F4F6767079}.Release|Any CPU.ActiveCfg = Release|Any CPU
		{BFF96E35-665F-4EFA-BC43-41F4F6767079}.Release|Any CPU.Build.0 = Release|Any CPU
		{BFF96E35-665F-4EFA-BC43-41F4F6767079}.Release|x64.ActiveCfg = Release|Any CPU
		{BFF96E35-665F-4EFA-BC43-41F4F6767079}.Release|x64.Build.0 = Release|Any CPU
		{BFF96E35-665F-4EFA-BC43-41F4F6767079}.Release|x86.ActiveCfg = Release|Any CPU
		{BFF96E35-665F-4EFA-BC43-41F4F6767079}.Release|x86.Build.0 = Release|Any CPU
		{ADAB8A84-7F09-45F0-B950-FFC2A4CF3299}.Debug|Any CPU.ActiveCfg = Debug|Any CPU
		{ADAB8A84-7F09-45F0-B950-FFC2A4CF3299}.Debug|Any CPU.Build.0 = Debug|Any CPU
		{ADAB8A84-7F09-45F0-B950-FFC2A4CF3299}.Debug|x64.ActiveCfg = Debug|Any CPU
		{ADAB8A84-7F09-45F0-B950-FFC2A4CF3299}.Debug|x64.Build.0 = Debug|Any CPU
		{ADAB8A84-7F09-45F0-B950-FFC2A4CF3299}.Debug|x86.ActiveCfg = Debug|Any CPU
		{ADAB8A84-7F09-45F0-B950-FFC2A4CF3299}.Debug|x86.Build.0 = Debug|Any CPU
		{ADAB8A84-7F09-45F0-B950-FFC2A4CF3299}.Release|Any CPU.ActiveCfg = Release|Any CPU
		{ADAB8A84-7F09-45F0-B950-FFC2A4CF3299}.Release|Any CPU.Build.0 = Release|Any CPU
		{ADAB8A84-7F09-45F0-B950-FFC2A4CF3299}.Release|x64.ActiveCfg = Release|Any CPU
		{ADAB8A84-7F09-45F0-B950-FFC2A4CF3299}.Release|x64.Build.0 = Release|Any CPU
		{ADAB8A84-7F09-45F0-B950-FFC2A4CF3299}.Release|x86.ActiveCfg = Release|Any CPU
		{ADAB8A84-7F09-45F0-B950-FFC2A4CF3299}.Release|x86.Build.0 = Release|Any CPU
		{ECFE3862-CC8E-41EF-8867-FDF388BD7698}.Debug|Any CPU.ActiveCfg = Debug|Any CPU
		{ECFE3862-CC8E-41EF-8867-FDF388BD7698}.Debug|Any CPU.Build.0 = Debug|Any CPU
		{ECFE3862-CC8E-41EF-8867-FDF388BD7698}.Debug|x64.ActiveCfg = Debug|Any CPU
		{ECFE3862-CC8E-41EF-8867-FDF388BD7698}.Debug|x64.Build.0 = Debug|Any CPU
		{ECFE3862-CC8E-41EF-8867-FDF388BD7698}.Debug|x86.ActiveCfg = Debug|Any CPU
		{ECFE3862-CC8E-41EF-8867-FDF388BD7698}.Debug|x86.Build.0 = Debug|Any CPU
		{ECFE3862-CC8E-41EF-8867-FDF388BD7698}.Release|Any CPU.ActiveCfg = Release|Any CPU
		{ECFE3862-CC8E-41EF-8867-FDF388BD7698}.Release|Any CPU.Build.0 = Release|Any CPU
		{ECFE3862-CC8E-41EF-8867-FDF388BD7698}.Release|x64.ActiveCfg = Release|Any CPU
		{ECFE3862-CC8E-41EF-8867-FDF388BD7698}.Release|x64.Build.0 = Release|Any CPU
		{ECFE3862-CC8E-41EF-8867-FDF388BD7698}.Release|x86.ActiveCfg = Release|Any CPU
		{ECFE3862-CC8E-41EF-8867-FDF388BD7698}.Release|x86.Build.0 = Release|Any CPU
		{C82D7140-7091-4F37-A8A7-07E35EC1887D}.Debug|Any CPU.ActiveCfg = Debug|Any CPU
		{C82D7140-7091-4F37-A8A7-07E35EC1887D}.Debug|Any CPU.Build.0 = Debug|Any CPU
		{C82D7140-7091-4F37-A8A7-07E35EC1887D}.Debug|x64.ActiveCfg = Debug|Any CPU
		{C82D7140-7091-4F37-A8A7-07E35EC1887D}.Debug|x64.Build.0 = Debug|Any CPU
		{C82D7140-7091-4F37-A8A7-07E35EC1887D}.Debug|x86.ActiveCfg = Debug|Any CPU
		{C82D7140-7091-4F37-A8A7-07E35EC1887D}.Debug|x86.Build.0 = Debug|Any CPU
		{C82D7140-7091-4F37-A8A7-07E35EC1887D}.Release|Any CPU.ActiveCfg = Release|Any CPU
		{C82D7140-7091-4F37-A8A7-07E35EC1887D}.Release|Any CPU.Build.0 = Release|Any CPU
		{C82D7140-7091-4F37-A8A7-07E35EC1887D}.Release|x64.ActiveCfg = Release|Any CPU
		{C82D7140-7091-4F37-A8A7-07E35EC1887D}.Release|x64.Build.0 = Release|Any CPU
		{C82D7140-7091-4F37-A8A7-07E35EC1887D}.Release|x86.ActiveCfg = Release|Any CPU
		{C82D7140-7091-4F37-A8A7-07E35EC1887D}.Release|x86.Build.0 = Release|Any CPU
		{CC8CB892-ACB0-4582-BD63-64E9DE55B5D6}.Debug|Any CPU.ActiveCfg = Debug|Any CPU
		{CC8CB892-ACB0-4582-BD63-64E9DE55B5D6}.Debug|Any CPU.Build.0 = Debug|Any CPU
		{CC8CB892-ACB0-4582-BD63-64E9DE55B5D6}.Debug|x64.ActiveCfg = Debug|Any CPU
		{CC8CB892-ACB0-4582-BD63-64E9DE55B5D6}.Debug|x64.Build.0 = Debug|Any CPU
		{CC8CB892-ACB0-4582-BD63-64E9DE55B5D6}.Debug|x86.ActiveCfg = Debug|Any CPU
		{CC8CB892-ACB0-4582-BD63-64E9DE55B5D6}.Debug|x86.Build.0 = Debug|Any CPU
		{CC8CB892-ACB0-4582-BD63-64E9DE55B5D6}.Release|Any CPU.ActiveCfg = Release|Any CPU
		{CC8CB892-ACB0-4582-BD63-64E9DE55B5D6}.Release|Any CPU.Build.0 = Release|Any CPU
		{CC8CB892-ACB0-4582-BD63-64E9DE55B5D6}.Release|x64.ActiveCfg = Release|Any CPU
		{CC8CB892-ACB0-4582-BD63-64E9DE55B5D6}.Release|x64.Build.0 = Release|Any CPU
		{CC8CB892-ACB0-4582-BD63-64E9DE55B5D6}.Release|x86.ActiveCfg = Release|Any CPU
		{CC8CB892-ACB0-4582-BD63-64E9DE55B5D6}.Release|x86.Build.0 = Release|Any CPU
		{75207625-35C0-44E8-B717-25C23A5F8894}.Debug|Any CPU.ActiveCfg = Debug|Any CPU
		{75207625-35C0-44E8-B717-25C23A5F8894}.Debug|Any CPU.Build.0 = Debug|Any CPU
		{75207625-35C0-44E8-B717-25C23A5F8894}.Debug|x64.ActiveCfg = Debug|Any CPU
		{75207625-35C0-44E8-B717-25C23A5F8894}.Debug|x64.Build.0 = Debug|Any CPU
		{75207625-35C0-44E8-B717-25C23A5F8894}.Debug|x86.ActiveCfg = Debug|Any CPU
		{75207625-35C0-44E8-B717-25C23A5F8894}.Debug|x86.Build.0 = Debug|Any CPU
		{75207625-35C0-44E8-B717-25C23A5F8894}.Release|Any CPU.ActiveCfg = Release|Any CPU
		{75207625-35C0-44E8-B717-25C23A5F8894}.Release|Any CPU.Build.0 = Release|Any CPU
		{75207625-35C0-44E8-B717-25C23A5F8894}.Release|x64.ActiveCfg = Release|Any CPU
		{75207625-35C0-44E8-B717-25C23A5F8894}.Release|x64.Build.0 = Release|Any CPU
		{75207625-35C0-44E8-B717-25C23A5F8894}.Release|x86.ActiveCfg = Release|Any CPU
		{75207625-35C0-44E8-B717-25C23A5F8894}.Release|x86.Build.0 = Release|Any CPU
		{20626B4B-553D-4269-BF93-64DDFFA6CF35}.Debug|Any CPU.ActiveCfg = Debug|Any CPU
		{20626B4B-553D-4269-BF93-64DDFFA6CF35}.Debug|Any CPU.Build.0 = Debug|Any CPU
		{20626B4B-553D-4269-BF93-64DDFFA6CF35}.Debug|x64.ActiveCfg = Debug|Any CPU
		{20626B4B-553D-4269-BF93-64DDFFA6CF35}.Debug|x64.Build.0 = Debug|Any CPU
		{20626B4B-553D-4269-BF93-64DDFFA6CF35}.Debug|x86.ActiveCfg = Debug|Any CPU
		{20626B4B-553D-4269-BF93-64DDFFA6CF35}.Debug|x86.Build.0 = Debug|Any CPU
		{20626B4B-553D-4269-BF93-64DDFFA6CF35}.Release|Any CPU.ActiveCfg = Release|Any CPU
		{20626B4B-553D-4269-BF93-64DDFFA6CF35}.Release|Any CPU.Build.0 = Release|Any CPU
		{20626B4B-553D-4269-BF93-64DDFFA6CF35}.Release|x64.ActiveCfg = Release|Any CPU
		{20626B4B-553D-4269-BF93-64DDFFA6CF35}.Release|x64.Build.0 = Release|Any CPU
		{20626B4B-553D-4269-BF93-64DDFFA6CF35}.Release|x86.ActiveCfg = Release|Any CPU
		{20626B4B-553D-4269-BF93-64DDFFA6CF35}.Release|x86.Build.0 = Release|Any CPU
		{03FFDCA6-270E-4F85-B638-F65E92177421}.Debug|Any CPU.ActiveCfg = Debug|Any CPU
		{03FFDCA6-270E-4F85-B638-F65E92177421}.Debug|Any CPU.Build.0 = Debug|Any CPU
		{03FFDCA6-270E-4F85-B638-F65E92177421}.Debug|x64.ActiveCfg = Debug|Any CPU
		{03FFDCA6-270E-4F85-B638-F65E92177421}.Debug|x64.Build.0 = Debug|Any CPU
		{03FFDCA6-270E-4F85-B638-F65E92177421}.Debug|x86.ActiveCfg = Debug|Any CPU
		{03FFDCA6-270E-4F85-B638-F65E92177421}.Debug|x86.Build.0 = Debug|Any CPU
		{03FFDCA6-270E-4F85-B638-F65E92177421}.Release|Any CPU.ActiveCfg = Release|Any CPU
		{03FFDCA6-270E-4F85-B638-F65E92177421}.Release|Any CPU.Build.0 = Release|Any CPU
		{03FFDCA6-270E-4F85-B638-F65E92177421}.Release|x64.ActiveCfg = Release|Any CPU
		{03FFDCA6-270E-4F85-B638-F65E92177421}.Release|x64.Build.0 = Release|Any CPU
		{03FFDCA6-270E-4F85-B638-F65E92177421}.Release|x86.ActiveCfg = Release|Any CPU
		{03FFDCA6-270E-4F85-B638-F65E92177421}.Release|x86.Build.0 = Release|Any CPU
		{5663CDFB-28DE-40F9-A453-6383AA67E085}.Debug|Any CPU.ActiveCfg = Debug|Any CPU
		{5663CDFB-28DE-40F9-A453-6383AA67E085}.Debug|Any CPU.Build.0 = Debug|Any CPU
		{5663CDFB-28DE-40F9-A453-6383AA67E085}.Debug|x64.ActiveCfg = Debug|Any CPU
		{5663CDFB-28DE-40F9-A453-6383AA67E085}.Debug|x64.Build.0 = Debug|Any CPU
		{5663CDFB-28DE-40F9-A453-6383AA67E085}.Debug|x86.ActiveCfg = Debug|Any CPU
		{5663CDFB-28DE-40F9-A453-6383AA67E085}.Debug|x86.Build.0 = Debug|Any CPU
		{5663CDFB-28DE-40F9-A453-6383AA67E085}.Release|Any CPU.ActiveCfg = Release|Any CPU
		{5663CDFB-28DE-40F9-A453-6383AA67E085}.Release|Any CPU.Build.0 = Release|Any CPU
		{5663CDFB-28DE-40F9-A453-6383AA67E085}.Release|x64.ActiveCfg = Release|Any CPU
		{5663CDFB-28DE-40F9-A453-6383AA67E085}.Release|x64.Build.0 = Release|Any CPU
		{5663CDFB-28DE-40F9-A453-6383AA67E085}.Release|x86.ActiveCfg = Release|Any CPU
		{5663CDFB-28DE-40F9-A453-6383AA67E085}.Release|x86.Build.0 = Release|Any CPU
		{5AFDC91C-D7BD-47E2-BE66-30612A150E12}.Debug|Any CPU.ActiveCfg = Debug|Any CPU
		{5AFDC91C-D7BD-47E2-BE66-30612A150E12}.Debug|Any CPU.Build.0 = Debug|Any CPU
		{5AFDC91C-D7BD-47E2-BE66-30612A150E12}.Debug|x64.ActiveCfg = Debug|Any CPU
		{5AFDC91C-D7BD-47E2-BE66-30612A150E12}.Debug|x64.Build.0 = Debug|Any CPU
		{5AFDC91C-D7BD-47E2-BE66-30612A150E12}.Debug|x86.ActiveCfg = Debug|Any CPU
		{5AFDC91C-D7BD-47E2-BE66-30612A150E12}.Debug|x86.Build.0 = Debug|Any CPU
		{5AFDC91C-D7BD-47E2-BE66-30612A150E12}.Release|Any CPU.ActiveCfg = Release|Any CPU
		{5AFDC91C-D7BD-47E2-BE66-30612A150E12}.Release|Any CPU.Build.0 = Release|Any CPU
		{5AFDC91C-D7BD-47E2-BE66-30612A150E12}.Release|x64.ActiveCfg = Release|Any CPU
		{5AFDC91C-D7BD-47E2-BE66-30612A150E12}.Release|x64.Build.0 = Release|Any CPU
		{5AFDC91C-D7BD-47E2-BE66-30612A150E12}.Release|x86.ActiveCfg = Release|Any CPU
		{5AFDC91C-D7BD-47E2-BE66-30612A150E12}.Release|x86.Build.0 = Release|Any CPU
		{85D82580-55F0-4CC9-8170-8989AAA86CD3}.Debug|Any CPU.ActiveCfg = Debug|Any CPU
		{85D82580-55F0-4CC9-8170-8989AAA86CD3}.Debug|Any CPU.Build.0 = Debug|Any CPU
		{85D82580-55F0-4CC9-8170-8989AAA86CD3}.Debug|x64.ActiveCfg = Debug|Any CPU
		{85D82580-55F0-4CC9-8170-8989AAA86CD3}.Debug|x64.Build.0 = Debug|Any CPU
		{85D82580-55F0-4CC9-8170-8989AAA86CD3}.Debug|x86.ActiveCfg = Debug|Any CPU
		{85D82580-55F0-4CC9-8170-8989AAA86CD3}.Debug|x86.Build.0 = Debug|Any CPU
		{85D82580-55F0-4CC9-8170-8989AAA86CD3}.Release|Any CPU.ActiveCfg = Release|Any CPU
		{85D82580-55F0-4CC9-8170-8989AAA86CD3}.Release|Any CPU.Build.0 = Release|Any CPU
		{85D82580-55F0-4CC9-8170-8989AAA86CD3}.Release|x64.ActiveCfg = Release|Any CPU
		{85D82580-55F0-4CC9-8170-8989AAA86CD3}.Release|x64.Build.0 = Release|Any CPU
		{85D82580-55F0-4CC9-8170-8989AAA86CD3}.Release|x86.ActiveCfg = Release|Any CPU
		{85D82580-55F0-4CC9-8170-8989AAA86CD3}.Release|x86.Build.0 = Release|Any CPU
		{F85CDB18-F56C-4539-9AF7-40232FFC68B2}.Debug|Any CPU.ActiveCfg = Debug|Any CPU
		{F85CDB18-F56C-4539-9AF7-40232FFC68B2}.Debug|Any CPU.Build.0 = Debug|Any CPU
		{F85CDB18-F56C-4539-9AF7-40232FFC68B2}.Debug|x64.ActiveCfg = Debug|Any CPU
		{F85CDB18-F56C-4539-9AF7-40232FFC68B2}.Debug|x64.Build.0 = Debug|Any CPU
		{F85CDB18-F56C-4539-9AF7-40232FFC68B2}.Debug|x86.ActiveCfg = Debug|Any CPU
		{F85CDB18-F56C-4539-9AF7-40232FFC68B2}.Debug|x86.Build.0 = Debug|Any CPU
		{F85CDB18-F56C-4539-9AF7-40232FFC68B2}.Release|Any CPU.ActiveCfg = Release|Any CPU
		{F85CDB18-F56C-4539-9AF7-40232FFC68B2}.Release|Any CPU.Build.0 = Release|Any CPU
		{F85CDB18-F56C-4539-9AF7-40232FFC68B2}.Release|x64.ActiveCfg = Release|Any CPU
		{F85CDB18-F56C-4539-9AF7-40232FFC68B2}.Release|x64.Build.0 = Release|Any CPU
		{F85CDB18-F56C-4539-9AF7-40232FFC68B2}.Release|x86.ActiveCfg = Release|Any CPU
		{F85CDB18-F56C-4539-9AF7-40232FFC68B2}.Release|x86.Build.0 = Release|Any CPU
		{D1CC86DC-4CEE-48E5-B870-F41683822C5B}.Debug|Any CPU.ActiveCfg = Debug|Any CPU
		{D1CC86DC-4CEE-48E5-B870-F41683822C5B}.Debug|Any CPU.Build.0 = Debug|Any CPU
		{D1CC86DC-4CEE-48E5-B870-F41683822C5B}.Debug|x64.ActiveCfg = Debug|Any CPU
		{D1CC86DC-4CEE-48E5-B870-F41683822C5B}.Debug|x64.Build.0 = Debug|Any CPU
		{D1CC86DC-4CEE-48E5-B870-F41683822C5B}.Debug|x86.ActiveCfg = Debug|Any CPU
		{D1CC86DC-4CEE-48E5-B870-F41683822C5B}.Debug|x86.Build.0 = Debug|Any CPU
		{D1CC86DC-4CEE-48E5-B870-F41683822C5B}.Release|Any CPU.ActiveCfg = Release|Any CPU
		{D1CC86DC-4CEE-48E5-B870-F41683822C5B}.Release|Any CPU.Build.0 = Release|Any CPU
		{D1CC86DC-4CEE-48E5-B870-F41683822C5B}.Release|x64.ActiveCfg = Release|Any CPU
		{D1CC86DC-4CEE-48E5-B870-F41683822C5B}.Release|x64.Build.0 = Release|Any CPU
		{D1CC86DC-4CEE-48E5-B870-F41683822C5B}.Release|x86.ActiveCfg = Release|Any CPU
		{D1CC86DC-4CEE-48E5-B870-F41683822C5B}.Release|x86.Build.0 = Release|Any CPU
		{C6F79460-FF83-4392-962E-D00DC0B58CCE}.Debug|Any CPU.ActiveCfg = Debug|Any CPU
		{C6F79460-FF83-4392-962E-D00DC0B58CCE}.Debug|Any CPU.Build.0 = Debug|Any CPU
		{C6F79460-FF83-4392-962E-D00DC0B58CCE}.Debug|x64.ActiveCfg = Debug|Any CPU
		{C6F79460-FF83-4392-962E-D00DC0B58CCE}.Debug|x64.Build.0 = Debug|Any CPU
		{C6F79460-FF83-4392-962E-D00DC0B58CCE}.Debug|x86.ActiveCfg = Debug|Any CPU
		{C6F79460-FF83-4392-962E-D00DC0B58CCE}.Debug|x86.Build.0 = Debug|Any CPU
		{C6F79460-FF83-4392-962E-D00DC0B58CCE}.Release|Any CPU.ActiveCfg = Release|Any CPU
		{C6F79460-FF83-4392-962E-D00DC0B58CCE}.Release|Any CPU.Build.0 = Release|Any CPU
		{C6F79460-FF83-4392-962E-D00DC0B58CCE}.Release|x64.ActiveCfg = Release|Any CPU
		{C6F79460-FF83-4392-962E-D00DC0B58CCE}.Release|x64.Build.0 = Release|Any CPU
		{C6F79460-FF83-4392-962E-D00DC0B58CCE}.Release|x86.ActiveCfg = Release|Any CPU
		{C6F79460-FF83-4392-962E-D00DC0B58CCE}.Release|x86.Build.0 = Release|Any CPU
		{32D347DE-63F8-4B0F-9D6A-211830A7FD66}.Debug|Any CPU.ActiveCfg = Debug|Any CPU
		{32D347DE-63F8-4B0F-9D6A-211830A7FD66}.Debug|Any CPU.Build.0 = Debug|Any CPU
		{32D347DE-63F8-4B0F-9D6A-211830A7FD66}.Debug|x64.ActiveCfg = Debug|Any CPU
		{32D347DE-63F8-4B0F-9D6A-211830A7FD66}.Debug|x64.Build.0 = Debug|Any CPU
		{32D347DE-63F8-4B0F-9D6A-211830A7FD66}.Debug|x86.ActiveCfg = Debug|Any CPU
		{32D347DE-63F8-4B0F-9D6A-211830A7FD66}.Debug|x86.Build.0 = Debug|Any CPU
		{32D347DE-63F8-4B0F-9D6A-211830A7FD66}.Release|Any CPU.ActiveCfg = Release|Any CPU
		{32D347DE-63F8-4B0F-9D6A-211830A7FD66}.Release|Any CPU.Build.0 = Release|Any CPU
		{32D347DE-63F8-4B0F-9D6A-211830A7FD66}.Release|x64.ActiveCfg = Release|Any CPU
		{32D347DE-63F8-4B0F-9D6A-211830A7FD66}.Release|x64.Build.0 = Release|Any CPU
		{32D347DE-63F8-4B0F-9D6A-211830A7FD66}.Release|x86.ActiveCfg = Release|Any CPU
		{32D347DE-63F8-4B0F-9D6A-211830A7FD66}.Release|x86.Build.0 = Release|Any CPU
		{990EC156-7E81-42FE-8FE6-538B51C756C5}.Debug|Any CPU.ActiveCfg = Debug|Any CPU
		{990EC156-7E81-42FE-8FE6-538B51C756C5}.Debug|Any CPU.Build.0 = Debug|Any CPU
		{990EC156-7E81-42FE-8FE6-538B51C756C5}.Debug|x64.ActiveCfg = Debug|Any CPU
		{990EC156-7E81-42FE-8FE6-538B51C756C5}.Debug|x64.Build.0 = Debug|Any CPU
		{990EC156-7E81-42FE-8FE6-538B51C756C5}.Debug|x86.ActiveCfg = Debug|Any CPU
		{990EC156-7E81-42FE-8FE6-538B51C756C5}.Debug|x86.Build.0 = Debug|Any CPU
		{990EC156-7E81-42FE-8FE6-538B51C756C5}.Release|Any CPU.ActiveCfg = Release|Any CPU
		{990EC156-7E81-42FE-8FE6-538B51C756C5}.Release|Any CPU.Build.0 = Release|Any CPU
		{990EC156-7E81-42FE-8FE6-538B51C756C5}.Release|x64.ActiveCfg = Release|Any CPU
		{990EC156-7E81-42FE-8FE6-538B51C756C5}.Release|x64.Build.0 = Release|Any CPU
		{990EC156-7E81-42FE-8FE6-538B51C756C5}.Release|x86.ActiveCfg = Release|Any CPU
		{990EC156-7E81-42FE-8FE6-538B51C756C5}.Release|x86.Build.0 = Release|Any CPU
		{1CCEBB6D-94E6-4C29-A9E0-8516F6A36A0F}.Debug|Any CPU.ActiveCfg = Debug|Any CPU
		{1CCEBB6D-94E6-4C29-A9E0-8516F6A36A0F}.Debug|Any CPU.Build.0 = Debug|Any CPU
		{1CCEBB6D-94E6-4C29-A9E0-8516F6A36A0F}.Debug|x64.ActiveCfg = Debug|Any CPU
		{1CCEBB6D-94E6-4C29-A9E0-8516F6A36A0F}.Debug|x64.Build.0 = Debug|Any CPU
		{1CCEBB6D-94E6-4C29-A9E0-8516F6A36A0F}.Debug|x86.ActiveCfg = Debug|Any CPU
		{1CCEBB6D-94E6-4C29-A9E0-8516F6A36A0F}.Debug|x86.Build.0 = Debug|Any CPU
		{1CCEBB6D-94E6-4C29-A9E0-8516F6A36A0F}.Release|Any CPU.ActiveCfg = Release|Any CPU
		{1CCEBB6D-94E6-4C29-A9E0-8516F6A36A0F}.Release|Any CPU.Build.0 = Release|Any CPU
		{1CCEBB6D-94E6-4C29-A9E0-8516F6A36A0F}.Release|x64.ActiveCfg = Release|Any CPU
		{1CCEBB6D-94E6-4C29-A9E0-8516F6A36A0F}.Release|x64.Build.0 = Release|Any CPU
		{1CCEBB6D-94E6-4C29-A9E0-8516F6A36A0F}.Release|x86.ActiveCfg = Release|Any CPU
		{1CCEBB6D-94E6-4C29-A9E0-8516F6A36A0F}.Release|x86.Build.0 = Release|Any CPU
		{C9C4565F-845A-4121-8C2C-4476949FC607}.Debug|Any CPU.ActiveCfg = Debug|Any CPU
		{C9C4565F-845A-4121-8C2C-4476949FC607}.Debug|Any CPU.Build.0 = Debug|Any CPU
		{C9C4565F-845A-4121-8C2C-4476949FC607}.Debug|x64.ActiveCfg = Debug|Any CPU
		{C9C4565F-845A-4121-8C2C-4476949FC607}.Debug|x64.Build.0 = Debug|Any CPU
		{C9C4565F-845A-4121-8C2C-4476949FC607}.Debug|x86.ActiveCfg = Debug|Any CPU
		{C9C4565F-845A-4121-8C2C-4476949FC607}.Debug|x86.Build.0 = Debug|Any CPU
		{C9C4565F-845A-4121-8C2C-4476949FC607}.Release|Any CPU.ActiveCfg = Release|Any CPU
		{C9C4565F-845A-4121-8C2C-4476949FC607}.Release|Any CPU.Build.0 = Release|Any CPU
		{C9C4565F-845A-4121-8C2C-4476949FC607}.Release|x64.ActiveCfg = Release|Any CPU
		{C9C4565F-845A-4121-8C2C-4476949FC607}.Release|x64.Build.0 = Release|Any CPU
		{C9C4565F-845A-4121-8C2C-4476949FC607}.Release|x86.ActiveCfg = Release|Any CPU
		{C9C4565F-845A-4121-8C2C-4476949FC607}.Release|x86.Build.0 = Release|Any CPU
		{CB967C39-2EA9-4122-AD4C-9A7FEB466255}.Debug|Any CPU.ActiveCfg = Debug|Any CPU
		{CB967C39-2EA9-4122-AD4C-9A7FEB466255}.Debug|Any CPU.Build.0 = Debug|Any CPU
		{CB967C39-2EA9-4122-AD4C-9A7FEB466255}.Debug|x64.ActiveCfg = Debug|Any CPU
		{CB967C39-2EA9-4122-AD4C-9A7FEB466255}.Debug|x64.Build.0 = Debug|Any CPU
		{CB967C39-2EA9-4122-AD4C-9A7FEB466255}.Debug|x86.ActiveCfg = Debug|Any CPU
		{CB967C39-2EA9-4122-AD4C-9A7FEB466255}.Debug|x86.Build.0 = Debug|Any CPU
		{CB967C39-2EA9-4122-AD4C-9A7FEB466255}.Release|Any CPU.ActiveCfg = Release|Any CPU
		{CB967C39-2EA9-4122-AD4C-9A7FEB466255}.Release|Any CPU.Build.0 = Release|Any CPU
		{CB967C39-2EA9-4122-AD4C-9A7FEB466255}.Release|x64.ActiveCfg = Release|Any CPU
		{CB967C39-2EA9-4122-AD4C-9A7FEB466255}.Release|x64.Build.0 = Release|Any CPU
		{CB967C39-2EA9-4122-AD4C-9A7FEB466255}.Release|x86.ActiveCfg = Release|Any CPU
		{CB967C39-2EA9-4122-AD4C-9A7FEB466255}.Release|x86.Build.0 = Release|Any CPU
		{72EE3A45-1264-4EF8-B10A-2C79A3533DB0}.Debug|Any CPU.ActiveCfg = Debug|Any CPU
		{72EE3A45-1264-4EF8-B10A-2C79A3533DB0}.Debug|Any CPU.Build.0 = Debug|Any CPU
		{72EE3A45-1264-4EF8-B10A-2C79A3533DB0}.Debug|x64.ActiveCfg = Debug|Any CPU
		{72EE3A45-1264-4EF8-B10A-2C79A3533DB0}.Debug|x64.Build.0 = Debug|Any CPU
		{72EE3A45-1264-4EF8-B10A-2C79A3533DB0}.Debug|x86.ActiveCfg = Debug|Any CPU
		{72EE3A45-1264-4EF8-B10A-2C79A3533DB0}.Debug|x86.Build.0 = Debug|Any CPU
		{72EE3A45-1264-4EF8-B10A-2C79A3533DB0}.Release|Any CPU.ActiveCfg = Release|Any CPU
		{72EE3A45-1264-4EF8-B10A-2C79A3533DB0}.Release|Any CPU.Build.0 = Release|Any CPU
		{72EE3A45-1264-4EF8-B10A-2C79A3533DB0}.Release|x64.ActiveCfg = Release|Any CPU
		{72EE3A45-1264-4EF8-B10A-2C79A3533DB0}.Release|x64.Build.0 = Release|Any CPU
		{72EE3A45-1264-4EF8-B10A-2C79A3533DB0}.Release|x86.ActiveCfg = Release|Any CPU
		{72EE3A45-1264-4EF8-B10A-2C79A3533DB0}.Release|x86.Build.0 = Release|Any CPU
		{8AD1AEDC-A86F-49AF-ACA7-E3157BED2B6E}.Debug|Any CPU.ActiveCfg = Debug|Any CPU
		{8AD1AEDC-A86F-49AF-ACA7-E3157BED2B6E}.Debug|Any CPU.Build.0 = Debug|Any CPU
		{8AD1AEDC-A86F-49AF-ACA7-E3157BED2B6E}.Debug|x64.ActiveCfg = Debug|Any CPU
		{8AD1AEDC-A86F-49AF-ACA7-E3157BED2B6E}.Debug|x64.Build.0 = Debug|Any CPU
		{8AD1AEDC-A86F-49AF-ACA7-E3157BED2B6E}.Debug|x86.ActiveCfg = Debug|Any CPU
		{8AD1AEDC-A86F-49AF-ACA7-E3157BED2B6E}.Debug|x86.Build.0 = Debug|Any CPU
		{8AD1AEDC-A86F-49AF-ACA7-E3157BED2B6E}.Release|Any CPU.ActiveCfg = Release|Any CPU
		{8AD1AEDC-A86F-49AF-ACA7-E3157BED2B6E}.Release|Any CPU.Build.0 = Release|Any CPU
		{8AD1AEDC-A86F-49AF-ACA7-E3157BED2B6E}.Release|x64.ActiveCfg = Release|Any CPU
		{8AD1AEDC-A86F-49AF-ACA7-E3157BED2B6E}.Release|x64.Build.0 = Release|Any CPU
		{8AD1AEDC-A86F-49AF-ACA7-E3157BED2B6E}.Release|x86.ActiveCfg = Release|Any CPU
		{8AD1AEDC-A86F-49AF-ACA7-E3157BED2B6E}.Release|x86.Build.0 = Release|Any CPU
		{C83A006B-9219-4026-9B4E-CD2A63ED3788}.Debug|Any CPU.ActiveCfg = Debug|Any CPU
		{C83A006B-9219-4026-9B4E-CD2A63ED3788}.Debug|Any CPU.Build.0 = Debug|Any CPU
		{C83A006B-9219-4026-9B4E-CD2A63ED3788}.Debug|x64.ActiveCfg = Debug|Any CPU
		{C83A006B-9219-4026-9B4E-CD2A63ED3788}.Debug|x64.Build.0 = Debug|Any CPU
		{C83A006B-9219-4026-9B4E-CD2A63ED3788}.Debug|x86.ActiveCfg = Debug|Any CPU
		{C83A006B-9219-4026-9B4E-CD2A63ED3788}.Debug|x86.Build.0 = Debug|Any CPU
		{C83A006B-9219-4026-9B4E-CD2A63ED3788}.Release|Any CPU.ActiveCfg = Release|Any CPU
		{C83A006B-9219-4026-9B4E-CD2A63ED3788}.Release|Any CPU.Build.0 = Release|Any CPU
		{C83A006B-9219-4026-9B4E-CD2A63ED3788}.Release|x64.ActiveCfg = Release|Any CPU
		{C83A006B-9219-4026-9B4E-CD2A63ED3788}.Release|x64.Build.0 = Release|Any CPU
		{C83A006B-9219-4026-9B4E-CD2A63ED3788}.Release|x86.ActiveCfg = Release|Any CPU
		{C83A006B-9219-4026-9B4E-CD2A63ED3788}.Release|x86.Build.0 = Release|Any CPU
		{42957832-34EC-4F9C-B83E-728BC38A6882}.Debug|Any CPU.ActiveCfg = Debug|Any CPU
		{42957832-34EC-4F9C-B83E-728BC38A6882}.Debug|Any CPU.Build.0 = Debug|Any CPU
		{42957832-34EC-4F9C-B83E-728BC38A6882}.Debug|x64.ActiveCfg = Debug|Any CPU
		{42957832-34EC-4F9C-B83E-728BC38A6882}.Debug|x64.Build.0 = Debug|Any CPU
		{42957832-34EC-4F9C-B83E-728BC38A6882}.Debug|x86.ActiveCfg = Debug|Any CPU
		{42957832-34EC-4F9C-B83E-728BC38A6882}.Debug|x86.Build.0 = Debug|Any CPU
		{42957832-34EC-4F9C-B83E-728BC38A6882}.Release|Any CPU.ActiveCfg = Release|Any CPU
		{42957832-34EC-4F9C-B83E-728BC38A6882}.Release|Any CPU.Build.0 = Release|Any CPU
		{42957832-34EC-4F9C-B83E-728BC38A6882}.Release|x64.ActiveCfg = Release|Any CPU
		{42957832-34EC-4F9C-B83E-728BC38A6882}.Release|x64.Build.0 = Release|Any CPU
		{42957832-34EC-4F9C-B83E-728BC38A6882}.Release|x86.ActiveCfg = Release|Any CPU
		{42957832-34EC-4F9C-B83E-728BC38A6882}.Release|x86.Build.0 = Release|Any CPU
	EndGlobalSection
EndGlobal
